// !$*UTF8*$!
{
	archiveVersion = 1;
	classes = {
	};
	objectVersion = 46;
	objects = {

/* Begin PBXBuildFile section */
		044598D61BBF7F0C00F9E160 /* main.m in Sources */ = {isa = PBXBuildFile; fileRef = 044598D51BBF7F0C00F9E160 /* main.m */; };
		044598D91BBF7F0C00F9E160 /* AppDelegate.m in Sources */ = {isa = PBXBuildFile; fileRef = 044598D81BBF7F0C00F9E160 /* AppDelegate.m */; };
		044598DF1BBF7F0C00F9E160 /* Main.storyboard in Resources */ = {isa = PBXBuildFile; fileRef = 044598DD1BBF7F0C00F9E160 /* Main.storyboard */; };
		044598E11BBF7F0C00F9E160 /* Assets.xcassets in Resources */ = {isa = PBXBuildFile; fileRef = 044598E01BBF7F0C00F9E160 /* Assets.xcassets */; };
		044598E41BBF7F0C00F9E160 /* LaunchScreen.storyboard in Resources */ = {isa = PBXBuildFile; fileRef = 044598E21BBF7F0C00F9E160 /* LaunchScreen.storyboard */; };
		044598EF1BBF7F0C00F9E160 /* MVPlayerTests.m in Sources */ = {isa = PBXBuildFile; fileRef = 044598EE1BBF7F0C00F9E160 /* MVPlayerTests.m */; };
		044598FA1BBF7F0C00F9E160 /* MVPlayerUITests.m in Sources */ = {isa = PBXBuildFile; fileRef = 044598F91BBF7F0C00F9E160 /* MVPlayerUITests.m */; };
		044599341BBF7F6C00F9E160 /* BaseViewController.m in Sources */ = {isa = PBXBuildFile; fileRef = 0445990B1BBF7F6C00F9E160 /* BaseViewController.m */; settings = {ASSET_TAGS = (); }; };
		044599351BBF7F6C00F9E160 /* NavigationController.m in Sources */ = {isa = PBXBuildFile; fileRef = 0445990D1BBF7F6C00F9E160 /* NavigationController.m */; settings = {ASSET_TAGS = (); }; };
		044599361BBF7F6C00F9E160 /* TabBarController.m in Sources */ = {isa = PBXBuildFile; fileRef = 0445990F1BBF7F6C00F9E160 /* TabBarController.m */; settings = {ASSET_TAGS = (); }; };
		044599371BBF7F6C00F9E160 /* ChoiceViewController.m in Sources */ = {isa = PBXBuildFile; fileRef = 044599131BBF7F6C00F9E160 /* ChoiceViewController.m */; settings = {ASSET_TAGS = (); }; };
		044599381BBF7F6C00F9E160 /* DiscoverViewController.m in Sources */ = {isa = PBXBuildFile; fileRef = 044599191BBF7F6C00F9E160 /* DiscoverViewController.m */; settings = {ASSET_TAGS = (); }; };
		044599391BBF7F6C00F9E160 /* MineViewController.m in Sources */ = {isa = PBXBuildFile; fileRef = 0445992A1BBF7F6C00F9E160 /* MineViewController.m */; settings = {ASSET_TAGS = (); }; };
		0445993A1BBF7F6C00F9E160 /* SubscribeViewController.m in Sources */ = {isa = PBXBuildFile; fileRef = 044599301BBF7F6C00F9E160 /* SubscribeViewController.m */; settings = {ASSET_TAGS = (); }; };
/* End PBXBuildFile section */

/* Begin PBXContainerItemProxy section */
		044598EB1BBF7F0C00F9E160 /* PBXContainerItemProxy */ = {
			isa = PBXContainerItemProxy;
			containerPortal = 044598C91BBF7F0C00F9E160 /* Project object */;
			proxyType = 1;
			remoteGlobalIDString = 044598D01BBF7F0C00F9E160;
			remoteInfo = MVPlayer;
		};
		044598F61BBF7F0C00F9E160 /* PBXContainerItemProxy */ = {
			isa = PBXContainerItemProxy;
			containerPortal = 044598C91BBF7F0C00F9E160 /* Project object */;
			proxyType = 1;
			remoteGlobalIDString = 044598D01BBF7F0C00F9E160;
			remoteInfo = MVPlayer;
		};
/* End PBXContainerItemProxy section */

/* Begin PBXFileReference section */
		044598D11BBF7F0C00F9E160 /* MVPlayer.app */ = {isa = PBXFileReference; explicitFileType = wrapper.application; includeInIndex = 0; path = MVPlayer.app; sourceTree = BUILT_PRODUCTS_DIR; };
		044598D51BBF7F0C00F9E160 /* main.m */ = {isa = PBXFileReference; lastKnownFileType = sourcecode.c.objc; path = main.m; sourceTree = "<group>"; };
		044598D71BBF7F0C00F9E160 /* AppDelegate.h */ = {isa = PBXFileReference; lastKnownFileType = sourcecode.c.h; path = AppDelegate.h; sourceTree = "<group>"; };
		044598D81BBF7F0C00F9E160 /* AppDelegate.m */ = {isa = PBXFileReference; lastKnownFileType = sourcecode.c.objc; path = AppDelegate.m; sourceTree = "<group>"; };
		044598DE1BBF7F0C00F9E160 /* Base */ = {isa = PBXFileReference; lastKnownFileType = file.storyboard; name = Base; path = Base.lproj/Main.storyboard; sourceTree = "<group>"; };
		044598E01BBF7F0C00F9E160 /* Assets.xcassets */ = {isa = PBXFileReference; lastKnownFileType = folder.assetcatalog; name = Assets.xcassets; path = ../Assets.xcassets; sourceTree = "<group>"; };
		044598E31BBF7F0C00F9E160 /* Base */ = {isa = PBXFileReference; lastKnownFileType = file.storyboard; name = Base; path = Base.lproj/LaunchScreen.storyboard; sourceTree = "<group>"; };
		044598E51BBF7F0C00F9E160 /* Info.plist */ = {isa = PBXFileReference; lastKnownFileType = text.plist.xml; name = Info.plist; path = ../Info.plist; sourceTree = "<group>"; };
		044598EA1BBF7F0C00F9E160 /* MVPlayerTests.xctest */ = {isa = PBXFileReference; explicitFileType = wrapper.cfbundle; includeInIndex = 0; path = MVPlayerTests.xctest; sourceTree = BUILT_PRODUCTS_DIR; };
		044598EE1BBF7F0C00F9E160 /* MVPlayerTests.m */ = {isa = PBXFileReference; lastKnownFileType = sourcecode.c.objc; path = MVPlayerTests.m; sourceTree = "<group>"; };
		044598F01BBF7F0C00F9E160 /* Info.plist */ = {isa = PBXFileReference; lastKnownFileType = text.plist.xml; path = Info.plist; sourceTree = "<group>"; };
		044598F51BBF7F0C00F9E160 /* MVPlayerUITests.xctest */ = {isa = PBXFileReference; explicitFileType = wrapper.cfbundle; includeInIndex = 0; path = MVPlayerUITests.xctest; sourceTree = BUILT_PRODUCTS_DIR; };
		044598F91BBF7F0C00F9E160 /* MVPlayerUITests.m */ = {isa = PBXFileReference; lastKnownFileType = sourcecode.c.objc; path = MVPlayerUITests.m; sourceTree = "<group>"; };
		044598FB1BBF7F0C00F9E160 /* Info.plist */ = {isa = PBXFileReference; lastKnownFileType = text.plist.xml; path = Info.plist; sourceTree = "<group>"; };
		0445990A1BBF7F6C00F9E160 /* BaseViewController.h */ = {isa = PBXFileReference; fileEncoding = 4; lastKnownFileType = sourcecode.c.h; path = BaseViewController.h; sourceTree = "<group>"; };
		0445990B1BBF7F6C00F9E160 /* BaseViewController.m */ = {isa = PBXFileReference; fileEncoding = 4; lastKnownFileType = sourcecode.c.objc; path = BaseViewController.m; sourceTree = "<group>"; };
		0445990C1BBF7F6C00F9E160 /* NavigationController.h */ = {isa = PBXFileReference; fileEncoding = 4; lastKnownFileType = sourcecode.c.h; path = NavigationController.h; sourceTree = "<group>"; };
		0445990D1BBF7F6C00F9E160 /* NavigationController.m */ = {isa = PBXFileReference; fileEncoding = 4; lastKnownFileType = sourcecode.c.objc; path = NavigationController.m; sourceTree = "<group>"; };
		0445990E1BBF7F6C00F9E160 /* TabBarController.h */ = {isa = PBXFileReference; fileEncoding = 4; lastKnownFileType = sourcecode.c.h; path = TabBarController.h; sourceTree = "<group>"; };
		0445990F1BBF7F6C00F9E160 /* TabBarController.m */ = {isa = PBXFileReference; fileEncoding = 4; lastKnownFileType = sourcecode.c.objc; path = TabBarController.m; sourceTree = "<group>"; };
		044599121BBF7F6C00F9E160 /* ChoiceViewController.h */ = {isa = PBXFileReference; fileEncoding = 4; lastKnownFileType = sourcecode.c.h; path = ChoiceViewController.h; sourceTree = "<group>"; };
		044599131BBF7F6C00F9E160 /* ChoiceViewController.m */ = {isa = PBXFileReference; fileEncoding = 4; lastKnownFileType = sourcecode.c.objc; path = ChoiceViewController.m; sourceTree = "<group>"; };
		044599181BBF7F6C00F9E160 /* DiscoverViewController.h */ = {isa = PBXFileReference; fileEncoding = 4; lastKnownFileType = sourcecode.c.h; path = DiscoverViewController.h; sourceTree = "<group>"; };
		044599191BBF7F6C00F9E160 /* DiscoverViewController.m */ = {isa = PBXFileReference; fileEncoding = 4; lastKnownFileType = sourcecode.c.objc; path = DiscoverViewController.m; sourceTree = "<group>"; };
		044599211BBF7F6C00F9E160 /* ApiMacro.h */ = {isa = PBXFileReference; fileEncoding = 4; lastKnownFileType = sourcecode.c.h; path = ApiMacro.h; sourceTree = "<group>"; };
		044599221BBF7F6C00F9E160 /* AppMacro.h */ = {isa = PBXFileReference; fileEncoding = 4; lastKnownFileType = sourcecode.c.h; path = AppMacro.h; sourceTree = "<group>"; };
		044599231BBF7F6C00F9E160 /* NotificationMacro.h */ = {isa = PBXFileReference; fileEncoding = 4; lastKnownFileType = sourcecode.c.h; path = NotificationMacro.h; sourceTree = "<group>"; };
		044599241BBF7F6C00F9E160 /* UtilsMacro.h */ = {isa = PBXFileReference; fileEncoding = 4; lastKnownFileType = sourcecode.c.h; path = UtilsMacro.h; sourceTree = "<group>"; };
		044599251BBF7F6C00F9E160 /* VendorMacro.h */ = {isa = PBXFileReference; fileEncoding = 4; lastKnownFileType = sourcecode.c.h; path = VendorMacro.h; sourceTree = "<group>"; };
		044599291BBF7F6C00F9E160 /* MineViewController.h */ = {isa = PBXFileReference; fileEncoding = 4; lastKnownFileType = sourcecode.c.h; path = MineViewController.h; sourceTree = "<group>"; };
		0445992A1BBF7F6C00F9E160 /* MineViewController.m */ = {isa = PBXFileReference; fileEncoding = 4; lastKnownFileType = sourcecode.c.objc; path = MineViewController.m; sourceTree = "<group>"; };
		0445992F1BBF7F6C00F9E160 /* SubscribeViewController.h */ = {isa = PBXFileReference; fileEncoding = 4; lastKnownFileType = sourcecode.c.h; path = SubscribeViewController.h; sourceTree = "<group>"; };
		044599301BBF7F6C00F9E160 /* SubscribeViewController.m */ = {isa = PBXFileReference; fileEncoding = 4; lastKnownFileType = sourcecode.c.objc; path = SubscribeViewController.m; sourceTree = "<group>"; };
		0445993B1BBF802D00F9E160 /* MVPlayer-Prefixpch.pch */ = {isa = PBXFileReference; fileEncoding = 4; lastKnownFileType = sourcecode.c.h; path = "MVPlayer-Prefixpch.pch"; sourceTree = "<group>"; };
/* End PBXFileReference section */

/* Begin PBXFrameworksBuildPhase section */
		044598CE1BBF7F0C00F9E160 /* Frameworks */ = {
			isa = PBXFrameworksBuildPhase;
			buildActionMask = 2147483647;
			files = (
			);
			runOnlyForDeploymentPostprocessing = 0;
		};
		044598E71BBF7F0C00F9E160 /* Frameworks */ = {
			isa = PBXFrameworksBuildPhase;
			buildActionMask = 2147483647;
			files = (
			);
			runOnlyForDeploymentPostprocessing = 0;
		};
		044598F21BBF7F0C00F9E160 /* Frameworks */ = {
			isa = PBXFrameworksBuildPhase;
			buildActionMask = 2147483647;
			files = (
			);
			runOnlyForDeploymentPostprocessing = 0;
		};
/* End PBXFrameworksBuildPhase section */

/* Begin PBXGroup section */
		044598C81BBF7F0C00F9E160 = {
			isa = PBXGroup;
			children = (
				044598D31BBF7F0C00F9E160 /* MVPlayer */,
				044598ED1BBF7F0C00F9E160 /* MVPlayerTests */,
				044598F81BBF7F0C00F9E160 /* MVPlayerUITests */,
				044598D21BBF7F0C00F9E160 /* Products */,
			);
			sourceTree = "<group>";
		};
		044598D21BBF7F0C00F9E160 /* Products */ = {
			isa = PBXGroup;
			children = (
				044598D11BBF7F0C00F9E160 /* MVPlayer.app */,
				044598EA1BBF7F0C00F9E160 /* MVPlayerTests.xctest */,
				044598F51BBF7F0C00F9E160 /* MVPlayerUITests.xctest */,
			);
			name = Products;
			sourceTree = "<group>";
		};
		044598D31BBF7F0C00F9E160 /* MVPlayer */ = {
			isa = PBXGroup;
			children = (
				044599081BBF7F6C00F9E160 /* UserInterface */,
				044599331BBF7F6C00F9E160 /* Vender(第三方) */,
				044598D41BBF7F0C00F9E160 /* Supporting Files */,
			);
			path = MVPlayer;
			sourceTree = "<group>";
		};
		044598D41BBF7F0C00F9E160 /* Supporting Files */ = {
			isa = PBXGroup;
			children = (
				044599071BBF7F6C00F9E160 /* Resource(资源) */,
				044598D71BBF7F0C00F9E160 /* AppDelegate.h */,
				044598D81BBF7F0C00F9E160 /* AppDelegate.m */,
				044598D51BBF7F0C00F9E160 /* main.m */,
				0445993B1BBF802D00F9E160 /* MVPlayer-Prefixpch.pch */,
			);
			name = "Supporting Files";
			sourceTree = "<group>";
		};
		044598ED1BBF7F0C00F9E160 /* MVPlayerTests */ = {
			isa = PBXGroup;
			children = (
				044598EE1BBF7F0C00F9E160 /* MVPlayerTests.m */,
				044598F01BBF7F0C00F9E160 /* Info.plist */,
			);
			path = MVPlayerTests;
			sourceTree = "<group>";
		};
		044598F81BBF7F0C00F9E160 /* MVPlayerUITests */ = {
			isa = PBXGroup;
			children = (
				044598F91BBF7F0C00F9E160 /* MVPlayerUITests.m */,
				044598FB1BBF7F0C00F9E160 /* Info.plist */,
			);
			path = MVPlayerUITests;
			sourceTree = "<group>";
		};
		044599071BBF7F6C00F9E160 /* Resource(资源) */ = {
			isa = PBXGroup;
			children = (
				044598DD1BBF7F0C00F9E160 /* Main.storyboard */,
				044598E01BBF7F0C00F9E160 /* Assets.xcassets */,
				044598E21BBF7F0C00F9E160 /* LaunchScreen.storyboard */,
				044598E51BBF7F0C00F9E160 /* Info.plist */,
			);
			path = "Resource(资源)";
			sourceTree = "<group>";
		};
		044599081BBF7F6C00F9E160 /* UserInterface */ = {
			isa = PBXGroup;
			children = (
				044599091BBF7F6C00F9E160 /* Base(基类) */,
				044599101BBF7F6C00F9E160 /* Choice(精选) */,
				044599161BBF7F6C00F9E160 /* Discover(发现) */,
				0445991C1BBF7F6C00F9E160 /* Expand(拓展) */,
				044599271BBF7F6C00F9E160 /* Mine(我) */,
				0445992D1BBF7F6C00F9E160 /* Subscribe(订阅) */,
			);
			path = UserInterface;
			sourceTree = "<group>";
		};
		044599091BBF7F6C00F9E160 /* Base(基类) */ = {
			isa = PBXGroup;
			children = (
				0445990A1BBF7F6C00F9E160 /* BaseViewController.h */,
				0445990B1BBF7F6C00F9E160 /* BaseViewController.m */,
				0445990C1BBF7F6C00F9E160 /* NavigationController.h */,
				0445990D1BBF7F6C00F9E160 /* NavigationController.m */,
				0445990E1BBF7F6C00F9E160 /* TabBarController.h */,
				0445990F1BBF7F6C00F9E160 /* TabBarController.m */,
			);
			path = "Base(基类)";
			sourceTree = "<group>";
		};
		044599101BBF7F6C00F9E160 /* Choice(精选) */ = {
			isa = PBXGroup;
			children = (
				044599111BBF7F6C00F9E160 /* Controller */,
				044599141BBF7F6C00F9E160 /* Model */,
				044599151BBF7F6C00F9E160 /* View */,
			);
			path = "Choice(精选)";
			sourceTree = "<group>";
		};
		044599111BBF7F6C00F9E160 /* Controller */ = {
			isa = PBXGroup;
			children = (
				044599121BBF7F6C00F9E160 /* ChoiceViewController.h */,
				044599131BBF7F6C00F9E160 /* ChoiceViewController.m */,
			);
			path = Controller;
			sourceTree = "<group>";
		};
		044599141BBF7F6C00F9E160 /* Model */ = {
			isa = PBXGroup;
			children = (
			);
			path = Model;
			sourceTree = "<group>";
		};
		044599151BBF7F6C00F9E160 /* View */ = {
			isa = PBXGroup;
			children = (
			);
			path = View;
			sourceTree = "<group>";
		};
		044599161BBF7F6C00F9E160 /* Discover(发现) */ = {
			isa = PBXGroup;
			children = (
				044599171BBF7F6C00F9E160 /* Controller */,
				0445991A1BBF7F6C00F9E160 /* Model */,
				0445991B1BBF7F6C00F9E160 /* View */,
			);
			path = "Discover(发现)";
			sourceTree = "<group>";
		};
		044599171BBF7F6C00F9E160 /* Controller */ = {
			isa = PBXGroup;
			children = (
				044599181BBF7F6C00F9E160 /* DiscoverViewController.h */,
				044599191BBF7F6C00F9E160 /* DiscoverViewController.m */,
			);
			path = Controller;
			sourceTree = "<group>";
		};
		0445991A1BBF7F6C00F9E160 /* Model */ = {
			isa = PBXGroup;
			children = (
			);
			path = Model;
			sourceTree = "<group>";
		};
		0445991B1BBF7F6C00F9E160 /* View */ = {
			isa = PBXGroup;
			children = (
			);
			path = View;
			sourceTree = "<group>";
		};
		0445991C1BBF7F6C00F9E160 /* Expand(拓展) */ = {
			isa = PBXGroup;
			children = (
				0445991D1BBF7F6C00F9E160 /* Category(分类) */,
				0445991E1BBF7F6C00F9E160 /* DataBase(数据库) */,
				0445991F1BBF7F6C00F9E160 /* Helper(工具) */,
				044599201BBF7F6C00F9E160 /* Macros(宏) */,
				044599261BBF7F6C00F9E160 /* Network(网络) */,
			);
			path = "Expand(拓展)";
			sourceTree = "<group>";
		};
		0445991D1BBF7F6C00F9E160 /* Category(分类) */ = {
			isa = PBXGroup;
			children = (
			);
			path = "Category(分类)";
			sourceTree = "<group>";
		};
		0445991E1BBF7F6C00F9E160 /* DataBase(数据库) */ = {
			isa = PBXGroup;
			children = (
			);
			path = "DataBase(数据库)";
			sourceTree = "<group>";
		};
		0445991F1BBF7F6C00F9E160 /* Helper(工具) */ = {
			isa = PBXGroup;
			children = (
			);
			path = "Helper(工具)";
			sourceTree = "<group>";
		};
		044599201BBF7F6C00F9E160 /* Macros(宏) */ = {
			isa = PBXGroup;
			children = (
				044599211BBF7F6C00F9E160 /* ApiMacro.h */,
				044599221BBF7F6C00F9E160 /* AppMacro.h */,
				044599231BBF7F6C00F9E160 /* NotificationMacro.h */,
				044599241BBF7F6C00F9E160 /* UtilsMacro.h */,
				044599251BBF7F6C00F9E160 /* VendorMacro.h */,
			);
			path = "Macros(宏)";
			sourceTree = "<group>";
		};
		044599261BBF7F6C00F9E160 /* Network(网络) */ = {
			isa = PBXGroup;
			children = (
			);
			path = "Network(网络)";
			sourceTree = "<group>";
		};
		044599271BBF7F6C00F9E160 /* Mine(我) */ = {
			isa = PBXGroup;
			children = (
				044599281BBF7F6C00F9E160 /* Controller */,
				0445992B1BBF7F6C00F9E160 /* Model */,
				0445992C1BBF7F6C00F9E160 /* View */,
			);
			path = "Mine(我)";
			sourceTree = "<group>";
		};
		044599281BBF7F6C00F9E160 /* Controller */ = {
			isa = PBXGroup;
			children = (
				044599291BBF7F6C00F9E160 /* MineViewController.h */,
				0445992A1BBF7F6C00F9E160 /* MineViewController.m */,
			);
			path = Controller;
			sourceTree = "<group>";
		};
		0445992B1BBF7F6C00F9E160 /* Model */ = {
			isa = PBXGroup;
			children = (
			);
			path = Model;
			sourceTree = "<group>";
		};
		0445992C1BBF7F6C00F9E160 /* View */ = {
			isa = PBXGroup;
			children = (
			);
			path = View;
			sourceTree = "<group>";
		};
		0445992D1BBF7F6C00F9E160 /* Subscribe(订阅) */ = {
			isa = PBXGroup;
			children = (
				0445992E1BBF7F6C00F9E160 /* Controller */,
				044599311BBF7F6C00F9E160 /* Model */,
				044599321BBF7F6C00F9E160 /* View */,
			);
			path = "Subscribe(订阅)";
			sourceTree = "<group>";
		};
		0445992E1BBF7F6C00F9E160 /* Controller */ = {
			isa = PBXGroup;
			children = (
				0445992F1BBF7F6C00F9E160 /* SubscribeViewController.h */,
				044599301BBF7F6C00F9E160 /* SubscribeViewController.m */,
			);
			path = Controller;
			sourceTree = "<group>";
		};
		044599311BBF7F6C00F9E160 /* Model */ = {
			isa = PBXGroup;
			children = (
			);
			path = Model;
			sourceTree = "<group>";
		};
		044599321BBF7F6C00F9E160 /* View */ = {
			isa = PBXGroup;
			children = (
			);
			path = View;
			sourceTree = "<group>";
		};
		044599331BBF7F6C00F9E160 /* Vender(第三方) */ = {
			isa = PBXGroup;
			children = (
			);
			path = "Vender(第三方)";
			sourceTree = "<group>";
		};
/* End PBXGroup section */

/* Begin PBXNativeTarget section */
		044598D01BBF7F0C00F9E160 /* MVPlayer */ = {
			isa = PBXNativeTarget;
			buildConfigurationList = 044598FE1BBF7F0C00F9E160 /* Build configuration list for PBXNativeTarget "MVPlayer" */;
			buildPhases = (
				044598CD1BBF7F0C00F9E160 /* Sources */,
				044598CE1BBF7F0C00F9E160 /* Frameworks */,
				044598CF1BBF7F0C00F9E160 /* Resources */,
			);
			buildRules = (
			);
			dependencies = (
			);
			name = MVPlayer;
			productName = MVPlayer;
			productReference = 044598D11BBF7F0C00F9E160 /* MVPlayer.app */;
			productType = "com.apple.product-type.application";
		};
		044598E91BBF7F0C00F9E160 /* MVPlayerTests */ = {
			isa = PBXNativeTarget;
			buildConfigurationList = 044599011BBF7F0C00F9E160 /* Build configuration list for PBXNativeTarget "MVPlayerTests" */;
			buildPhases = (
				044598E61BBF7F0C00F9E160 /* Sources */,
				044598E71BBF7F0C00F9E160 /* Frameworks */,
				044598E81BBF7F0C00F9E160 /* Resources */,
			);
			buildRules = (
			);
			dependencies = (
				044598EC1BBF7F0C00F9E160 /* PBXTargetDependency */,
			);
			name = MVPlayerTests;
			productName = MVPlayerTests;
			productReference = 044598EA1BBF7F0C00F9E160 /* MVPlayerTests.xctest */;
			productType = "com.apple.product-type.bundle.unit-test";
		};
		044598F41BBF7F0C00F9E160 /* MVPlayerUITests */ = {
			isa = PBXNativeTarget;
			buildConfigurationList = 044599041BBF7F0C00F9E160 /* Build configuration list for PBXNativeTarget "MVPlayerUITests" */;
			buildPhases = (
				044598F11BBF7F0C00F9E160 /* Sources */,
				044598F21BBF7F0C00F9E160 /* Frameworks */,
				044598F31BBF7F0C00F9E160 /* Resources */,
			);
			buildRules = (
			);
			dependencies = (
				044598F71BBF7F0C00F9E160 /* PBXTargetDependency */,
			);
			name = MVPlayerUITests;
			productName = MVPlayerUITests;
			productReference = 044598F51BBF7F0C00F9E160 /* MVPlayerUITests.xctest */;
			productType = "com.apple.product-type.bundle.ui-testing";
		};
/* End PBXNativeTarget section */

/* Begin PBXProject section */
		044598C91BBF7F0C00F9E160 /* Project object */ = {
			isa = PBXProject;
			attributes = {
				LastUpgradeCheck = 0700;
				ORGANIZATIONNAME = Jack;
				TargetAttributes = {
					044598D01BBF7F0C00F9E160 = {
						CreatedOnToolsVersion = 7.0;
					};
					044598E91BBF7F0C00F9E160 = {
						CreatedOnToolsVersion = 7.0;
						TestTargetID = 044598D01BBF7F0C00F9E160;
					};
					044598F41BBF7F0C00F9E160 = {
						CreatedOnToolsVersion = 7.0;
						TestTargetID = 044598D01BBF7F0C00F9E160;
					};
				};
			};
			buildConfigurationList = 044598CC1BBF7F0C00F9E160 /* Build configuration list for PBXProject "MVPlayer" */;
			compatibilityVersion = "Xcode 3.2";
			developmentRegion = English;
			hasScannedForEncodings = 0;
			knownRegions = (
				en,
				Base,
			);
			mainGroup = 044598C81BBF7F0C00F9E160;
			productRefGroup = 044598D21BBF7F0C00F9E160 /* Products */;
			projectDirPath = "";
			projectRoot = "";
			targets = (
				044598D01BBF7F0C00F9E160 /* MVPlayer */,
				044598E91BBF7F0C00F9E160 /* MVPlayerTests */,
				044598F41BBF7F0C00F9E160 /* MVPlayerUITests */,
			);
		};
/* End PBXProject section */

/* Begin PBXResourcesBuildPhase section */
		044598CF1BBF7F0C00F9E160 /* Resources */ = {
			isa = PBXResourcesBuildPhase;
			buildActionMask = 2147483647;
			files = (
				044598E41BBF7F0C00F9E160 /* LaunchScreen.storyboard in Resources */,
				044598E11BBF7F0C00F9E160 /* Assets.xcassets in Resources */,
				044598DF1BBF7F0C00F9E160 /* Main.storyboard in Resources */,
			);
			runOnlyForDeploymentPostprocessing = 0;
		};
		044598E81BBF7F0C00F9E160 /* Resources */ = {
			isa = PBXResourcesBuildPhase;
			buildActionMask = 2147483647;
			files = (
			);
			runOnlyForDeploymentPostprocessing = 0;
		};
		044598F31BBF7F0C00F9E160 /* Resources */ = {
			isa = PBXResourcesBuildPhase;
			buildActionMask = 2147483647;
			files = (
			);
			runOnlyForDeploymentPostprocessing = 0;
		};
/* End PBXResourcesBuildPhase section */

/* Begin PBXSourcesBuildPhase section */
		044598CD1BBF7F0C00F9E160 /* Sources */ = {
			isa = PBXSourcesBuildPhase;
			buildActionMask = 2147483647;
			files = (
				044599381BBF7F6C00F9E160 /* DiscoverViewController.m in Sources */,
				044599341BBF7F6C00F9E160 /* BaseViewController.m in Sources */,
				044599391BBF7F6C00F9E160 /* MineViewController.m in Sources */,
				044599351BBF7F6C00F9E160 /* NavigationController.m in Sources */,
				044599361BBF7F6C00F9E160 /* TabBarController.m in Sources */,
				044598D91BBF7F0C00F9E160 /* AppDelegate.m in Sources */,
				044599371BBF7F6C00F9E160 /* ChoiceViewController.m in Sources */,
				044598D61BBF7F0C00F9E160 /* main.m in Sources */,
				0445993A1BBF7F6C00F9E160 /* SubscribeViewController.m in Sources */,
			);
			runOnlyForDeploymentPostprocessing = 0;
		};
		044598E61BBF7F0C00F9E160 /* Sources */ = {
			isa = PBXSourcesBuildPhase;
			buildActionMask = 2147483647;
			files = (
				044598EF1BBF7F0C00F9E160 /* MVPlayerTests.m in Sources */,
			);
			runOnlyForDeploymentPostprocessing = 0;
		};
		044598F11BBF7F0C00F9E160 /* Sources */ = {
			isa = PBXSourcesBuildPhase;
			buildActionMask = 2147483647;
			files = (
				044598FA1BBF7F0C00F9E160 /* MVPlayerUITests.m in Sources */,
			);
			runOnlyForDeploymentPostprocessing = 0;
		};
/* End PBXSourcesBuildPhase section */

/* Begin PBXTargetDependency section */
		044598EC1BBF7F0C00F9E160 /* PBXTargetDependency */ = {
			isa = PBXTargetDependency;
			target = 044598D01BBF7F0C00F9E160 /* MVPlayer */;
			targetProxy = 044598EB1BBF7F0C00F9E160 /* PBXContainerItemProxy */;
		};
		044598F71BBF7F0C00F9E160 /* PBXTargetDependency */ = {
			isa = PBXTargetDependency;
			target = 044598D01BBF7F0C00F9E160 /* MVPlayer */;
			targetProxy = 044598F61BBF7F0C00F9E160 /* PBXContainerItemProxy */;
		};
/* End PBXTargetDependency section */

/* Begin PBXVariantGroup section */
		044598DD1BBF7F0C00F9E160 /* Main.storyboard */ = {
			isa = PBXVariantGroup;
			children = (
				044598DE1BBF7F0C00F9E160 /* Base */,
			);
			name = Main.storyboard;
			path = ..;
			sourceTree = "<group>";
		};
		044598E21BBF7F0C00F9E160 /* LaunchScreen.storyboard */ = {
			isa = PBXVariantGroup;
			children = (
				044598E31BBF7F0C00F9E160 /* Base */,
			);
			name = LaunchScreen.storyboard;
			path = ..;
			sourceTree = "<group>";
		};
/* End PBXVariantGroup section */

/* Begin XCBuildConfiguration section */
		044598FC1BBF7F0C00F9E160 /* Debug */ = {
			isa = XCBuildConfiguration;
			buildSettings = {
				ALWAYS_SEARCH_USER_PATHS = NO;
				CLANG_CXX_LANGUAGE_STANDARD = "gnu++0x";
				CLANG_CXX_LIBRARY = "libc++";
				CLANG_ENABLE_MODULES = YES;
				CLANG_ENABLE_OBJC_ARC = YES;
				CLANG_WARN_BOOL_CONVERSION = YES;
				CLANG_WARN_CONSTANT_CONVERSION = YES;
				CLANG_WARN_DIRECT_OBJC_ISA_USAGE = YES_ERROR;
				CLANG_WARN_EMPTY_BODY = YES;
				CLANG_WARN_ENUM_CONVERSION = YES;
				CLANG_WARN_INT_CONVERSION = YES;
				CLANG_WARN_OBJC_ROOT_CLASS = YES_ERROR;
				CLANG_WARN_UNREACHABLE_CODE = YES;
				CLANG_WARN__DUPLICATE_METHOD_MATCH = YES;
				"CODE_SIGN_IDENTITY[sdk=iphoneos*]" = "iPhone Developer";
				COPY_PHASE_STRIP = NO;
				DEBUG_INFORMATION_FORMAT = dwarf;
				ENABLE_STRICT_OBJC_MSGSEND = YES;
				ENABLE_TESTABILITY = YES;
				GCC_C_LANGUAGE_STANDARD = gnu99;
				GCC_DYNAMIC_NO_PIC = NO;
				GCC_NO_COMMON_BLOCKS = YES;
				GCC_OPTIMIZATION_LEVEL = 0;
				GCC_PREPROCESSOR_DEFINITIONS = (
					"DEBUG=1",
					"$(inherited)",
				);
				GCC_WARN_64_TO_32_BIT_CONVERSION = YES;
				GCC_WARN_ABOUT_RETURN_TYPE = YES_ERROR;
				GCC_WARN_UNDECLARED_SELECTOR = YES;
				GCC_WARN_UNINITIALIZED_AUTOS = YES_AGGRESSIVE;
				GCC_WARN_UNUSED_FUNCTION = YES;
				GCC_WARN_UNUSED_VARIABLE = YES;
				IPHONEOS_DEPLOYMENT_TARGET = 9.0;
				MTL_ENABLE_DEBUG_INFO = YES;
				ONLY_ACTIVE_ARCH = YES;
				SDKROOT = iphoneos;
			};
			name = Debug;
		};
		044598FD1BBF7F0C00F9E160 /* Release */ = {
			isa = XCBuildConfiguration;
			buildSettings = {
				ALWAYS_SEARCH_USER_PATHS = NO;
				CLANG_CXX_LANGUAGE_STANDARD = "gnu++0x";
				CLANG_CXX_LIBRARY = "libc++";
				CLANG_ENABLE_MODULES = YES;
				CLANG_ENABLE_OBJC_ARC = YES;
				CLANG_WARN_BOOL_CONVERSION = YES;
				CLANG_WARN_CONSTANT_CONVERSION = YES;
				CLANG_WARN_DIRECT_OBJC_ISA_USAGE = YES_ERROR;
				CLANG_WARN_EMPTY_BODY = YES;
				CLANG_WARN_ENUM_CONVERSION = YES;
				CLANG_WARN_INT_CONVERSION = YES;
				CLANG_WARN_OBJC_ROOT_CLASS = YES_ERROR;
				CLANG_WARN_UNREACHABLE_CODE = YES;
				CLANG_WARN__DUPLICATE_METHOD_MATCH = YES;
				"CODE_SIGN_IDENTITY[sdk=iphoneos*]" = "iPhone Developer";
				COPY_PHASE_STRIP = NO;
				DEBUG_INFORMATION_FORMAT = "dwarf-with-dsym";
				ENABLE_NS_ASSERTIONS = NO;
				ENABLE_STRICT_OBJC_MSGSEND = YES;
				GCC_C_LANGUAGE_STANDARD = gnu99;
				GCC_NO_COMMON_BLOCKS = YES;
				GCC_WARN_64_TO_32_BIT_CONVERSION = YES;
				GCC_WARN_ABOUT_RETURN_TYPE = YES_ERROR;
				GCC_WARN_UNDECLARED_SELECTOR = YES;
				GCC_WARN_UNINITIALIZED_AUTOS = YES_AGGRESSIVE;
				GCC_WARN_UNUSED_FUNCTION = YES;
				GCC_WARN_UNUSED_VARIABLE = YES;
				IPHONEOS_DEPLOYMENT_TARGET = 9.0;
				MTL_ENABLE_DEBUG_INFO = NO;
				SDKROOT = iphoneos;
				VALIDATE_PRODUCT = YES;
			};
			name = Release;
		};
		044598FF1BBF7F0C00F9E160 /* Debug */ = {
			isa = XCBuildConfiguration;
			buildSettings = {
				ASSETCATALOG_COMPILER_APPICON_NAME = AppIcon;
				GCC_PREFIX_HEADER = "$(SRCROOT)/MVPlayer/MVPlayer-Prefixpch.pch";
				INFOPLIST_FILE = MVPlayer/Info.plist;
				LD_RUNPATH_SEARCH_PATHS = "$(inherited) @executable_path/Frameworks";
				PRODUCT_BUNDLE_IDENTIFIER = com.jack.MVPlayer;
				PRODUCT_NAME = "$(TARGET_NAME)";
			};
			name = Debug;
		};
		044599001BBF7F0C00F9E160 /* Release */ = {
			isa = XCBuildConfiguration;
			buildSettings = {
				ASSETCATALOG_COMPILER_APPICON_NAME = AppIcon;
				GCC_PREFIX_HEADER = "$(SRCROOT)/MVPlayer/MVPlayer-Prefixpch.pch";
				INFOPLIST_FILE = MVPlayer/Info.plist;
				LD_RUNPATH_SEARCH_PATHS = "$(inherited) @executable_path/Frameworks";
				PRODUCT_BUNDLE_IDENTIFIER = com.jack.MVPlayer;
				PRODUCT_NAME = "$(TARGET_NAME)";
			};
			name = Release;
		};
		044599021BBF7F0C00F9E160 /* Debug */ = {
			isa = XCBuildConfiguration;
			buildSettings = {
				BUNDLE_LOADER = "$(TEST_HOST)";
				INFOPLIST_FILE = MVPlayerTests/Info.plist;
				LD_RUNPATH_SEARCH_PATHS = "$(inherited) @executable_path/Frameworks @loader_path/Frameworks";
				PRODUCT_BUNDLE_IDENTIFIER = com.jack.MVPlayerTests;
				PRODUCT_NAME = "$(TARGET_NAME)";
				TEST_HOST = "$(BUILT_PRODUCTS_DIR)/MVPlayer.app/MVPlayer";
			};
			name = Debug;
		};
		044599031BBF7F0C00F9E160 /* Release */ = {
			isa = XCBuildConfiguration;
			buildSettings = {
				BUNDLE_LOADER = "$(TEST_HOST)";
				INFOPLIST_FILE = MVPlayerTests/Info.plist;
				LD_RUNPATH_SEARCH_PATHS = "$(inherited) @executable_path/Frameworks @loader_path/Frameworks";
				PRODUCT_BUNDLE_IDENTIFIER = com.jack.MVPlayerTests;
				PRODUCT_NAME = "$(TARGET_NAME)";
				TEST_HOST = "$(BUILT_PRODUCTS_DIR)/MVPlayer.app/MVPlayer";
			};
			name = Release;
		};
		044599051BBF7F0C00F9E160 /* Debug */ = {
			isa = XCBuildConfiguration;
			buildSettings = {
				INFOPLIST_FILE = MVPlayerUITests/Info.plist;
				LD_RUNPATH_SEARCH_PATHS = "$(inherited) @executable_path/Frameworks @loader_path/Frameworks";
				PRODUCT_BUNDLE_IDENTIFIER = com.jack.MVPlayerUITests;
				PRODUCT_NAME = "$(TARGET_NAME)";
				TEST_TARGET_NAME = MVPlayer;
				USES_XCTRUNNER = YES;
			};
			name = Debug;
		};
		044599061BBF7F0C00F9E160 /* Release */ = {
			isa = XCBuildConfiguration;
			buildSettings = {
				INFOPLIST_FILE = MVPlayerUITests/Info.plist;
				LD_RUNPATH_SEARCH_PATHS = "$(inherited) @executable_path/Frameworks @loader_path/Frameworks";
				PRODUCT_BUNDLE_IDENTIFIER = com.jack.MVPlayerUITests;
				PRODUCT_NAME = "$(TARGET_NAME)";
				TEST_TARGET_NAME = MVPlayer;
				USES_XCTRUNNER = YES;
			};
			name = Release;
		};
/* End XCBuildConfiguration section */

/* Begin XCConfigurationList section */
		044598CC1BBF7F0C00F9E160 /* Build configuration list for PBXProject "MVPlayer" */ = {
			isa = XCConfigurationList;
			buildConfigurations = (
				044598FC1BBF7F0C00F9E160 /* Debug */,
				044598FD1BBF7F0C00F9E160 /* Release */,
			);
			defaultConfigurationIsVisible = 0;
			defaultConfigurationName = Release;
		};
		044598FE1BBF7F0C00F9E160 /* Build configuration list for PBXNativeTarget "MVPlayer" */ = {
			isa = XCConfigurationList;
			buildConfigurations = (
				044598FF1BBF7F0C00F9E160 /* Debug */,
				044599001BBF7F0C00F9E160 /* Release */,
			);
			defaultConfigurationIsVisible = 0;
		};
		044599011BBF7F0C00F9E160 /* Build configuration list for PBXNativeTarget "MVPlayerTests" */ = {
			isa = XCConfigurationList;
			buildConfigurations = (
				044599021BBF7F0C00F9E160 /* Debug */,
				044599031BBF7F0C00F9E160 /* Release */,
			);
			defaultConfigurationIsVisible = 0;
		};
		044599041BBF7F0C00F9E160 /* Build configuration list for PBXNativeTarget "MVPlayerUITests" */ = {
			isa = XCConfigurationList;
			buildConfigurations = (
				044599051BBF7F0C00F9E160 /* Debug */,
				044599061BBF7F0C00F9E160 /* Release */,
			);
			defaultConfigurationIsVisible = 0;
		};
/* End XCConfigurationList section */
	};
	rootObject = 044598C91BBF7F0C00F9E160 /* Project object */;
}
