// !$*UTF8*$!
{
	archiveVersion = 1;
	classes = {
	};
	objectVersion = 46;
	objects = {

/* Begin PBXBuildFile section */
		041BEB991BC21D7C004AECB6 /* BoxView.m in Sources */ = {isa = PBXBuildFile; fileRef = 041BEB981BC21D7C004AECB6 /* BoxView.m */; settings = {ASSET_TAGS = (); }; };
		041BEB9C1BC21DA4004AECB6 /* VideoView.m in Sources */ = {isa = PBXBuildFile; fileRef = 041BEB9B1BC21DA4004AECB6 /* VideoView.m */; settings = {ASSET_TAGS = (); }; };
		0433AF551BC2B38500ACFC74 /* VideoDetailController.m in Sources */ = {isa = PBXBuildFile; fileRef = 0433AF541BC2B38500ACFC74 /* VideoDetailController.m */; settings = {ASSET_TAGS = (); }; };
		0433AF5A1BC2D53B00ACFC74 /* Detail.m in Sources */ = {isa = PBXBuildFile; fileRef = 0433AF571BC2D53B00ACFC74 /* Detail.m */; settings = {ASSET_TAGS = (); }; };
		0433AF5B1BC2D53B00ACFC74 /* VideoResponce.m in Sources */ = {isa = PBXBuildFile; fileRef = 0433AF591BC2D53B00ACFC74 /* VideoResponce.m */; settings = {ASSET_TAGS = (); }; };
		044598D61BBF7F0C00F9E160 /* main.m in Sources */ = {isa = PBXBuildFile; fileRef = 044598D51BBF7F0C00F9E160 /* main.m */; };
		044598D91BBF7F0C00F9E160 /* AppDelegate.m in Sources */ = {isa = PBXBuildFile; fileRef = 044598D81BBF7F0C00F9E160 /* AppDelegate.m */; };
		044598DF1BBF7F0C00F9E160 /* Main.storyboard in Resources */ = {isa = PBXBuildFile; fileRef = 044598DD1BBF7F0C00F9E160 /* Main.storyboard */; };
		044598E11BBF7F0C00F9E160 /* Assets.xcassets in Resources */ = {isa = PBXBuildFile; fileRef = 044598E01BBF7F0C00F9E160 /* Assets.xcassets */; };
		044598E41BBF7F0C00F9E160 /* LaunchScreen.storyboard in Resources */ = {isa = PBXBuildFile; fileRef = 044598E21BBF7F0C00F9E160 /* LaunchScreen.storyboard */; };
		044598EF1BBF7F0C00F9E160 /* MVPlayerTests.m in Sources */ = {isa = PBXBuildFile; fileRef = 044598EE1BBF7F0C00F9E160 /* MVPlayerTests.m */; };
		044598FA1BBF7F0C00F9E160 /* MVPlayerUITests.m in Sources */ = {isa = PBXBuildFile; fileRef = 044598F91BBF7F0C00F9E160 /* MVPlayerUITests.m */; };
		044599341BBF7F6C00F9E160 /* BaseViewController.m in Sources */ = {isa = PBXBuildFile; fileRef = 0445990B1BBF7F6C00F9E160 /* BaseViewController.m */; settings = {ASSET_TAGS = (); }; };
		044599351BBF7F6C00F9E160 /* NavigationController.m in Sources */ = {isa = PBXBuildFile; fileRef = 0445990D1BBF7F6C00F9E160 /* NavigationController.m */; settings = {ASSET_TAGS = (); }; };
		044599361BBF7F6C00F9E160 /* TabBarController.m in Sources */ = {isa = PBXBuildFile; fileRef = 0445990F1BBF7F6C00F9E160 /* TabBarController.m */; settings = {ASSET_TAGS = (); }; };
		044599371BBF7F6C00F9E160 /* ChoiceViewController.m in Sources */ = {isa = PBXBuildFile; fileRef = 044599131BBF7F6C00F9E160 /* ChoiceViewController.m */; settings = {ASSET_TAGS = (); }; };
		044599381BBF7F6C00F9E160 /* DiscoverViewController.m in Sources */ = {isa = PBXBuildFile; fileRef = 044599191BBF7F6C00F9E160 /* DiscoverViewController.m */; settings = {ASSET_TAGS = (); }; };
		044599391BBF7F6C00F9E160 /* MineViewController.m in Sources */ = {isa = PBXBuildFile; fileRef = 0445992A1BBF7F6C00F9E160 /* MineViewController.m */; settings = {ASSET_TAGS = (); }; };
		0445993A1BBF7F6C00F9E160 /* SubscribeViewController.m in Sources */ = {isa = PBXBuildFile; fileRef = 044599301BBF7F6C00F9E160 /* SubscribeViewController.m */; settings = {ASSET_TAGS = (); }; };
		044599501BBFD21200F9E160 /* AFHTTPRequestOperation.m in Sources */ = {isa = PBXBuildFile; fileRef = 0445993E1BBFD21200F9E160 /* AFHTTPRequestOperation.m */; settings = {ASSET_TAGS = (); }; };
		044599511BBFD21200F9E160 /* AFHTTPRequestOperationManager.m in Sources */ = {isa = PBXBuildFile; fileRef = 044599401BBFD21200F9E160 /* AFHTTPRequestOperationManager.m */; settings = {ASSET_TAGS = (); }; };
		044599521BBFD21200F9E160 /* AFHTTPSessionManager.m in Sources */ = {isa = PBXBuildFile; fileRef = 044599421BBFD21200F9E160 /* AFHTTPSessionManager.m */; settings = {ASSET_TAGS = (); }; };
		044599531BBFD21200F9E160 /* AFNetworkReachabilityManager.m in Sources */ = {isa = PBXBuildFile; fileRef = 044599451BBFD21200F9E160 /* AFNetworkReachabilityManager.m */; settings = {ASSET_TAGS = (); }; };
		044599541BBFD21200F9E160 /* AFSecurityPolicy.m in Sources */ = {isa = PBXBuildFile; fileRef = 044599471BBFD21200F9E160 /* AFSecurityPolicy.m */; settings = {ASSET_TAGS = (); }; };
		044599551BBFD21200F9E160 /* AFURLConnectionOperation.m in Sources */ = {isa = PBXBuildFile; fileRef = 044599491BBFD21200F9E160 /* AFURLConnectionOperation.m */; settings = {ASSET_TAGS = (); }; };
		044599561BBFD21200F9E160 /* AFURLRequestSerialization.m in Sources */ = {isa = PBXBuildFile; fileRef = 0445994B1BBFD21200F9E160 /* AFURLRequestSerialization.m */; settings = {ASSET_TAGS = (); }; };
		044599571BBFD21200F9E160 /* AFURLResponseSerialization.m in Sources */ = {isa = PBXBuildFile; fileRef = 0445994D1BBFD21200F9E160 /* AFURLResponseSerialization.m */; settings = {ASSET_TAGS = (); }; };
		044599581BBFD21200F9E160 /* AFURLSessionManager.m in Sources */ = {isa = PBXBuildFile; fileRef = 0445994F1BBFD21200F9E160 /* AFURLSessionManager.m */; settings = {ASSET_TAGS = (); }; };
		0445996B1BBFD26C00F9E160 /* NSData+SDDataCache.m in Sources */ = {isa = PBXBuildFile; fileRef = 0445995B1BBFD26C00F9E160 /* NSData+SDDataCache.m */; settings = {ASSET_TAGS = (); }; };
		0445996C1BBFD26C00F9E160 /* TAAbstractDotView.m in Sources */ = {isa = PBXBuildFile; fileRef = 0445995E1BBFD26C00F9E160 /* TAAbstractDotView.m */; settings = {ASSET_TAGS = (); }; };
		0445996D1BBFD26C00F9E160 /* TAAnimatedDotView.m in Sources */ = {isa = PBXBuildFile; fileRef = 044599601BBFD26C00F9E160 /* TAAnimatedDotView.m */; settings = {ASSET_TAGS = (); }; };
		0445996E1BBFD26C00F9E160 /* TADotView.m in Sources */ = {isa = PBXBuildFile; fileRef = 044599621BBFD26C00F9E160 /* TADotView.m */; settings = {ASSET_TAGS = (); }; };
		0445996F1BBFD26C00F9E160 /* TAPageControl.m in Sources */ = {isa = PBXBuildFile; fileRef = 044599641BBFD26C00F9E160 /* TAPageControl.m */; settings = {ASSET_TAGS = (); }; };
		044599701BBFD26C00F9E160 /* SDCollectionViewCell.m in Sources */ = {isa = PBXBuildFile; fileRef = 044599661BBFD26C00F9E160 /* SDCollectionViewCell.m */; settings = {ASSET_TAGS = (); }; };
		044599711BBFD26C00F9E160 /* SDCycleScrollView.m in Sources */ = {isa = PBXBuildFile; fileRef = 044599681BBFD26C00F9E160 /* SDCycleScrollView.m */; settings = {ASSET_TAGS = (); }; };
		044599721BBFD26C00F9E160 /* UIView+SDExtension.m in Sources */ = {isa = PBXBuildFile; fileRef = 0445996A1BBFD26C00F9E160 /* UIView+SDExtension.m */; settings = {ASSET_TAGS = (); }; };
		044599951BBFD2CD00F9E160 /* MKAnnotationView+WebCache.m in Sources */ = {isa = PBXBuildFile; fileRef = 044599751BBFD2CD00F9E160 /* MKAnnotationView+WebCache.m */; settings = {ASSET_TAGS = (); }; };
		044599961BBFD2CD00F9E160 /* NSData+ImageContentType.m in Sources */ = {isa = PBXBuildFile; fileRef = 044599771BBFD2CD00F9E160 /* NSData+ImageContentType.m */; settings = {ASSET_TAGS = (); }; };
		044599971BBFD2CD00F9E160 /* SDImageCache.m in Sources */ = {isa = PBXBuildFile; fileRef = 044599791BBFD2CD00F9E160 /* SDImageCache.m */; settings = {ASSET_TAGS = (); }; };
		044599981BBFD2CD00F9E160 /* SDWebImageCompat.m in Sources */ = {isa = PBXBuildFile; fileRef = 0445997B1BBFD2CD00F9E160 /* SDWebImageCompat.m */; settings = {ASSET_TAGS = (); }; };
		044599991BBFD2CD00F9E160 /* SDWebImageDecoder.m in Sources */ = {isa = PBXBuildFile; fileRef = 0445997D1BBFD2CD00F9E160 /* SDWebImageDecoder.m */; settings = {ASSET_TAGS = (); }; };
		0445999A1BBFD2CD00F9E160 /* SDWebImageDownloader.m in Sources */ = {isa = PBXBuildFile; fileRef = 0445997F1BBFD2CD00F9E160 /* SDWebImageDownloader.m */; settings = {ASSET_TAGS = (); }; };
		0445999B1BBFD2CD00F9E160 /* SDWebImageDownloaderOperation.m in Sources */ = {isa = PBXBuildFile; fileRef = 044599811BBFD2CD00F9E160 /* SDWebImageDownloaderOperation.m */; settings = {ASSET_TAGS = (); }; };
		0445999C1BBFD2CD00F9E160 /* SDWebImageManager.m in Sources */ = {isa = PBXBuildFile; fileRef = 044599831BBFD2CD00F9E160 /* SDWebImageManager.m */; settings = {ASSET_TAGS = (); }; };
		0445999D1BBFD2CD00F9E160 /* SDWebImagePrefetcher.m in Sources */ = {isa = PBXBuildFile; fileRef = 044599861BBFD2CD00F9E160 /* SDWebImagePrefetcher.m */; settings = {ASSET_TAGS = (); }; };
		0445999E1BBFD2CD00F9E160 /* UIButton+WebCache.m in Sources */ = {isa = PBXBuildFile; fileRef = 044599881BBFD2CD00F9E160 /* UIButton+WebCache.m */; settings = {ASSET_TAGS = (); }; };
		0445999F1BBFD2CD00F9E160 /* UIImage+GIF.m in Sources */ = {isa = PBXBuildFile; fileRef = 0445998A1BBFD2CD00F9E160 /* UIImage+GIF.m */; settings = {ASSET_TAGS = (); }; };
		044599A01BBFD2CD00F9E160 /* UIImage+MultiFormat.m in Sources */ = {isa = PBXBuildFile; fileRef = 0445998C1BBFD2CD00F9E160 /* UIImage+MultiFormat.m */; settings = {ASSET_TAGS = (); }; };
		044599A11BBFD2CD00F9E160 /* UIImage+WebP.m in Sources */ = {isa = PBXBuildFile; fileRef = 0445998E1BBFD2CD00F9E160 /* UIImage+WebP.m */; settings = {ASSET_TAGS = (); }; };
		044599A21BBFD2CD00F9E160 /* UIImageView+HighlightedWebCache.m in Sources */ = {isa = PBXBuildFile; fileRef = 044599901BBFD2CD00F9E160 /* UIImageView+HighlightedWebCache.m */; settings = {ASSET_TAGS = (); }; };
		044599A31BBFD2CD00F9E160 /* UIImageView+WebCache.m in Sources */ = {isa = PBXBuildFile; fileRef = 044599921BBFD2CD00F9E160 /* UIImageView+WebCache.m */; settings = {ASSET_TAGS = (); }; };
		044599A41BBFD2CD00F9E160 /* UIView+WebCacheOperation.m in Sources */ = {isa = PBXBuildFile; fileRef = 044599941BBFD2CD00F9E160 /* UIView+WebCacheOperation.m */; settings = {ASSET_TAGS = (); }; };
		044599A81BBFD38D00F9E160 /* MBProgressHUD.m in Sources */ = {isa = PBXBuildFile; fileRef = 044599A71BBFD38D00F9E160 /* MBProgressHUD.m */; settings = {ASSET_TAGS = (); }; };
		044599C11BBFD3FE00F9E160 /* MJDictionaryCache.m in Sources */ = {isa = PBXBuildFile; fileRef = 044599AB1BBFD3FE00F9E160 /* MJDictionaryCache.m */; settings = {ASSET_TAGS = (); }; };
		044599C21BBFD3FE00F9E160 /* MJExtensionConst.m in Sources */ = {isa = PBXBuildFile; fileRef = 044599AE1BBFD3FE00F9E160 /* MJExtensionConst.m */; settings = {ASSET_TAGS = (); }; };
		044599C31BBFD3FE00F9E160 /* MJFoundation.m in Sources */ = {isa = PBXBuildFile; fileRef = 044599B01BBFD3FE00F9E160 /* MJFoundation.m */; settings = {ASSET_TAGS = (); }; };
		044599C41BBFD3FE00F9E160 /* MJProperty.m in Sources */ = {isa = PBXBuildFile; fileRef = 044599B21BBFD3FE00F9E160 /* MJProperty.m */; settings = {ASSET_TAGS = (); }; };
		044599C51BBFD3FE00F9E160 /* MJPropertyKey.m in Sources */ = {isa = PBXBuildFile; fileRef = 044599B41BBFD3FE00F9E160 /* MJPropertyKey.m */; settings = {ASSET_TAGS = (); }; };
		044599C61BBFD3FE00F9E160 /* MJPropertyType.m in Sources */ = {isa = PBXBuildFile; fileRef = 044599B61BBFD3FE00F9E160 /* MJPropertyType.m */; settings = {ASSET_TAGS = (); }; };
		044599C71BBFD3FE00F9E160 /* NSObject+MJClass.m in Sources */ = {isa = PBXBuildFile; fileRef = 044599B81BBFD3FE00F9E160 /* NSObject+MJClass.m */; settings = {ASSET_TAGS = (); }; };
		044599C81BBFD3FE00F9E160 /* NSObject+MJCoding.m in Sources */ = {isa = PBXBuildFile; fileRef = 044599BA1BBFD3FE00F9E160 /* NSObject+MJCoding.m */; settings = {ASSET_TAGS = (); }; };
		044599C91BBFD3FE00F9E160 /* NSObject+MJKeyValue.m in Sources */ = {isa = PBXBuildFile; fileRef = 044599BC1BBFD3FE00F9E160 /* NSObject+MJKeyValue.m */; settings = {ASSET_TAGS = (); }; };
		044599CA1BBFD3FE00F9E160 /* NSObject+MJProperty.m in Sources */ = {isa = PBXBuildFile; fileRef = 044599BE1BBFD3FE00F9E160 /* NSObject+MJProperty.m */; settings = {ASSET_TAGS = (); }; };
		044599CB1BBFD3FE00F9E160 /* NSString+MJExtension.m in Sources */ = {isa = PBXBuildFile; fileRef = 044599C01BBFD3FE00F9E160 /* NSString+MJExtension.m */; settings = {ASSET_TAGS = (); }; };
		044599F91BBFD5F700F9E160 /* MJRefreshAutoFooter.m in Sources */ = {isa = PBXBuildFile; fileRef = 044599CF1BBFD5F700F9E160 /* MJRefreshAutoFooter.m */; settings = {ASSET_TAGS = (); }; };
		044599FA1BBFD5F700F9E160 /* MJRefreshBackFooter.m in Sources */ = {isa = PBXBuildFile; fileRef = 044599D11BBFD5F700F9E160 /* MJRefreshBackFooter.m */; settings = {ASSET_TAGS = (); }; };
		044599FB1BBFD5F700F9E160 /* MJRefreshComponent.m in Sources */ = {isa = PBXBuildFile; fileRef = 044599D31BBFD5F700F9E160 /* MJRefreshComponent.m */; settings = {ASSET_TAGS = (); }; };
		044599FC1BBFD5F700F9E160 /* MJRefreshFooter.m in Sources */ = {isa = PBXBuildFile; fileRef = 044599D51BBFD5F700F9E160 /* MJRefreshFooter.m */; settings = {ASSET_TAGS = (); }; };
		044599FD1BBFD5F700F9E160 /* MJRefreshHeader.m in Sources */ = {isa = PBXBuildFile; fileRef = 044599D71BBFD5F700F9E160 /* MJRefreshHeader.m */; settings = {ASSET_TAGS = (); }; };
		044599FE1BBFD5F700F9E160 /* MJRefreshAutoGifFooter.m in Sources */ = {isa = PBXBuildFile; fileRef = 044599DC1BBFD5F700F9E160 /* MJRefreshAutoGifFooter.m */; settings = {ASSET_TAGS = (); }; };
		044599FF1BBFD5F700F9E160 /* MJRefreshAutoNormalFooter.m in Sources */ = {isa = PBXBuildFile; fileRef = 044599DE1BBFD5F700F9E160 /* MJRefreshAutoNormalFooter.m */; settings = {ASSET_TAGS = (); }; };
		04459A001BBFD5F700F9E160 /* MJRefreshAutoStateFooter.m in Sources */ = {isa = PBXBuildFile; fileRef = 044599E01BBFD5F700F9E160 /* MJRefreshAutoStateFooter.m */; settings = {ASSET_TAGS = (); }; };
		04459A011BBFD5F700F9E160 /* MJRefreshBackGifFooter.m in Sources */ = {isa = PBXBuildFile; fileRef = 044599E31BBFD5F700F9E160 /* MJRefreshBackGifFooter.m */; settings = {ASSET_TAGS = (); }; };
		04459A021BBFD5F700F9E160 /* MJRefreshBackNormalFooter.m in Sources */ = {isa = PBXBuildFile; fileRef = 044599E51BBFD5F700F9E160 /* MJRefreshBackNormalFooter.m */; settings = {ASSET_TAGS = (); }; };
		04459A031BBFD5F700F9E160 /* MJRefreshBackStateFooter.m in Sources */ = {isa = PBXBuildFile; fileRef = 044599E71BBFD5F700F9E160 /* MJRefreshBackStateFooter.m */; settings = {ASSET_TAGS = (); }; };
		04459A041BBFD5F700F9E160 /* MJRefreshGifHeader.m in Sources */ = {isa = PBXBuildFile; fileRef = 044599EA1BBFD5F700F9E160 /* MJRefreshGifHeader.m */; settings = {ASSET_TAGS = (); }; };
		04459A051BBFD5F700F9E160 /* MJRefreshNormalHeader.m in Sources */ = {isa = PBXBuildFile; fileRef = 044599EC1BBFD5F700F9E160 /* MJRefreshNormalHeader.m */; settings = {ASSET_TAGS = (); }; };
		04459A061BBFD5F700F9E160 /* MJRefreshStateHeader.m in Sources */ = {isa = PBXBuildFile; fileRef = 044599EE1BBFD5F700F9E160 /* MJRefreshStateHeader.m */; settings = {ASSET_TAGS = (); }; };
		04459A071BBFD5F700F9E160 /* MJRefresh.bundle in Resources */ = {isa = PBXBuildFile; fileRef = 044599EF1BBFD5F700F9E160 /* MJRefresh.bundle */; settings = {ASSET_TAGS = (); }; };
		04459A081BBFD5F700F9E160 /* MJRefreshConst.m in Sources */ = {isa = PBXBuildFile; fileRef = 044599F21BBFD5F700F9E160 /* MJRefreshConst.m */; settings = {ASSET_TAGS = (); }; };
		04459A091BBFD5F700F9E160 /* UIScrollView+MJExtension.m in Sources */ = {isa = PBXBuildFile; fileRef = 044599F41BBFD5F700F9E160 /* UIScrollView+MJExtension.m */; settings = {ASSET_TAGS = (); }; };
		04459A0A1BBFD5F700F9E160 /* UIScrollView+MJRefresh.m in Sources */ = {isa = PBXBuildFile; fileRef = 044599F61BBFD5F700F9E160 /* UIScrollView+MJRefresh.m */; settings = {ASSET_TAGS = (); }; };
		04459A0B1BBFD5F700F9E160 /* UIView+MJExtension.m in Sources */ = {isa = PBXBuildFile; fileRef = 044599F81BBFD5F700F9E160 /* UIView+MJExtension.m */; settings = {ASSET_TAGS = (); }; };
		04459A0E1BBFDE4C00F9E160 /* NetworkService.m in Sources */ = {isa = PBXBuildFile; fileRef = 04459A0D1BBFDE4C00F9E160 /* NetworkService.m */; settings = {ASSET_TAGS = (); }; };
		04459A111BBFDFFA00F9E160 /* NetworkPort.m in Sources */ = {isa = PBXBuildFile; fileRef = 04459A101BBFDFFA00F9E160 /* NetworkPort.m */; settings = {ASSET_TAGS = (); }; };
		04459A141BBFEE0900F9E160 /* UtilsCommon.m in Sources */ = {isa = PBXBuildFile; fileRef = 04459A131BBFEE0900F9E160 /* UtilsCommon.m */; settings = {ASSET_TAGS = (); }; };
		046E5D601BC536D400198574 /* Bugly.framework in Frameworks */ = {isa = PBXBuildFile; fileRef = 046E5D5F1BC536D400198574 /* Bugly.framework */; settings = {ASSET_TAGS = (); }; };
		046E5D621BC53A7500198574 /* SystemConfiguration.framework in Frameworks */ = {isa = PBXBuildFile; fileRef = 046E5D611BC53A7500198574 /* SystemConfiguration.framework */; };
		046E5D641BC53A9800198574 /* Security.framework in Frameworks */ = {isa = PBXBuildFile; fileRef = 046E5D631BC53A9800198574 /* Security.framework */; };
		046E5D661BC53AB200198574 /* libz.tbd in Frameworks */ = {isa = PBXBuildFile; fileRef = 046E5D651BC53AB200198574 /* libz.tbd */; };
		046E5D681BC53AC400198574 /* libc++.tbd in Frameworks */ = {isa = PBXBuildFile; fileRef = 046E5D671BC53AC400198574 /* libc++.tbd */; };
		049184D71BC3B385001D31B1 /* VideoDetailCell.m in Sources */ = {isa = PBXBuildFile; fileRef = 049184D61BC3B385001D31B1 /* VideoDetailCell.m */; settings = {ASSET_TAGS = (); }; };
		049184DE1BC3C724001D31B1 /* RecommendMadel.m in Sources */ = {isa = PBXBuildFile; fileRef = 049184D91BC3C724001D31B1 /* RecommendMadel.m */; settings = {ASSET_TAGS = (); }; };
		049184DF1BC3C724001D31B1 /* ReqInfo.m in Sources */ = {isa = PBXBuildFile; fileRef = 049184DB1BC3C724001D31B1 /* ReqInfo.m */; settings = {ASSET_TAGS = (); }; };
		049184E01BC3C724001D31B1 /* Results.m in Sources */ = {isa = PBXBuildFile; fileRef = 049184DD1BC3C724001D31B1 /* Results.m */; settings = {ASSET_TAGS = (); }; };
		04D5CAA81BC12066008E943F /* Banner.m in Sources */ = {isa = PBXBuildFile; fileRef = 04D5CA9C1BC12066008E943F /* Banner.m */; settings = {ASSET_TAGS = (); }; };
		04D5CAA91BC12066008E943F /* Boxes.m in Sources */ = {isa = PBXBuildFile; fileRef = 04D5CA9E1BC12066008E943F /* Boxes.m */; settings = {ASSET_TAGS = (); }; };
		04D5CAAA1BC12066008E943F /* GameInformation.m in Sources */ = {isa = PBXBuildFile; fileRef = 04D5CAA11BC12066008E943F /* GameInformation.m */; settings = {ASSET_TAGS = (); }; };
		04D5CAAB1BC12066008E943F /* HomeModel.m in Sources */ = {isa = PBXBuildFile; fileRef = 04D5CAA31BC12066008E943F /* HomeModel.m */; settings = {ASSET_TAGS = (); }; };
		04D5CAAC1BC12066008E943F /* Videos.m in Sources */ = {isa = PBXBuildFile; fileRef = 04D5CAA51BC12066008E943F /* Videos.m */; settings = {ASSET_TAGS = (); }; };
		04D5CAAD1BC12066008E943F /* VipInformation.m in Sources */ = {isa = PBXBuildFile; fileRef = 04D5CAA71BC12066008E943F /* VipInformation.m */; settings = {ASSET_TAGS = (); }; };
/* End PBXBuildFile section */

/* Begin PBXContainerItemProxy section */
		044598EB1BBF7F0C00F9E160 /* PBXContainerItemProxy */ = {
			isa = PBXContainerItemProxy;
			containerPortal = 044598C91BBF7F0C00F9E160 /* Project object */;
			proxyType = 1;
			remoteGlobalIDString = 044598D01BBF7F0C00F9E160;
			remoteInfo = MVPlayer;
		};
		044598F61BBF7F0C00F9E160 /* PBXContainerItemProxy */ = {
			isa = PBXContainerItemProxy;
			containerPortal = 044598C91BBF7F0C00F9E160 /* Project object */;
			proxyType = 1;
			remoteGlobalIDString = 044598D01BBF7F0C00F9E160;
			remoteInfo = MVPlayer;
		};
/* End PBXContainerItemProxy section */

/* Begin PBXFileReference section */
		041BEB971BC21D7C004AECB6 /* BoxView.h */ = {isa = PBXFileReference; fileEncoding = 4; lastKnownFileType = sourcecode.c.h; path = BoxView.h; sourceTree = "<group>"; };
		041BEB981BC21D7C004AECB6 /* BoxView.m */ = {isa = PBXFileReference; fileEncoding = 4; lastKnownFileType = sourcecode.c.objc; path = BoxView.m; sourceTree = "<group>"; };
		041BEB9A1BC21DA4004AECB6 /* VideoView.h */ = {isa = PBXFileReference; fileEncoding = 4; lastKnownFileType = sourcecode.c.h; path = VideoView.h; sourceTree = "<group>"; };
		041BEB9B1BC21DA4004AECB6 /* VideoView.m */ = {isa = PBXFileReference; fileEncoding = 4; lastKnownFileType = sourcecode.c.objc; path = VideoView.m; sourceTree = "<group>"; };
		0433AF531BC2B38400ACFC74 /* VideoDetailController.h */ = {isa = PBXFileReference; fileEncoding = 4; lastKnownFileType = sourcecode.c.h; path = VideoDetailController.h; sourceTree = "<group>"; };
		0433AF541BC2B38500ACFC74 /* VideoDetailController.m */ = {isa = PBXFileReference; fileEncoding = 4; lastKnownFileType = sourcecode.c.objc; path = VideoDetailController.m; sourceTree = "<group>"; };
		0433AF561BC2D53B00ACFC74 /* Detail.h */ = {isa = PBXFileReference; fileEncoding = 4; lastKnownFileType = sourcecode.c.h; path = Detail.h; sourceTree = "<group>"; };
		0433AF571BC2D53B00ACFC74 /* Detail.m */ = {isa = PBXFileReference; fileEncoding = 4; lastKnownFileType = sourcecode.c.objc; path = Detail.m; sourceTree = "<group>"; };
		0433AF581BC2D53B00ACFC74 /* VideoResponce.h */ = {isa = PBXFileReference; fileEncoding = 4; lastKnownFileType = sourcecode.c.h; path = VideoResponce.h; sourceTree = "<group>"; };
		0433AF591BC2D53B00ACFC74 /* VideoResponce.m */ = {isa = PBXFileReference; fileEncoding = 4; lastKnownFileType = sourcecode.c.objc; path = VideoResponce.m; sourceTree = "<group>"; };
		044598D11BBF7F0C00F9E160 /* MVPlayer.app */ = {isa = PBXFileReference; explicitFileType = wrapper.application; includeInIndex = 0; path = MVPlayer.app; sourceTree = BUILT_PRODUCTS_DIR; };
		044598D51BBF7F0C00F9E160 /* main.m */ = {isa = PBXFileReference; lastKnownFileType = sourcecode.c.objc; path = main.m; sourceTree = "<group>"; };
		044598D71BBF7F0C00F9E160 /* AppDelegate.h */ = {isa = PBXFileReference; lastKnownFileType = sourcecode.c.h; path = AppDelegate.h; sourceTree = "<group>"; };
		044598D81BBF7F0C00F9E160 /* AppDelegate.m */ = {isa = PBXFileReference; lastKnownFileType = sourcecode.c.objc; path = AppDelegate.m; sourceTree = "<group>"; };
		044598DE1BBF7F0C00F9E160 /* Base */ = {isa = PBXFileReference; lastKnownFileType = file.storyboard; name = Base; path = Base.lproj/Main.storyboard; sourceTree = "<group>"; };
		044598E01BBF7F0C00F9E160 /* Assets.xcassets */ = {isa = PBXFileReference; lastKnownFileType = folder.assetcatalog; name = Assets.xcassets; path = ../Assets.xcassets; sourceTree = "<group>"; };
		044598E31BBF7F0C00F9E160 /* Base */ = {isa = PBXFileReference; lastKnownFileType = file.storyboard; name = Base; path = Base.lproj/LaunchScreen.storyboard; sourceTree = "<group>"; };
		044598E51BBF7F0C00F9E160 /* Info.plist */ = {isa = PBXFileReference; lastKnownFileType = text.plist.xml; name = Info.plist; path = ../Info.plist; sourceTree = "<group>"; };
		044598EA1BBF7F0C00F9E160 /* MVPlayerTests.xctest */ = {isa = PBXFileReference; explicitFileType = wrapper.cfbundle; includeInIndex = 0; path = MVPlayerTests.xctest; sourceTree = BUILT_PRODUCTS_DIR; };
		044598EE1BBF7F0C00F9E160 /* MVPlayerTests.m */ = {isa = PBXFileReference; lastKnownFileType = sourcecode.c.objc; path = MVPlayerTests.m; sourceTree = "<group>"; };
		044598F01BBF7F0C00F9E160 /* Info.plist */ = {isa = PBXFileReference; lastKnownFileType = text.plist.xml; path = Info.plist; sourceTree = "<group>"; };
		044598F51BBF7F0C00F9E160 /* MVPlayerUITests.xctest */ = {isa = PBXFileReference; explicitFileType = wrapper.cfbundle; includeInIndex = 0; path = MVPlayerUITests.xctest; sourceTree = BUILT_PRODUCTS_DIR; };
		044598F91BBF7F0C00F9E160 /* MVPlayerUITests.m */ = {isa = PBXFileReference; lastKnownFileType = sourcecode.c.objc; path = MVPlayerUITests.m; sourceTree = "<group>"; };
		044598FB1BBF7F0C00F9E160 /* Info.plist */ = {isa = PBXFileReference; lastKnownFileType = text.plist.xml; path = Info.plist; sourceTree = "<group>"; };
		0445990A1BBF7F6C00F9E160 /* BaseViewController.h */ = {isa = PBXFileReference; fileEncoding = 4; lastKnownFileType = sourcecode.c.h; path = BaseViewController.h; sourceTree = "<group>"; };
		0445990B1BBF7F6C00F9E160 /* BaseViewController.m */ = {isa = PBXFileReference; fileEncoding = 4; lastKnownFileType = sourcecode.c.objc; path = BaseViewController.m; sourceTree = "<group>"; };
		0445990C1BBF7F6C00F9E160 /* NavigationController.h */ = {isa = PBXFileReference; fileEncoding = 4; lastKnownFileType = sourcecode.c.h; path = NavigationController.h; sourceTree = "<group>"; };
		0445990D1BBF7F6C00F9E160 /* NavigationController.m */ = {isa = PBXFileReference; fileEncoding = 4; lastKnownFileType = sourcecode.c.objc; path = NavigationController.m; sourceTree = "<group>"; };
		0445990E1BBF7F6C00F9E160 /* TabBarController.h */ = {isa = PBXFileReference; fileEncoding = 4; lastKnownFileType = sourcecode.c.h; path = TabBarController.h; sourceTree = "<group>"; };
		0445990F1BBF7F6C00F9E160 /* TabBarController.m */ = {isa = PBXFileReference; fileEncoding = 4; lastKnownFileType = sourcecode.c.objc; path = TabBarController.m; sourceTree = "<group>"; };
		044599121BBF7F6C00F9E160 /* ChoiceViewController.h */ = {isa = PBXFileReference; fileEncoding = 4; lastKnownFileType = sourcecode.c.h; path = ChoiceViewController.h; sourceTree = "<group>"; };
		044599131BBF7F6C00F9E160 /* ChoiceViewController.m */ = {isa = PBXFileReference; fileEncoding = 4; lastKnownFileType = sourcecode.c.objc; path = ChoiceViewController.m; sourceTree = "<group>"; };
		044599181BBF7F6C00F9E160 /* DiscoverViewController.h */ = {isa = PBXFileReference; fileEncoding = 4; lastKnownFileType = sourcecode.c.h; path = DiscoverViewController.h; sourceTree = "<group>"; };
		044599191BBF7F6C00F9E160 /* DiscoverViewController.m */ = {isa = PBXFileReference; fileEncoding = 4; lastKnownFileType = sourcecode.c.objc; path = DiscoverViewController.m; sourceTree = "<group>"; };
		044599211BBF7F6C00F9E160 /* ApiMacro.h */ = {isa = PBXFileReference; fileEncoding = 4; lastKnownFileType = sourcecode.c.h; path = ApiMacro.h; sourceTree = "<group>"; };
		044599221BBF7F6C00F9E160 /* AppMacro.h */ = {isa = PBXFileReference; fileEncoding = 4; lastKnownFileType = sourcecode.c.h; path = AppMacro.h; sourceTree = "<group>"; };
		044599231BBF7F6C00F9E160 /* NotificationMacro.h */ = {isa = PBXFileReference; fileEncoding = 4; lastKnownFileType = sourcecode.c.h; path = NotificationMacro.h; sourceTree = "<group>"; };
		044599241BBF7F6C00F9E160 /* UtilsMacro.h */ = {isa = PBXFileReference; fileEncoding = 4; lastKnownFileType = sourcecode.c.h; path = UtilsMacro.h; sourceTree = "<group>"; };
		044599251BBF7F6C00F9E160 /* VendorMacro.h */ = {isa = PBXFileReference; fileEncoding = 4; lastKnownFileType = sourcecode.c.h; path = VendorMacro.h; sourceTree = "<group>"; };
		044599291BBF7F6C00F9E160 /* MineViewController.h */ = {isa = PBXFileReference; fileEncoding = 4; lastKnownFileType = sourcecode.c.h; path = MineViewController.h; sourceTree = "<group>"; };
		0445992A1BBF7F6C00F9E160 /* MineViewController.m */ = {isa = PBXFileReference; fileEncoding = 4; lastKnownFileType = sourcecode.c.objc; path = MineViewController.m; sourceTree = "<group>"; };
		0445992F1BBF7F6C00F9E160 /* SubscribeViewController.h */ = {isa = PBXFileReference; fileEncoding = 4; lastKnownFileType = sourcecode.c.h; path = SubscribeViewController.h; sourceTree = "<group>"; };
		044599301BBF7F6C00F9E160 /* SubscribeViewController.m */ = {isa = PBXFileReference; fileEncoding = 4; lastKnownFileType = sourcecode.c.objc; path = SubscribeViewController.m; sourceTree = "<group>"; };
		0445993B1BBF802D00F9E160 /* MVPlayer-Prefixpch.pch */ = {isa = PBXFileReference; fileEncoding = 4; lastKnownFileType = sourcecode.c.h; path = "MVPlayer-Prefixpch.pch"; sourceTree = "<group>"; };
		0445993D1BBFD21200F9E160 /* AFHTTPRequestOperation.h */ = {isa = PBXFileReference; fileEncoding = 4; lastKnownFileType = sourcecode.c.h; path = AFHTTPRequestOperation.h; sourceTree = "<group>"; };
		0445993E1BBFD21200F9E160 /* AFHTTPRequestOperation.m */ = {isa = PBXFileReference; fileEncoding = 4; lastKnownFileType = sourcecode.c.objc; path = AFHTTPRequestOperation.m; sourceTree = "<group>"; };
		0445993F1BBFD21200F9E160 /* AFHTTPRequestOperationManager.h */ = {isa = PBXFileReference; fileEncoding = 4; lastKnownFileType = sourcecode.c.h; path = AFHTTPRequestOperationManager.h; sourceTree = "<group>"; };
		044599401BBFD21200F9E160 /* AFHTTPRequestOperationManager.m */ = {isa = PBXFileReference; fileEncoding = 4; lastKnownFileType = sourcecode.c.objc; path = AFHTTPRequestOperationManager.m; sourceTree = "<group>"; };
		044599411BBFD21200F9E160 /* AFHTTPSessionManager.h */ = {isa = PBXFileReference; fileEncoding = 4; lastKnownFileType = sourcecode.c.h; path = AFHTTPSessionManager.h; sourceTree = "<group>"; };
		044599421BBFD21200F9E160 /* AFHTTPSessionManager.m */ = {isa = PBXFileReference; fileEncoding = 4; lastKnownFileType = sourcecode.c.objc; path = AFHTTPSessionManager.m; sourceTree = "<group>"; };
		044599431BBFD21200F9E160 /* AFNetworking.h */ = {isa = PBXFileReference; fileEncoding = 4; lastKnownFileType = sourcecode.c.h; path = AFNetworking.h; sourceTree = "<group>"; };
		044599441BBFD21200F9E160 /* AFNetworkReachabilityManager.h */ = {isa = PBXFileReference; fileEncoding = 4; lastKnownFileType = sourcecode.c.h; path = AFNetworkReachabilityManager.h; sourceTree = "<group>"; };
		044599451BBFD21200F9E160 /* AFNetworkReachabilityManager.m */ = {isa = PBXFileReference; fileEncoding = 4; lastKnownFileType = sourcecode.c.objc; path = AFNetworkReachabilityManager.m; sourceTree = "<group>"; };
		044599461BBFD21200F9E160 /* AFSecurityPolicy.h */ = {isa = PBXFileReference; fileEncoding = 4; lastKnownFileType = sourcecode.c.h; path = AFSecurityPolicy.h; sourceTree = "<group>"; };
		044599471BBFD21200F9E160 /* AFSecurityPolicy.m */ = {isa = PBXFileReference; fileEncoding = 4; lastKnownFileType = sourcecode.c.objc; path = AFSecurityPolicy.m; sourceTree = "<group>"; };
		044599481BBFD21200F9E160 /* AFURLConnectionOperation.h */ = {isa = PBXFileReference; fileEncoding = 4; lastKnownFileType = sourcecode.c.h; path = AFURLConnectionOperation.h; sourceTree = "<group>"; };
		044599491BBFD21200F9E160 /* AFURLConnectionOperation.m */ = {isa = PBXFileReference; fileEncoding = 4; lastKnownFileType = sourcecode.c.objc; path = AFURLConnectionOperation.m; sourceTree = "<group>"; };
		0445994A1BBFD21200F9E160 /* AFURLRequestSerialization.h */ = {isa = PBXFileReference; fileEncoding = 4; lastKnownFileType = sourcecode.c.h; path = AFURLRequestSerialization.h; sourceTree = "<group>"; };
		0445994B1BBFD21200F9E160 /* AFURLRequestSerialization.m */ = {isa = PBXFileReference; fileEncoding = 4; lastKnownFileType = sourcecode.c.objc; path = AFURLRequestSerialization.m; sourceTree = "<group>"; };
		0445994C1BBFD21200F9E160 /* AFURLResponseSerialization.h */ = {isa = PBXFileReference; fileEncoding = 4; lastKnownFileType = sourcecode.c.h; path = AFURLResponseSerialization.h; sourceTree = "<group>"; };
		0445994D1BBFD21200F9E160 /* AFURLResponseSerialization.m */ = {isa = PBXFileReference; fileEncoding = 4; lastKnownFileType = sourcecode.c.objc; path = AFURLResponseSerialization.m; sourceTree = "<group>"; };
		0445994E1BBFD21200F9E160 /* AFURLSessionManager.h */ = {isa = PBXFileReference; fileEncoding = 4; lastKnownFileType = sourcecode.c.h; path = AFURLSessionManager.h; sourceTree = "<group>"; };
		0445994F1BBFD21200F9E160 /* AFURLSessionManager.m */ = {isa = PBXFileReference; fileEncoding = 4; lastKnownFileType = sourcecode.c.objc; path = AFURLSessionManager.m; sourceTree = "<group>"; };
		0445995A1BBFD26C00F9E160 /* NSData+SDDataCache.h */ = {isa = PBXFileReference; fileEncoding = 4; lastKnownFileType = sourcecode.c.h; path = "NSData+SDDataCache.h"; sourceTree = "<group>"; };
		0445995B1BBFD26C00F9E160 /* NSData+SDDataCache.m */ = {isa = PBXFileReference; fileEncoding = 4; lastKnownFileType = sourcecode.c.objc; path = "NSData+SDDataCache.m"; sourceTree = "<group>"; };
		0445995D1BBFD26C00F9E160 /* TAAbstractDotView.h */ = {isa = PBXFileReference; fileEncoding = 4; lastKnownFileType = sourcecode.c.h; path = TAAbstractDotView.h; sourceTree = "<group>"; };
		0445995E1BBFD26C00F9E160 /* TAAbstractDotView.m */ = {isa = PBXFileReference; fileEncoding = 4; lastKnownFileType = sourcecode.c.objc; path = TAAbstractDotView.m; sourceTree = "<group>"; };
		0445995F1BBFD26C00F9E160 /* TAAnimatedDotView.h */ = {isa = PBXFileReference; fileEncoding = 4; lastKnownFileType = sourcecode.c.h; path = TAAnimatedDotView.h; sourceTree = "<group>"; };
		044599601BBFD26C00F9E160 /* TAAnimatedDotView.m */ = {isa = PBXFileReference; fileEncoding = 4; lastKnownFileType = sourcecode.c.objc; path = TAAnimatedDotView.m; sourceTree = "<group>"; };
		044599611BBFD26C00F9E160 /* TADotView.h */ = {isa = PBXFileReference; fileEncoding = 4; lastKnownFileType = sourcecode.c.h; path = TADotView.h; sourceTree = "<group>"; };
		044599621BBFD26C00F9E160 /* TADotView.m */ = {isa = PBXFileReference; fileEncoding = 4; lastKnownFileType = sourcecode.c.objc; path = TADotView.m; sourceTree = "<group>"; };
		044599631BBFD26C00F9E160 /* TAPageControl.h */ = {isa = PBXFileReference; fileEncoding = 4; lastKnownFileType = sourcecode.c.h; path = TAPageControl.h; sourceTree = "<group>"; };
		044599641BBFD26C00F9E160 /* TAPageControl.m */ = {isa = PBXFileReference; fileEncoding = 4; lastKnownFileType = sourcecode.c.objc; path = TAPageControl.m; sourceTree = "<group>"; };
		044599651BBFD26C00F9E160 /* SDCollectionViewCell.h */ = {isa = PBXFileReference; fileEncoding = 4; lastKnownFileType = sourcecode.c.h; path = SDCollectionViewCell.h; sourceTree = "<group>"; };
		044599661BBFD26C00F9E160 /* SDCollectionViewCell.m */ = {isa = PBXFileReference; fileEncoding = 4; lastKnownFileType = sourcecode.c.objc; path = SDCollectionViewCell.m; sourceTree = "<group>"; };
		044599671BBFD26C00F9E160 /* SDCycleScrollView.h */ = {isa = PBXFileReference; fileEncoding = 4; lastKnownFileType = sourcecode.c.h; path = SDCycleScrollView.h; sourceTree = "<group>"; };
		044599681BBFD26C00F9E160 /* SDCycleScrollView.m */ = {isa = PBXFileReference; fileEncoding = 4; lastKnownFileType = sourcecode.c.objc; path = SDCycleScrollView.m; sourceTree = "<group>"; };
		044599691BBFD26C00F9E160 /* UIView+SDExtension.h */ = {isa = PBXFileReference; fileEncoding = 4; lastKnownFileType = sourcecode.c.h; path = "UIView+SDExtension.h"; sourceTree = "<group>"; };
		0445996A1BBFD26C00F9E160 /* UIView+SDExtension.m */ = {isa = PBXFileReference; fileEncoding = 4; lastKnownFileType = sourcecode.c.objc; path = "UIView+SDExtension.m"; sourceTree = "<group>"; };
		044599741BBFD2CD00F9E160 /* MKAnnotationView+WebCache.h */ = {isa = PBXFileReference; fileEncoding = 4; lastKnownFileType = sourcecode.c.h; path = "MKAnnotationView+WebCache.h"; sourceTree = "<group>"; };
		044599751BBFD2CD00F9E160 /* MKAnnotationView+WebCache.m */ = {isa = PBXFileReference; fileEncoding = 4; lastKnownFileType = sourcecode.c.objc; path = "MKAnnotationView+WebCache.m"; sourceTree = "<group>"; };
		044599761BBFD2CD00F9E160 /* NSData+ImageContentType.h */ = {isa = PBXFileReference; fileEncoding = 4; lastKnownFileType = sourcecode.c.h; path = "NSData+ImageContentType.h"; sourceTree = "<group>"; };
		044599771BBFD2CD00F9E160 /* NSData+ImageContentType.m */ = {isa = PBXFileReference; fileEncoding = 4; lastKnownFileType = sourcecode.c.objc; path = "NSData+ImageContentType.m"; sourceTree = "<group>"; };
		044599781BBFD2CD00F9E160 /* SDImageCache.h */ = {isa = PBXFileReference; fileEncoding = 4; lastKnownFileType = sourcecode.c.h; path = SDImageCache.h; sourceTree = "<group>"; };
		044599791BBFD2CD00F9E160 /* SDImageCache.m */ = {isa = PBXFileReference; fileEncoding = 4; lastKnownFileType = sourcecode.c.objc; path = SDImageCache.m; sourceTree = "<group>"; };
		0445997A1BBFD2CD00F9E160 /* SDWebImageCompat.h */ = {isa = PBXFileReference; fileEncoding = 4; lastKnownFileType = sourcecode.c.h; path = SDWebImageCompat.h; sourceTree = "<group>"; };
		0445997B1BBFD2CD00F9E160 /* SDWebImageCompat.m */ = {isa = PBXFileReference; fileEncoding = 4; lastKnownFileType = sourcecode.c.objc; path = SDWebImageCompat.m; sourceTree = "<group>"; };
		0445997C1BBFD2CD00F9E160 /* SDWebImageDecoder.h */ = {isa = PBXFileReference; fileEncoding = 4; lastKnownFileType = sourcecode.c.h; path = SDWebImageDecoder.h; sourceTree = "<group>"; };
		0445997D1BBFD2CD00F9E160 /* SDWebImageDecoder.m */ = {isa = PBXFileReference; fileEncoding = 4; lastKnownFileType = sourcecode.c.objc; path = SDWebImageDecoder.m; sourceTree = "<group>"; };
		0445997E1BBFD2CD00F9E160 /* SDWebImageDownloader.h */ = {isa = PBXFileReference; fileEncoding = 4; lastKnownFileType = sourcecode.c.h; path = SDWebImageDownloader.h; sourceTree = "<group>"; };
		0445997F1BBFD2CD00F9E160 /* SDWebImageDownloader.m */ = {isa = PBXFileReference; fileEncoding = 4; lastKnownFileType = sourcecode.c.objc; path = SDWebImageDownloader.m; sourceTree = "<group>"; };
		044599801BBFD2CD00F9E160 /* SDWebImageDownloaderOperation.h */ = {isa = PBXFileReference; fileEncoding = 4; lastKnownFileType = sourcecode.c.h; path = SDWebImageDownloaderOperation.h; sourceTree = "<group>"; };
		044599811BBFD2CD00F9E160 /* SDWebImageDownloaderOperation.m */ = {isa = PBXFileReference; fileEncoding = 4; lastKnownFileType = sourcecode.c.objc; path = SDWebImageDownloaderOperation.m; sourceTree = "<group>"; };
		044599821BBFD2CD00F9E160 /* SDWebImageManager.h */ = {isa = PBXFileReference; fileEncoding = 4; lastKnownFileType = sourcecode.c.h; path = SDWebImageManager.h; sourceTree = "<group>"; };
		044599831BBFD2CD00F9E160 /* SDWebImageManager.m */ = {isa = PBXFileReference; fileEncoding = 4; lastKnownFileType = sourcecode.c.objc; path = SDWebImageManager.m; sourceTree = "<group>"; };
		044599841BBFD2CD00F9E160 /* SDWebImageOperation.h */ = {isa = PBXFileReference; fileEncoding = 4; lastKnownFileType = sourcecode.c.h; path = SDWebImageOperation.h; sourceTree = "<group>"; };
		044599851BBFD2CD00F9E160 /* SDWebImagePrefetcher.h */ = {isa = PBXFileReference; fileEncoding = 4; lastKnownFileType = sourcecode.c.h; path = SDWebImagePrefetcher.h; sourceTree = "<group>"; };
		044599861BBFD2CD00F9E160 /* SDWebImagePrefetcher.m */ = {isa = PBXFileReference; fileEncoding = 4; lastKnownFileType = sourcecode.c.objc; path = SDWebImagePrefetcher.m; sourceTree = "<group>"; };
		044599871BBFD2CD00F9E160 /* UIButton+WebCache.h */ = {isa = PBXFileReference; fileEncoding = 4; lastKnownFileType = sourcecode.c.h; path = "UIButton+WebCache.h"; sourceTree = "<group>"; };
		044599881BBFD2CD00F9E160 /* UIButton+WebCache.m */ = {isa = PBXFileReference; fileEncoding = 4; lastKnownFileType = sourcecode.c.objc; path = "UIButton+WebCache.m"; sourceTree = "<group>"; };
		044599891BBFD2CD00F9E160 /* UIImage+GIF.h */ = {isa = PBXFileReference; fileEncoding = 4; lastKnownFileType = sourcecode.c.h; path = "UIImage+GIF.h"; sourceTree = "<group>"; };
		0445998A1BBFD2CD00F9E160 /* UIImage+GIF.m */ = {isa = PBXFileReference; fileEncoding = 4; lastKnownFileType = sourcecode.c.objc; path = "UIImage+GIF.m"; sourceTree = "<group>"; };
		0445998B1BBFD2CD00F9E160 /* UIImage+MultiFormat.h */ = {isa = PBXFileReference; fileEncoding = 4; lastKnownFileType = sourcecode.c.h; path = "UIImage+MultiFormat.h"; sourceTree = "<group>"; };
		0445998C1BBFD2CD00F9E160 /* UIImage+MultiFormat.m */ = {isa = PBXFileReference; fileEncoding = 4; lastKnownFileType = sourcecode.c.objc; path = "UIImage+MultiFormat.m"; sourceTree = "<group>"; };
		0445998D1BBFD2CD00F9E160 /* UIImage+WebP.h */ = {isa = PBXFileReference; fileEncoding = 4; lastKnownFileType = sourcecode.c.h; path = "UIImage+WebP.h"; sourceTree = "<group>"; };
		0445998E1BBFD2CD00F9E160 /* UIImage+WebP.m */ = {isa = PBXFileReference; fileEncoding = 4; lastKnownFileType = sourcecode.c.objc; path = "UIImage+WebP.m"; sourceTree = "<group>"; };
		0445998F1BBFD2CD00F9E160 /* UIImageView+HighlightedWebCache.h */ = {isa = PBXFileReference; fileEncoding = 4; lastKnownFileType = sourcecode.c.h; path = "UIImageView+HighlightedWebCache.h"; sourceTree = "<group>"; };
		044599901BBFD2CD00F9E160 /* UIImageView+HighlightedWebCache.m */ = {isa = PBXFileReference; fileEncoding = 4; lastKnownFileType = sourcecode.c.objc; path = "UIImageView+HighlightedWebCache.m"; sourceTree = "<group>"; };
		044599911BBFD2CD00F9E160 /* UIImageView+WebCache.h */ = {isa = PBXFileReference; fileEncoding = 4; lastKnownFileType = sourcecode.c.h; path = "UIImageView+WebCache.h"; sourceTree = "<group>"; };
		044599921BBFD2CD00F9E160 /* UIImageView+WebCache.m */ = {isa = PBXFileReference; fileEncoding = 4; lastKnownFileType = sourcecode.c.objc; path = "UIImageView+WebCache.m"; sourceTree = "<group>"; };
		044599931BBFD2CD00F9E160 /* UIView+WebCacheOperation.h */ = {isa = PBXFileReference; fileEncoding = 4; lastKnownFileType = sourcecode.c.h; path = "UIView+WebCacheOperation.h"; sourceTree = "<group>"; };
		044599941BBFD2CD00F9E160 /* UIView+WebCacheOperation.m */ = {isa = PBXFileReference; fileEncoding = 4; lastKnownFileType = sourcecode.c.objc; path = "UIView+WebCacheOperation.m"; sourceTree = "<group>"; };
		044599A61BBFD38D00F9E160 /* MBProgressHUD.h */ = {isa = PBXFileReference; fileEncoding = 4; lastKnownFileType = sourcecode.c.h; path = MBProgressHUD.h; sourceTree = "<group>"; };
		044599A71BBFD38D00F9E160 /* MBProgressHUD.m */ = {isa = PBXFileReference; fileEncoding = 4; lastKnownFileType = sourcecode.c.objc; path = MBProgressHUD.m; sourceTree = "<group>"; };
		044599AA1BBFD3FE00F9E160 /* MJDictionaryCache.h */ = {isa = PBXFileReference; fileEncoding = 4; lastKnownFileType = sourcecode.c.h; path = MJDictionaryCache.h; sourceTree = "<group>"; };
		044599AB1BBFD3FE00F9E160 /* MJDictionaryCache.m */ = {isa = PBXFileReference; fileEncoding = 4; lastKnownFileType = sourcecode.c.objc; path = MJDictionaryCache.m; sourceTree = "<group>"; };
		044599AC1BBFD3FE00F9E160 /* MJExtension.h */ = {isa = PBXFileReference; fileEncoding = 4; lastKnownFileType = sourcecode.c.h; path = MJExtension.h; sourceTree = "<group>"; };
		044599AD1BBFD3FE00F9E160 /* MJExtensionConst.h */ = {isa = PBXFileReference; fileEncoding = 4; lastKnownFileType = sourcecode.c.h; path = MJExtensionConst.h; sourceTree = "<group>"; };
		044599AE1BBFD3FE00F9E160 /* MJExtensionConst.m */ = {isa = PBXFileReference; fileEncoding = 4; lastKnownFileType = sourcecode.c.objc; path = MJExtensionConst.m; sourceTree = "<group>"; };
		044599AF1BBFD3FE00F9E160 /* MJFoundation.h */ = {isa = PBXFileReference; fileEncoding = 4; lastKnownFileType = sourcecode.c.h; path = MJFoundation.h; sourceTree = "<group>"; };
		044599B01BBFD3FE00F9E160 /* MJFoundation.m */ = {isa = PBXFileReference; fileEncoding = 4; lastKnownFileType = sourcecode.c.objc; path = MJFoundation.m; sourceTree = "<group>"; };
		044599B11BBFD3FE00F9E160 /* MJProperty.h */ = {isa = PBXFileReference; fileEncoding = 4; lastKnownFileType = sourcecode.c.h; path = MJProperty.h; sourceTree = "<group>"; };
		044599B21BBFD3FE00F9E160 /* MJProperty.m */ = {isa = PBXFileReference; fileEncoding = 4; lastKnownFileType = sourcecode.c.objc; path = MJProperty.m; sourceTree = "<group>"; };
		044599B31BBFD3FE00F9E160 /* MJPropertyKey.h */ = {isa = PBXFileReference; fileEncoding = 4; lastKnownFileType = sourcecode.c.h; path = MJPropertyKey.h; sourceTree = "<group>"; };
		044599B41BBFD3FE00F9E160 /* MJPropertyKey.m */ = {isa = PBXFileReference; fileEncoding = 4; lastKnownFileType = sourcecode.c.objc; path = MJPropertyKey.m; sourceTree = "<group>"; };
		044599B51BBFD3FE00F9E160 /* MJPropertyType.h */ = {isa = PBXFileReference; fileEncoding = 4; lastKnownFileType = sourcecode.c.h; path = MJPropertyType.h; sourceTree = "<group>"; };
		044599B61BBFD3FE00F9E160 /* MJPropertyType.m */ = {isa = PBXFileReference; fileEncoding = 4; lastKnownFileType = sourcecode.c.objc; path = MJPropertyType.m; sourceTree = "<group>"; };
		044599B71BBFD3FE00F9E160 /* NSObject+MJClass.h */ = {isa = PBXFileReference; fileEncoding = 4; lastKnownFileType = sourcecode.c.h; path = "NSObject+MJClass.h"; sourceTree = "<group>"; };
		044599B81BBFD3FE00F9E160 /* NSObject+MJClass.m */ = {isa = PBXFileReference; fileEncoding = 4; lastKnownFileType = sourcecode.c.objc; path = "NSObject+MJClass.m"; sourceTree = "<group>"; };
		044599B91BBFD3FE00F9E160 /* NSObject+MJCoding.h */ = {isa = PBXFileReference; fileEncoding = 4; lastKnownFileType = sourcecode.c.h; path = "NSObject+MJCoding.h"; sourceTree = "<group>"; };
		044599BA1BBFD3FE00F9E160 /* NSObject+MJCoding.m */ = {isa = PBXFileReference; fileEncoding = 4; lastKnownFileType = sourcecode.c.objc; path = "NSObject+MJCoding.m"; sourceTree = "<group>"; };
		044599BB1BBFD3FE00F9E160 /* NSObject+MJKeyValue.h */ = {isa = PBXFileReference; fileEncoding = 4; lastKnownFileType = sourcecode.c.h; path = "NSObject+MJKeyValue.h"; sourceTree = "<group>"; };
		044599BC1BBFD3FE00F9E160 /* NSObject+MJKeyValue.m */ = {isa = PBXFileReference; fileEncoding = 4; lastKnownFileType = sourcecode.c.objc; path = "NSObject+MJKeyValue.m"; sourceTree = "<group>"; };
		044599BD1BBFD3FE00F9E160 /* NSObject+MJProperty.h */ = {isa = PBXFileReference; fileEncoding = 4; lastKnownFileType = sourcecode.c.h; path = "NSObject+MJProperty.h"; sourceTree = "<group>"; };
		044599BE1BBFD3FE00F9E160 /* NSObject+MJProperty.m */ = {isa = PBXFileReference; fileEncoding = 4; lastKnownFileType = sourcecode.c.objc; path = "NSObject+MJProperty.m"; sourceTree = "<group>"; };
		044599BF1BBFD3FE00F9E160 /* NSString+MJExtension.h */ = {isa = PBXFileReference; fileEncoding = 4; lastKnownFileType = sourcecode.c.h; path = "NSString+MJExtension.h"; sourceTree = "<group>"; };
		044599C01BBFD3FE00F9E160 /* NSString+MJExtension.m */ = {isa = PBXFileReference; fileEncoding = 4; lastKnownFileType = sourcecode.c.objc; path = "NSString+MJExtension.m"; sourceTree = "<group>"; };
		044599CE1BBFD5F700F9E160 /* MJRefreshAutoFooter.h */ = {isa = PBXFileReference; fileEncoding = 4; lastKnownFileType = sourcecode.c.h; path = MJRefreshAutoFooter.h; sourceTree = "<group>"; };
		044599CF1BBFD5F700F9E160 /* MJRefreshAutoFooter.m */ = {isa = PBXFileReference; fileEncoding = 4; lastKnownFileType = sourcecode.c.objc; path = MJRefreshAutoFooter.m; sourceTree = "<group>"; };
		044599D01BBFD5F700F9E160 /* MJRefreshBackFooter.h */ = {isa = PBXFileReference; fileEncoding = 4; lastKnownFileType = sourcecode.c.h; path = MJRefreshBackFooter.h; sourceTree = "<group>"; };
		044599D11BBFD5F700F9E160 /* MJRefreshBackFooter.m */ = {isa = PBXFileReference; fileEncoding = 4; lastKnownFileType = sourcecode.c.objc; path = MJRefreshBackFooter.m; sourceTree = "<group>"; };
		044599D21BBFD5F700F9E160 /* MJRefreshComponent.h */ = {isa = PBXFileReference; fileEncoding = 4; lastKnownFileType = sourcecode.c.h; path = MJRefreshComponent.h; sourceTree = "<group>"; };
		044599D31BBFD5F700F9E160 /* MJRefreshComponent.m */ = {isa = PBXFileReference; fileEncoding = 4; lastKnownFileType = sourcecode.c.objc; path = MJRefreshComponent.m; sourceTree = "<group>"; };
		044599D41BBFD5F700F9E160 /* MJRefreshFooter.h */ = {isa = PBXFileReference; fileEncoding = 4; lastKnownFileType = sourcecode.c.h; path = MJRefreshFooter.h; sourceTree = "<group>"; };
		044599D51BBFD5F700F9E160 /* MJRefreshFooter.m */ = {isa = PBXFileReference; fileEncoding = 4; lastKnownFileType = sourcecode.c.objc; path = MJRefreshFooter.m; sourceTree = "<group>"; };
		044599D61BBFD5F700F9E160 /* MJRefreshHeader.h */ = {isa = PBXFileReference; fileEncoding = 4; lastKnownFileType = sourcecode.c.h; path = MJRefreshHeader.h; sourceTree = "<group>"; };
		044599D71BBFD5F700F9E160 /* MJRefreshHeader.m */ = {isa = PBXFileReference; fileEncoding = 4; lastKnownFileType = sourcecode.c.objc; path = MJRefreshHeader.m; sourceTree = "<group>"; };
		044599DB1BBFD5F700F9E160 /* MJRefreshAutoGifFooter.h */ = {isa = PBXFileReference; fileEncoding = 4; lastKnownFileType = sourcecode.c.h; path = MJRefreshAutoGifFooter.h; sourceTree = "<group>"; };
		044599DC1BBFD5F700F9E160 /* MJRefreshAutoGifFooter.m */ = {isa = PBXFileReference; fileEncoding = 4; lastKnownFileType = sourcecode.c.objc; path = MJRefreshAutoGifFooter.m; sourceTree = "<group>"; };
		044599DD1BBFD5F700F9E160 /* MJRefreshAutoNormalFooter.h */ = {isa = PBXFileReference; fileEncoding = 4; lastKnownFileType = sourcecode.c.h; path = MJRefreshAutoNormalFooter.h; sourceTree = "<group>"; };
		044599DE1BBFD5F700F9E160 /* MJRefreshAutoNormalFooter.m */ = {isa = PBXFileReference; fileEncoding = 4; lastKnownFileType = sourcecode.c.objc; path = MJRefreshAutoNormalFooter.m; sourceTree = "<group>"; };
		044599DF1BBFD5F700F9E160 /* MJRefreshAutoStateFooter.h */ = {isa = PBXFileReference; fileEncoding = 4; lastKnownFileType = sourcecode.c.h; path = MJRefreshAutoStateFooter.h; sourceTree = "<group>"; };
		044599E01BBFD5F700F9E160 /* MJRefreshAutoStateFooter.m */ = {isa = PBXFileReference; fileEncoding = 4; lastKnownFileType = sourcecode.c.objc; path = MJRefreshAutoStateFooter.m; sourceTree = "<group>"; };
		044599E21BBFD5F700F9E160 /* MJRefreshBackGifFooter.h */ = {isa = PBXFileReference; fileEncoding = 4; lastKnownFileType = sourcecode.c.h; path = MJRefreshBackGifFooter.h; sourceTree = "<group>"; };
		044599E31BBFD5F700F9E160 /* MJRefreshBackGifFooter.m */ = {isa = PBXFileReference; fileEncoding = 4; lastKnownFileType = sourcecode.c.objc; path = MJRefreshBackGifFooter.m; sourceTree = "<group>"; };
		044599E41BBFD5F700F9E160 /* MJRefreshBackNormalFooter.h */ = {isa = PBXFileReference; fileEncoding = 4; lastKnownFileType = sourcecode.c.h; path = MJRefreshBackNormalFooter.h; sourceTree = "<group>"; };
		044599E51BBFD5F700F9E160 /* MJRefreshBackNormalFooter.m */ = {isa = PBXFileReference; fileEncoding = 4; lastKnownFileType = sourcecode.c.objc; path = MJRefreshBackNormalFooter.m; sourceTree = "<group>"; };
		044599E61BBFD5F700F9E160 /* MJRefreshBackStateFooter.h */ = {isa = PBXFileReference; fileEncoding = 4; lastKnownFileType = sourcecode.c.h; path = MJRefreshBackStateFooter.h; sourceTree = "<group>"; };
		044599E71BBFD5F700F9E160 /* MJRefreshBackStateFooter.m */ = {isa = PBXFileReference; fileEncoding = 4; lastKnownFileType = sourcecode.c.objc; path = MJRefreshBackStateFooter.m; sourceTree = "<group>"; };
		044599E91BBFD5F700F9E160 /* MJRefreshGifHeader.h */ = {isa = PBXFileReference; fileEncoding = 4; lastKnownFileType = sourcecode.c.h; path = MJRefreshGifHeader.h; sourceTree = "<group>"; };
		044599EA1BBFD5F700F9E160 /* MJRefreshGifHeader.m */ = {isa = PBXFileReference; fileEncoding = 4; lastKnownFileType = sourcecode.c.objc; path = MJRefreshGifHeader.m; sourceTree = "<group>"; };
		044599EB1BBFD5F700F9E160 /* MJRefreshNormalHeader.h */ = {isa = PBXFileReference; fileEncoding = 4; lastKnownFileType = sourcecode.c.h; path = MJRefreshNormalHeader.h; sourceTree = "<group>"; };
		044599EC1BBFD5F700F9E160 /* MJRefreshNormalHeader.m */ = {isa = PBXFileReference; fileEncoding = 4; lastKnownFileType = sourcecode.c.objc; path = MJRefreshNormalHeader.m; sourceTree = "<group>"; };
		044599ED1BBFD5F700F9E160 /* MJRefreshStateHeader.h */ = {isa = PBXFileReference; fileEncoding = 4; lastKnownFileType = sourcecode.c.h; path = MJRefreshStateHeader.h; sourceTree = "<group>"; };
		044599EE1BBFD5F700F9E160 /* MJRefreshStateHeader.m */ = {isa = PBXFileReference; fileEncoding = 4; lastKnownFileType = sourcecode.c.objc; path = MJRefreshStateHeader.m; sourceTree = "<group>"; };
		044599EF1BBFD5F700F9E160 /* MJRefresh.bundle */ = {isa = PBXFileReference; lastKnownFileType = "wrapper.plug-in"; path = MJRefresh.bundle; sourceTree = "<group>"; };
		044599F01BBFD5F700F9E160 /* MJRefresh.h */ = {isa = PBXFileReference; fileEncoding = 4; lastKnownFileType = sourcecode.c.h; path = MJRefresh.h; sourceTree = "<group>"; };
		044599F11BBFD5F700F9E160 /* MJRefreshConst.h */ = {isa = PBXFileReference; fileEncoding = 4; lastKnownFileType = sourcecode.c.h; path = MJRefreshConst.h; sourceTree = "<group>"; };
		044599F21BBFD5F700F9E160 /* MJRefreshConst.m */ = {isa = PBXFileReference; fileEncoding = 4; lastKnownFileType = sourcecode.c.objc; path = MJRefreshConst.m; sourceTree = "<group>"; };
		044599F31BBFD5F700F9E160 /* UIScrollView+MJExtension.h */ = {isa = PBXFileReference; fileEncoding = 4; lastKnownFileType = sourcecode.c.h; path = "UIScrollView+MJExtension.h"; sourceTree = "<group>"; };
		044599F41BBFD5F700F9E160 /* UIScrollView+MJExtension.m */ = {isa = PBXFileReference; fileEncoding = 4; lastKnownFileType = sourcecode.c.objc; path = "UIScrollView+MJExtension.m"; sourceTree = "<group>"; };
		044599F51BBFD5F700F9E160 /* UIScrollView+MJRefresh.h */ = {isa = PBXFileReference; fileEncoding = 4; lastKnownFileType = sourcecode.c.h; path = "UIScrollView+MJRefresh.h"; sourceTree = "<group>"; };
		044599F61BBFD5F700F9E160 /* UIScrollView+MJRefresh.m */ = {isa = PBXFileReference; fileEncoding = 4; lastKnownFileType = sourcecode.c.objc; path = "UIScrollView+MJRefresh.m"; sourceTree = "<group>"; };
		044599F71BBFD5F700F9E160 /* UIView+MJExtension.h */ = {isa = PBXFileReference; fileEncoding = 4; lastKnownFileType = sourcecode.c.h; path = "UIView+MJExtension.h"; sourceTree = "<group>"; };
		044599F81BBFD5F700F9E160 /* UIView+MJExtension.m */ = {isa = PBXFileReference; fileEncoding = 4; lastKnownFileType = sourcecode.c.objc; path = "UIView+MJExtension.m"; sourceTree = "<group>"; };
		04459A0C1BBFDE4C00F9E160 /* NetworkService.h */ = {isa = PBXFileReference; fileEncoding = 4; lastKnownFileType = sourcecode.c.h; path = NetworkService.h; sourceTree = "<group>"; };
		04459A0D1BBFDE4C00F9E160 /* NetworkService.m */ = {isa = PBXFileReference; fileEncoding = 4; lastKnownFileType = sourcecode.c.objc; path = NetworkService.m; sourceTree = "<group>"; };
		04459A0F1BBFDFFA00F9E160 /* NetworkPort.h */ = {isa = PBXFileReference; fileEncoding = 4; lastKnownFileType = sourcecode.c.h; path = NetworkPort.h; sourceTree = "<group>"; };
		04459A101BBFDFFA00F9E160 /* NetworkPort.m */ = {isa = PBXFileReference; fileEncoding = 4; lastKnownFileType = sourcecode.c.objc; path = NetworkPort.m; sourceTree = "<group>"; };
		04459A121BBFEE0900F9E160 /* UtilsCommon.h */ = {isa = PBXFileReference; fileEncoding = 4; lastKnownFileType = sourcecode.c.h; path = UtilsCommon.h; sourceTree = "<group>"; };
		04459A131BBFEE0900F9E160 /* UtilsCommon.m */ = {isa = PBXFileReference; fileEncoding = 4; lastKnownFileType = sourcecode.c.objc; path = UtilsCommon.m; sourceTree = "<group>"; };
		046E5D5F1BC536D400198574 /* Bugly.framework */ = {isa = PBXFileReference; lastKnownFileType = wrapper.framework; path = Bugly.framework; sourceTree = "<group>"; };
		046E5D611BC53A7500198574 /* SystemConfiguration.framework */ = {isa = PBXFileReference; lastKnownFileType = wrapper.framework; name = SystemConfiguration.framework; path = System/Library/Frameworks/SystemConfiguration.framework; sourceTree = SDKROOT; };
		046E5D631BC53A9800198574 /* Security.framework */ = {isa = PBXFileReference; lastKnownFileType = wrapper.framework; name = Security.framework; path = System/Library/Frameworks/Security.framework; sourceTree = SDKROOT; };
		046E5D651BC53AB200198574 /* libz.tbd */ = {isa = PBXFileReference; lastKnownFileType = "sourcecode.text-based-dylib-definition"; name = libz.tbd; path = usr/lib/libz.tbd; sourceTree = SDKROOT; };
		046E5D671BC53AC400198574 /* libc++.tbd */ = {isa = PBXFileReference; lastKnownFileType = "sourcecode.text-based-dylib-definition"; name = "libc++.tbd"; path = "usr/lib/libc++.tbd"; sourceTree = SDKROOT; };
		049184D51BC3B385001D31B1 /* VideoDetailCell.h */ = {isa = PBXFileReference; fileEncoding = 4; lastKnownFileType = sourcecode.c.h; path = VideoDetailCell.h; sourceTree = "<group>"; };
		049184D61BC3B385001D31B1 /* VideoDetailCell.m */ = {isa = PBXFileReference; fileEncoding = 4; lastKnownFileType = sourcecode.c.objc; path = VideoDetailCell.m; sourceTree = "<group>"; };
		049184D81BC3C724001D31B1 /* RecommendMadel.h */ = {isa = PBXFileReference; fileEncoding = 4; lastKnownFileType = sourcecode.c.h; path = RecommendMadel.h; sourceTree = "<group>"; };
		049184D91BC3C724001D31B1 /* RecommendMadel.m */ = {isa = PBXFileReference; fileEncoding = 4; lastKnownFileType = sourcecode.c.objc; path = RecommendMadel.m; sourceTree = "<group>"; };
		049184DA1BC3C724001D31B1 /* ReqInfo.h */ = {isa = PBXFileReference; fileEncoding = 4; lastKnownFileType = sourcecode.c.h; path = ReqInfo.h; sourceTree = "<group>"; };
		049184DB1BC3C724001D31B1 /* ReqInfo.m */ = {isa = PBXFileReference; fileEncoding = 4; lastKnownFileType = sourcecode.c.objc; path = ReqInfo.m; sourceTree = "<group>"; };
		049184DC1BC3C724001D31B1 /* Results.h */ = {isa = PBXFileReference; fileEncoding = 4; lastKnownFileType = sourcecode.c.h; path = Results.h; sourceTree = "<group>"; };
		049184DD1BC3C724001D31B1 /* Results.m */ = {isa = PBXFileReference; fileEncoding = 4; lastKnownFileType = sourcecode.c.objc; path = Results.m; sourceTree = "<group>"; };
		04D5CA9B1BC12066008E943F /* Banner.h */ = {isa = PBXFileReference; fileEncoding = 4; lastKnownFileType = sourcecode.c.h; path = Banner.h; sourceTree = "<group>"; };
		04D5CA9C1BC12066008E943F /* Banner.m */ = {isa = PBXFileReference; fileEncoding = 4; lastKnownFileType = sourcecode.c.objc; path = Banner.m; sourceTree = "<group>"; };
		04D5CA9D1BC12066008E943F /* Boxes.h */ = {isa = PBXFileReference; fileEncoding = 4; lastKnownFileType = sourcecode.c.h; path = Boxes.h; sourceTree = "<group>"; };
		04D5CA9E1BC12066008E943F /* Boxes.m */ = {isa = PBXFileReference; fileEncoding = 4; lastKnownFileType = sourcecode.c.objc; path = Boxes.m; sourceTree = "<group>"; };
		04D5CA9F1BC12066008E943F /* DataModels.h */ = {isa = PBXFileReference; fileEncoding = 4; lastKnownFileType = sourcecode.c.h; path = DataModels.h; sourceTree = "<group>"; };
		04D5CAA01BC12066008E943F /* GameInformation.h */ = {isa = PBXFileReference; fileEncoding = 4; lastKnownFileType = sourcecode.c.h; path = GameInformation.h; sourceTree = "<group>"; };
		04D5CAA11BC12066008E943F /* GameInformation.m */ = {isa = PBXFileReference; fileEncoding = 4; lastKnownFileType = sourcecode.c.objc; path = GameInformation.m; sourceTree = "<group>"; };
		04D5CAA21BC12066008E943F /* HomeModel.h */ = {isa = PBXFileReference; fileEncoding = 4; lastKnownFileType = sourcecode.c.h; path = HomeModel.h; sourceTree = "<group>"; };
		04D5CAA31BC12066008E943F /* HomeModel.m */ = {isa = PBXFileReference; fileEncoding = 4; lastKnownFileType = sourcecode.c.objc; path = HomeModel.m; sourceTree = "<group>"; };
		04D5CAA41BC12066008E943F /* Videos.h */ = {isa = PBXFileReference; fileEncoding = 4; lastKnownFileType = sourcecode.c.h; path = Videos.h; sourceTree = "<group>"; };
		04D5CAA51BC12066008E943F /* Videos.m */ = {isa = PBXFileReference; fileEncoding = 4; lastKnownFileType = sourcecode.c.objc; path = Videos.m; sourceTree = "<group>"; };
		04D5CAA61BC12066008E943F /* VipInformation.h */ = {isa = PBXFileReference; fileEncoding = 4; lastKnownFileType = sourcecode.c.h; path = VipInformation.h; sourceTree = "<group>"; };
		04D5CAA71BC12066008E943F /* VipInformation.m */ = {isa = PBXFileReference; fileEncoding = 4; lastKnownFileType = sourcecode.c.objc; path = VipInformation.m; sourceTree = "<group>"; };
/* End PBXFileReference section */

/* Begin PBXFrameworksBuildPhase section */
		044598CE1BBF7F0C00F9E160 /* Frameworks */ = {
			isa = PBXFrameworksBuildPhase;
			buildActionMask = 2147483647;
			files = (
				046E5D681BC53AC400198574 /* libc++.tbd in Frameworks */,
				046E5D661BC53AB200198574 /* libz.tbd in Frameworks */,
				046E5D641BC53A9800198574 /* Security.framework in Frameworks */,
				046E5D621BC53A7500198574 /* SystemConfiguration.framework in Frameworks */,
				046E5D601BC536D400198574 /* Bugly.framework in Frameworks */,
			);
			runOnlyForDeploymentPostprocessing = 0;
		};
		044598E71BBF7F0C00F9E160 /* Frameworks */ = {
			isa = PBXFrameworksBuildPhase;
			buildActionMask = 2147483647;
			files = (
			);
			runOnlyForDeploymentPostprocessing = 0;
		};
		044598F21BBF7F0C00F9E160 /* Frameworks */ = {
			isa = PBXFrameworksBuildPhase;
			buildActionMask = 2147483647;
			files = (
			);
			runOnlyForDeploymentPostprocessing = 0;
		};
/* End PBXFrameworksBuildPhase section */

/* Begin PBXGroup section */
		044598C81BBF7F0C00F9E160 = {
			isa = PBXGroup;
			children = (
				044598D31BBF7F0C00F9E160 /* MVPlayer */,
				044598ED1BBF7F0C00F9E160 /* MVPlayerTests */,
				044598F81BBF7F0C00F9E160 /* MVPlayerUITests */,
				044598D21BBF7F0C00F9E160 /* Products */,
			);
			sourceTree = "<group>";
		};
		044598D21BBF7F0C00F9E160 /* Products */ = {
			isa = PBXGroup;
			children = (
				044598D11BBF7F0C00F9E160 /* MVPlayer.app */,
				044598EA1BBF7F0C00F9E160 /* MVPlayerTests.xctest */,
				044598F51BBF7F0C00F9E160 /* MVPlayerUITests.xctest */,
			);
			name = Products;
			sourceTree = "<group>";
		};
		044598D31BBF7F0C00F9E160 /* MVPlayer */ = {
			isa = PBXGroup;
			children = (
				044599081BBF7F6C00F9E160 /* UserInterface */,
				0445991C1BBF7F6C00F9E160 /* Expand(拓展) */,
				044599331BBF7F6C00F9E160 /* Vender(第三方) */,
				044598D41BBF7F0C00F9E160 /* Supporting Files */,
			);
			path = MVPlayer;
			sourceTree = "<group>";
		};
		044598D41BBF7F0C00F9E160 /* Supporting Files */ = {
			isa = PBXGroup;
			children = (
				046E5D691BC53AD600198574 /* Frameworks */,
				044599071BBF7F6C00F9E160 /* Resource(资源) */,
				044598D71BBF7F0C00F9E160 /* AppDelegate.h */,
				044598D81BBF7F0C00F9E160 /* AppDelegate.m */,
				044598D51BBF7F0C00F9E160 /* main.m */,
				0445993B1BBF802D00F9E160 /* MVPlayer-Prefixpch.pch */,
			);
			name = "Supporting Files";
			sourceTree = "<group>";
		};
		044598ED1BBF7F0C00F9E160 /* MVPlayerTests */ = {
			isa = PBXGroup;
			children = (
				044598EE1BBF7F0C00F9E160 /* MVPlayerTests.m */,
				044598F01BBF7F0C00F9E160 /* Info.plist */,
			);
			path = MVPlayerTests;
			sourceTree = "<group>";
		};
		044598F81BBF7F0C00F9E160 /* MVPlayerUITests */ = {
			isa = PBXGroup;
			children = (
				044598F91BBF7F0C00F9E160 /* MVPlayerUITests.m */,
				044598FB1BBF7F0C00F9E160 /* Info.plist */,
			);
			path = MVPlayerUITests;
			sourceTree = "<group>";
		};
		044599071BBF7F6C00F9E160 /* Resource(资源) */ = {
			isa = PBXGroup;
			children = (
				044598DD1BBF7F0C00F9E160 /* Main.storyboard */,
				044598E01BBF7F0C00F9E160 /* Assets.xcassets */,
				044598E21BBF7F0C00F9E160 /* LaunchScreen.storyboard */,
				044598E51BBF7F0C00F9E160 /* Info.plist */,
			);
			path = "Resource(资源)";
			sourceTree = "<group>";
		};
		044599081BBF7F6C00F9E160 /* UserInterface */ = {
			isa = PBXGroup;
			children = (
				044599091BBF7F6C00F9E160 /* Base(基类) */,
				044599101BBF7F6C00F9E160 /* Choice(精选) */,
				044599161BBF7F6C00F9E160 /* Discover(发现) */,
				044599271BBF7F6C00F9E160 /* Mine(我) */,
				0445992D1BBF7F6C00F9E160 /* Subscribe(订阅) */,
			);
			path = UserInterface;
			sourceTree = "<group>";
		};
		044599091BBF7F6C00F9E160 /* Base(基类) */ = {
			isa = PBXGroup;
			children = (
				0445990A1BBF7F6C00F9E160 /* BaseViewController.h */,
				0445990B1BBF7F6C00F9E160 /* BaseViewController.m */,
				0445990C1BBF7F6C00F9E160 /* NavigationController.h */,
				0445990D1BBF7F6C00F9E160 /* NavigationController.m */,
				0445990E1BBF7F6C00F9E160 /* TabBarController.h */,
				0445990F1BBF7F6C00F9E160 /* TabBarController.m */,
			);
			path = "Base(基类)";
			sourceTree = "<group>";
		};
		044599101BBF7F6C00F9E160 /* Choice(精选) */ = {
			isa = PBXGroup;
			children = (
				044599111BBF7F6C00F9E160 /* Controller */,
				044599141BBF7F6C00F9E160 /* Model */,
				044599151BBF7F6C00F9E160 /* View */,
			);
			path = "Choice(精选)";
			sourceTree = "<group>";
		};
		044599111BBF7F6C00F9E160 /* Controller */ = {
			isa = PBXGroup;
			children = (
				044599121BBF7F6C00F9E160 /* ChoiceViewController.h */,
				044599131BBF7F6C00F9E160 /* ChoiceViewController.m */,
				0433AF531BC2B38400ACFC74 /* VideoDetailController.h */,
				0433AF541BC2B38500ACFC74 /* VideoDetailController.m */,
			);
			path = Controller;
			sourceTree = "<group>";
		};
		044599141BBF7F6C00F9E160 /* Model */ = {
			isa = PBXGroup;
			children = (
				049184D81BC3C724001D31B1 /* RecommendMadel.h */,
				049184D91BC3C724001D31B1 /* RecommendMadel.m */,
				049184DA1BC3C724001D31B1 /* ReqInfo.h */,
				049184DB1BC3C724001D31B1 /* ReqInfo.m */,
				049184DC1BC3C724001D31B1 /* Results.h */,
				049184DD1BC3C724001D31B1 /* Results.m */,
				0433AF561BC2D53B00ACFC74 /* Detail.h */,
				0433AF571BC2D53B00ACFC74 /* Detail.m */,
				0433AF581BC2D53B00ACFC74 /* VideoResponce.h */,
				0433AF591BC2D53B00ACFC74 /* VideoResponce.m */,
				04D5CA9B1BC12066008E943F /* Banner.h */,
				04D5CA9C1BC12066008E943F /* Banner.m */,
				04D5CA9D1BC12066008E943F /* Boxes.h */,
				04D5CA9E1BC12066008E943F /* Boxes.m */,
				04D5CA9F1BC12066008E943F /* DataModels.h */,
				04D5CAA01BC12066008E943F /* GameInformation.h */,
				04D5CAA11BC12066008E943F /* GameInformation.m */,
				04D5CAA21BC12066008E943F /* HomeModel.h */,
				04D5CAA31BC12066008E943F /* HomeModel.m */,
				04D5CAA41BC12066008E943F /* Videos.h */,
				04D5CAA51BC12066008E943F /* Videos.m */,
				04D5CAA61BC12066008E943F /* VipInformation.h */,
				04D5CAA71BC12066008E943F /* VipInformation.m */,
			);
			path = Model;
			sourceTree = "<group>";
		};
		044599151BBF7F6C00F9E160 /* View */ = {
			isa = PBXGroup;
			children = (
				041BEB971BC21D7C004AECB6 /* BoxView.h */,
				041BEB981BC21D7C004AECB6 /* BoxView.m */,
				041BEB9A1BC21DA4004AECB6 /* VideoView.h */,
				041BEB9B1BC21DA4004AECB6 /* VideoView.m */,
				049184D51BC3B385001D31B1 /* VideoDetailCell.h */,
				049184D61BC3B385001D31B1 /* VideoDetailCell.m */,
			);
			path = View;
			sourceTree = "<group>";
		};
		044599161BBF7F6C00F9E160 /* Discover(发现) */ = {
			isa = PBXGroup;
			children = (
				044599171BBF7F6C00F9E160 /* Controller */,
				0445991A1BBF7F6C00F9E160 /* Model */,
				0445991B1BBF7F6C00F9E160 /* View */,
			);
			path = "Discover(发现)";
			sourceTree = "<group>";
		};
		044599171BBF7F6C00F9E160 /* Controller */ = {
			isa = PBXGroup;
			children = (
				044599181BBF7F6C00F9E160 /* DiscoverViewController.h */,
				044599191BBF7F6C00F9E160 /* DiscoverViewController.m */,
			);
			path = Controller;
			sourceTree = "<group>";
		};
		0445991A1BBF7F6C00F9E160 /* Model */ = {
			isa = PBXGroup;
			children = (
			);
			path = Model;
			sourceTree = "<group>";
		};
		0445991B1BBF7F6C00F9E160 /* View */ = {
			isa = PBXGroup;
			children = (
			);
			path = View;
			sourceTree = "<group>";
		};
		0445991C1BBF7F6C00F9E160 /* Expand(拓展) */ = {
			isa = PBXGroup;
			children = (
				0445991D1BBF7F6C00F9E160 /* Category(分类) */,
				0445991E1BBF7F6C00F9E160 /* DataBase(数据库) */,
				0445991F1BBF7F6C00F9E160 /* Helper(工具) */,
				044599201BBF7F6C00F9E160 /* Macros(宏) */,
				044599261BBF7F6C00F9E160 /* Network(网络) */,
			);
			name = "Expand(拓展)";
			path = "UserInterface/Expand(拓展)";
			sourceTree = "<group>";
		};
		0445991D1BBF7F6C00F9E160 /* Category(分类) */ = {
			isa = PBXGroup;
			children = (
			);
			path = "Category(分类)";
			sourceTree = "<group>";
		};
		0445991E1BBF7F6C00F9E160 /* DataBase(数据库) */ = {
			isa = PBXGroup;
			children = (
			);
			path = "DataBase(数据库)";
			sourceTree = "<group>";
		};
		0445991F1BBF7F6C00F9E160 /* Helper(工具) */ = {
			isa = PBXGroup;
			children = (
				04459A121BBFEE0900F9E160 /* UtilsCommon.h */,
				04459A131BBFEE0900F9E160 /* UtilsCommon.m */,
			);
			path = "Helper(工具)";
			sourceTree = "<group>";
		};
		044599201BBF7F6C00F9E160 /* Macros(宏) */ = {
			isa = PBXGroup;
			children = (
				044599211BBF7F6C00F9E160 /* ApiMacro.h */,
				044599221BBF7F6C00F9E160 /* AppMacro.h */,
				044599231BBF7F6C00F9E160 /* NotificationMacro.h */,
				044599241BBF7F6C00F9E160 /* UtilsMacro.h */,
				044599251BBF7F6C00F9E160 /* VendorMacro.h */,
			);
			path = "Macros(宏)";
			sourceTree = "<group>";
		};
		044599261BBF7F6C00F9E160 /* Network(网络) */ = {
			isa = PBXGroup;
			children = (
				04459A0C1BBFDE4C00F9E160 /* NetworkService.h */,
				04459A0D1BBFDE4C00F9E160 /* NetworkService.m */,
				04459A0F1BBFDFFA00F9E160 /* NetworkPort.h */,
				04459A101BBFDFFA00F9E160 /* NetworkPort.m */,
			);
			path = "Network(网络)";
			sourceTree = "<group>";
		};
		044599271BBF7F6C00F9E160 /* Mine(我) */ = {
			isa = PBXGroup;
			children = (
				044599281BBF7F6C00F9E160 /* Controller */,
				0445992B1BBF7F6C00F9E160 /* Model */,
				0445992C1BBF7F6C00F9E160 /* View */,
			);
			path = "Mine(我)";
			sourceTree = "<group>";
		};
		044599281BBF7F6C00F9E160 /* Controller */ = {
			isa = PBXGroup;
			children = (
				044599291BBF7F6C00F9E160 /* MineViewController.h */,
				0445992A1BBF7F6C00F9E160 /* MineViewController.m */,
			);
			path = Controller;
			sourceTree = "<group>";
		};
		0445992B1BBF7F6C00F9E160 /* Model */ = {
			isa = PBXGroup;
			children = (
			);
			path = Model;
			sourceTree = "<group>";
		};
		0445992C1BBF7F6C00F9E160 /* View */ = {
			isa = PBXGroup;
			children = (
			);
			path = View;
			sourceTree = "<group>";
		};
		0445992D1BBF7F6C00F9E160 /* Subscribe(订阅) */ = {
			isa = PBXGroup;
			children = (
				0445992E1BBF7F6C00F9E160 /* Controller */,
				044599311BBF7F6C00F9E160 /* Model */,
				044599321BBF7F6C00F9E160 /* View */,
			);
			path = "Subscribe(订阅)";
			sourceTree = "<group>";
		};
		0445992E1BBF7F6C00F9E160 /* Controller */ = {
			isa = PBXGroup;
			children = (
				0445992F1BBF7F6C00F9E160 /* SubscribeViewController.h */,
				044599301BBF7F6C00F9E160 /* SubscribeViewController.m */,
			);
			path = Controller;
			sourceTree = "<group>";
		};
		044599311BBF7F6C00F9E160 /* Model */ = {
			isa = PBXGroup;
			children = (
			);
			path = Model;
			sourceTree = "<group>";
		};
		044599321BBF7F6C00F9E160 /* View */ = {
			isa = PBXGroup;
			children = (
			);
			path = View;
			sourceTree = "<group>";
		};
		044599331BBF7F6C00F9E160 /* Vender(第三方) */ = {
			isa = PBXGroup;
			children = (
				046E5D5E1BC536D400198574 /* Bugly_libc++ */,
				044599CC1BBFD5F700F9E160 /* MJRefresh */,
				044599A91BBFD3FE00F9E160 /* MJExtension */,
				044599A51BBFD37300F9E160 /* MBProgressHUD */,
				044599731BBFD2CD00F9E160 /* SDWebImage */,
				044599591BBFD26C00F9E160 /* SDCycleScrollView */,
				0445993C1BBFD21200F9E160 /* AFNetworking */,
			);
			path = "Vender(第三方)";
			sourceTree = "<group>";
		};
		0445993C1BBFD21200F9E160 /* AFNetworking */ = {
			isa = PBXGroup;
			children = (
				0445993D1BBFD21200F9E160 /* AFHTTPRequestOperation.h */,
				0445993E1BBFD21200F9E160 /* AFHTTPRequestOperation.m */,
				0445993F1BBFD21200F9E160 /* AFHTTPRequestOperationManager.h */,
				044599401BBFD21200F9E160 /* AFHTTPRequestOperationManager.m */,
				044599411BBFD21200F9E160 /* AFHTTPSessionManager.h */,
				044599421BBFD21200F9E160 /* AFHTTPSessionManager.m */,
				044599431BBFD21200F9E160 /* AFNetworking.h */,
				044599441BBFD21200F9E160 /* AFNetworkReachabilityManager.h */,
				044599451BBFD21200F9E160 /* AFNetworkReachabilityManager.m */,
				044599461BBFD21200F9E160 /* AFSecurityPolicy.h */,
				044599471BBFD21200F9E160 /* AFSecurityPolicy.m */,
				044599481BBFD21200F9E160 /* AFURLConnectionOperation.h */,
				044599491BBFD21200F9E160 /* AFURLConnectionOperation.m */,
				0445994A1BBFD21200F9E160 /* AFURLRequestSerialization.h */,
				0445994B1BBFD21200F9E160 /* AFURLRequestSerialization.m */,
				0445994C1BBFD21200F9E160 /* AFURLResponseSerialization.h */,
				0445994D1BBFD21200F9E160 /* AFURLResponseSerialization.m */,
				0445994E1BBFD21200F9E160 /* AFURLSessionManager.h */,
				0445994F1BBFD21200F9E160 /* AFURLSessionManager.m */,
			);
			path = AFNetworking;
			sourceTree = "<group>";
		};
		044599591BBFD26C00F9E160 /* SDCycleScrollView */ = {
			isa = PBXGroup;
			children = (
				0445995A1BBFD26C00F9E160 /* NSData+SDDataCache.h */,
				0445995B1BBFD26C00F9E160 /* NSData+SDDataCache.m */,
				0445995C1BBFD26C00F9E160 /* PageControl */,
				044599651BBFD26C00F9E160 /* SDCollectionViewCell.h */,
				044599661BBFD26C00F9E160 /* SDCollectionViewCell.m */,
				044599671BBFD26C00F9E160 /* SDCycleScrollView.h */,
				044599681BBFD26C00F9E160 /* SDCycleScrollView.m */,
				044599691BBFD26C00F9E160 /* UIView+SDExtension.h */,
				0445996A1BBFD26C00F9E160 /* UIView+SDExtension.m */,
			);
			path = SDCycleScrollView;
			sourceTree = "<group>";
		};
		0445995C1BBFD26C00F9E160 /* PageControl */ = {
			isa = PBXGroup;
			children = (
				0445995D1BBFD26C00F9E160 /* TAAbstractDotView.h */,
				0445995E1BBFD26C00F9E160 /* TAAbstractDotView.m */,
				0445995F1BBFD26C00F9E160 /* TAAnimatedDotView.h */,
				044599601BBFD26C00F9E160 /* TAAnimatedDotView.m */,
				044599611BBFD26C00F9E160 /* TADotView.h */,
				044599621BBFD26C00F9E160 /* TADotView.m */,
				044599631BBFD26C00F9E160 /* TAPageControl.h */,
				044599641BBFD26C00F9E160 /* TAPageControl.m */,
			);
			path = PageControl;
			sourceTree = "<group>";
		};
		044599731BBFD2CD00F9E160 /* SDWebImage */ = {
			isa = PBXGroup;
			children = (
				044599741BBFD2CD00F9E160 /* MKAnnotationView+WebCache.h */,
				044599751BBFD2CD00F9E160 /* MKAnnotationView+WebCache.m */,
				044599761BBFD2CD00F9E160 /* NSData+ImageContentType.h */,
				044599771BBFD2CD00F9E160 /* NSData+ImageContentType.m */,
				044599781BBFD2CD00F9E160 /* SDImageCache.h */,
				044599791BBFD2CD00F9E160 /* SDImageCache.m */,
				0445997A1BBFD2CD00F9E160 /* SDWebImageCompat.h */,
				0445997B1BBFD2CD00F9E160 /* SDWebImageCompat.m */,
				0445997C1BBFD2CD00F9E160 /* SDWebImageDecoder.h */,
				0445997D1BBFD2CD00F9E160 /* SDWebImageDecoder.m */,
				0445997E1BBFD2CD00F9E160 /* SDWebImageDownloader.h */,
				0445997F1BBFD2CD00F9E160 /* SDWebImageDownloader.m */,
				044599801BBFD2CD00F9E160 /* SDWebImageDownloaderOperation.h */,
				044599811BBFD2CD00F9E160 /* SDWebImageDownloaderOperation.m */,
				044599821BBFD2CD00F9E160 /* SDWebImageManager.h */,
				044599831BBFD2CD00F9E160 /* SDWebImageManager.m */,
				044599841BBFD2CD00F9E160 /* SDWebImageOperation.h */,
				044599851BBFD2CD00F9E160 /* SDWebImagePrefetcher.h */,
				044599861BBFD2CD00F9E160 /* SDWebImagePrefetcher.m */,
				044599871BBFD2CD00F9E160 /* UIButton+WebCache.h */,
				044599881BBFD2CD00F9E160 /* UIButton+WebCache.m */,
				044599891BBFD2CD00F9E160 /* UIImage+GIF.h */,
				0445998A1BBFD2CD00F9E160 /* UIImage+GIF.m */,
				0445998B1BBFD2CD00F9E160 /* UIImage+MultiFormat.h */,
				0445998C1BBFD2CD00F9E160 /* UIImage+MultiFormat.m */,
				0445998D1BBFD2CD00F9E160 /* UIImage+WebP.h */,
				0445998E1BBFD2CD00F9E160 /* UIImage+WebP.m */,
				0445998F1BBFD2CD00F9E160 /* UIImageView+HighlightedWebCache.h */,
				044599901BBFD2CD00F9E160 /* UIImageView+HighlightedWebCache.m */,
				044599911BBFD2CD00F9E160 /* UIImageView+WebCache.h */,
				044599921BBFD2CD00F9E160 /* UIImageView+WebCache.m */,
				044599931BBFD2CD00F9E160 /* UIView+WebCacheOperation.h */,
				044599941BBFD2CD00F9E160 /* UIView+WebCacheOperation.m */,
			);
			path = SDWebImage;
			sourceTree = "<group>";
		};
		044599A51BBFD37300F9E160 /* MBProgressHUD */ = {
			isa = PBXGroup;
			children = (
				044599A61BBFD38D00F9E160 /* MBProgressHUD.h */,
				044599A71BBFD38D00F9E160 /* MBProgressHUD.m */,
			);
			path = MBProgressHUD;
			sourceTree = "<group>";
		};
		044599A91BBFD3FE00F9E160 /* MJExtension */ = {
			isa = PBXGroup;
			children = (
				044599AA1BBFD3FE00F9E160 /* MJDictionaryCache.h */,
				044599AB1BBFD3FE00F9E160 /* MJDictionaryCache.m */,
				044599AC1BBFD3FE00F9E160 /* MJExtension.h */,
				044599AD1BBFD3FE00F9E160 /* MJExtensionConst.h */,
				044599AE1BBFD3FE00F9E160 /* MJExtensionConst.m */,
				044599AF1BBFD3FE00F9E160 /* MJFoundation.h */,
				044599B01BBFD3FE00F9E160 /* MJFoundation.m */,
				044599B11BBFD3FE00F9E160 /* MJProperty.h */,
				044599B21BBFD3FE00F9E160 /* MJProperty.m */,
				044599B31BBFD3FE00F9E160 /* MJPropertyKey.h */,
				044599B41BBFD3FE00F9E160 /* MJPropertyKey.m */,
				044599B51BBFD3FE00F9E160 /* MJPropertyType.h */,
				044599B61BBFD3FE00F9E160 /* MJPropertyType.m */,
				044599B71BBFD3FE00F9E160 /* NSObject+MJClass.h */,
				044599B81BBFD3FE00F9E160 /* NSObject+MJClass.m */,
				044599B91BBFD3FE00F9E160 /* NSObject+MJCoding.h */,
				044599BA1BBFD3FE00F9E160 /* NSObject+MJCoding.m */,
				044599BB1BBFD3FE00F9E160 /* NSObject+MJKeyValue.h */,
				044599BC1BBFD3FE00F9E160 /* NSObject+MJKeyValue.m */,
				044599BD1BBFD3FE00F9E160 /* NSObject+MJProperty.h */,
				044599BE1BBFD3FE00F9E160 /* NSObject+MJProperty.m */,
				044599BF1BBFD3FE00F9E160 /* NSString+MJExtension.h */,
				044599C01BBFD3FE00F9E160 /* NSString+MJExtension.m */,
			);
			path = MJExtension;
			sourceTree = "<group>";
		};
		044599CC1BBFD5F700F9E160 /* MJRefresh */ = {
			isa = PBXGroup;
			children = (
				044599CD1BBFD5F700F9E160 /* Base */,
				044599D81BBFD5F700F9E160 /* Custom */,
				044599EF1BBFD5F700F9E160 /* MJRefresh.bundle */,
				044599F01BBFD5F700F9E160 /* MJRefresh.h */,
				044599F11BBFD5F700F9E160 /* MJRefreshConst.h */,
				044599F21BBFD5F700F9E160 /* MJRefreshConst.m */,
				044599F31BBFD5F700F9E160 /* UIScrollView+MJExtension.h */,
				044599F41BBFD5F700F9E160 /* UIScrollView+MJExtension.m */,
				044599F51BBFD5F700F9E160 /* UIScrollView+MJRefresh.h */,
				044599F61BBFD5F700F9E160 /* UIScrollView+MJRefresh.m */,
				044599F71BBFD5F700F9E160 /* UIView+MJExtension.h */,
				044599F81BBFD5F700F9E160 /* UIView+MJExtension.m */,
			);
			path = MJRefresh;
			sourceTree = "<group>";
		};
		044599CD1BBFD5F700F9E160 /* Base */ = {
			isa = PBXGroup;
			children = (
				044599CE1BBFD5F700F9E160 /* MJRefreshAutoFooter.h */,
				044599CF1BBFD5F700F9E160 /* MJRefreshAutoFooter.m */,
				044599D01BBFD5F700F9E160 /* MJRefreshBackFooter.h */,
				044599D11BBFD5F700F9E160 /* MJRefreshBackFooter.m */,
				044599D21BBFD5F700F9E160 /* MJRefreshComponent.h */,
				044599D31BBFD5F700F9E160 /* MJRefreshComponent.m */,
				044599D41BBFD5F700F9E160 /* MJRefreshFooter.h */,
				044599D51BBFD5F700F9E160 /* MJRefreshFooter.m */,
				044599D61BBFD5F700F9E160 /* MJRefreshHeader.h */,
				044599D71BBFD5F700F9E160 /* MJRefreshHeader.m */,
			);
			path = Base;
			sourceTree = "<group>";
		};
		044599D81BBFD5F700F9E160 /* Custom */ = {
			isa = PBXGroup;
			children = (
				044599D91BBFD5F700F9E160 /* Footer */,
				044599E81BBFD5F700F9E160 /* Header */,
			);
			path = Custom;
			sourceTree = "<group>";
		};
		044599D91BBFD5F700F9E160 /* Footer */ = {
			isa = PBXGroup;
			children = (
				044599DA1BBFD5F700F9E160 /* Auto */,
				044599E11BBFD5F700F9E160 /* Back */,
			);
			path = Footer;
			sourceTree = "<group>";
		};
		044599DA1BBFD5F700F9E160 /* Auto */ = {
			isa = PBXGroup;
			children = (
				044599DB1BBFD5F700F9E160 /* MJRefreshAutoGifFooter.h */,
				044599DC1BBFD5F700F9E160 /* MJRefreshAutoGifFooter.m */,
				044599DD1BBFD5F700F9E160 /* MJRefreshAutoNormalFooter.h */,
				044599DE1BBFD5F700F9E160 /* MJRefreshAutoNormalFooter.m */,
				044599DF1BBFD5F700F9E160 /* MJRefreshAutoStateFooter.h */,
				044599E01BBFD5F700F9E160 /* MJRefreshAutoStateFooter.m */,
			);
			path = Auto;
			sourceTree = "<group>";
		};
		044599E11BBFD5F700F9E160 /* Back */ = {
			isa = PBXGroup;
			children = (
				044599E21BBFD5F700F9E160 /* MJRefreshBackGifFooter.h */,
				044599E31BBFD5F700F9E160 /* MJRefreshBackGifFooter.m */,
				044599E41BBFD5F700F9E160 /* MJRefreshBackNormalFooter.h */,
				044599E51BBFD5F700F9E160 /* MJRefreshBackNormalFooter.m */,
				044599E61BBFD5F700F9E160 /* MJRefreshBackStateFooter.h */,
				044599E71BBFD5F700F9E160 /* MJRefreshBackStateFooter.m */,
			);
			path = Back;
			sourceTree = "<group>";
		};
		044599E81BBFD5F700F9E160 /* Header */ = {
			isa = PBXGroup;
			children = (
				044599E91BBFD5F700F9E160 /* MJRefreshGifHeader.h */,
				044599EA1BBFD5F700F9E160 /* MJRefreshGifHeader.m */,
				044599EB1BBFD5F700F9E160 /* MJRefreshNormalHeader.h */,
				044599EC1BBFD5F700F9E160 /* MJRefreshNormalHeader.m */,
				044599ED1BBFD5F700F9E160 /* MJRefreshStateHeader.h */,
				044599EE1BBFD5F700F9E160 /* MJRefreshStateHeader.m */,
			);
			path = Header;
			sourceTree = "<group>";
		};
		046E5D5E1BC536D400198574 /* Bugly_libc++ */ = {
			isa = PBXGroup;
			children = (
				046E5D5F1BC536D400198574 /* Bugly.framework */,
			);
			path = "Bugly_libc++";
			sourceTree = "<group>";
		};
		046E5D691BC53AD600198574 /* Frameworks */ = {
			isa = PBXGroup;
			children = (
				046E5D671BC53AC400198574 /* libc++.tbd */,
				046E5D651BC53AB200198574 /* libz.tbd */,
				046E5D631BC53A9800198574 /* Security.framework */,
				046E5D611BC53A7500198574 /* SystemConfiguration.framework */,
			);
			name = Frameworks;
			path = ..;
			sourceTree = "<group>";
		};
/* End PBXGroup section */

/* Begin PBXNativeTarget section */
		044598D01BBF7F0C00F9E160 /* MVPlayer */ = {
			isa = PBXNativeTarget;
			buildConfigurationList = 044598FE1BBF7F0C00F9E160 /* Build configuration list for PBXNativeTarget "MVPlayer" */;
			buildPhases = (
				044598CD1BBF7F0C00F9E160 /* Sources */,
				044598CE1BBF7F0C00F9E160 /* Frameworks */,
				044598CF1BBF7F0C00F9E160 /* Resources */,
			);
			buildRules = (
			);
			dependencies = (
			);
			name = MVPlayer;
			productName = MVPlayer;
			productReference = 044598D11BBF7F0C00F9E160 /* MVPlayer.app */;
			productType = "com.apple.product-type.application";
		};
		044598E91BBF7F0C00F9E160 /* MVPlayerTests */ = {
			isa = PBXNativeTarget;
			buildConfigurationList = 044599011BBF7F0C00F9E160 /* Build configuration list for PBXNativeTarget "MVPlayerTests" */;
			buildPhases = (
				044598E61BBF7F0C00F9E160 /* Sources */,
				044598E71BBF7F0C00F9E160 /* Frameworks */,
				044598E81BBF7F0C00F9E160 /* Resources */,
			);
			buildRules = (
			);
			dependencies = (
				044598EC1BBF7F0C00F9E160 /* PBXTargetDependency */,
			);
			name = MVPlayerTests;
			productName = MVPlayerTests;
			productReference = 044598EA1BBF7F0C00F9E160 /* MVPlayerTests.xctest */;
			productType = "com.apple.product-type.bundle.unit-test";
		};
		044598F41BBF7F0C00F9E160 /* MVPlayerUITests */ = {
			isa = PBXNativeTarget;
			buildConfigurationList = 044599041BBF7F0C00F9E160 /* Build configuration list for PBXNativeTarget "MVPlayerUITests" */;
			buildPhases = (
				044598F11BBF7F0C00F9E160 /* Sources */,
				044598F21BBF7F0C00F9E160 /* Frameworks */,
				044598F31BBF7F0C00F9E160 /* Resources */,
			);
			buildRules = (
			);
			dependencies = (
				044598F71BBF7F0C00F9E160 /* PBXTargetDependency */,
			);
			name = MVPlayerUITests;
			productName = MVPlayerUITests;
			productReference = 044598F51BBF7F0C00F9E160 /* MVPlayerUITests.xctest */;
			productType = "com.apple.product-type.bundle.ui-testing";
		};
/* End PBXNativeTarget section */

/* Begin PBXProject section */
		044598C91BBF7F0C00F9E160 /* Project object */ = {
			isa = PBXProject;
			attributes = {
				LastUpgradeCheck = 0700;
				ORGANIZATIONNAME = Jack;
				TargetAttributes = {
					044598D01BBF7F0C00F9E160 = {
						CreatedOnToolsVersion = 7.0;
						DevelopmentTeam = GTVM2F95ZD;
					};
					044598E91BBF7F0C00F9E160 = {
						CreatedOnToolsVersion = 7.0;
						TestTargetID = 044598D01BBF7F0C00F9E160;
					};
					044598F41BBF7F0C00F9E160 = {
						CreatedOnToolsVersion = 7.0;
						TestTargetID = 044598D01BBF7F0C00F9E160;
					};
				};
			};
			buildConfigurationList = 044598CC1BBF7F0C00F9E160 /* Build configuration list for PBXProject "MVPlayer" */;
			compatibilityVersion = "Xcode 3.2";
			developmentRegion = English;
			hasScannedForEncodings = 0;
			knownRegions = (
				en,
				Base,
			);
			mainGroup = 044598C81BBF7F0C00F9E160;
			productRefGroup = 044598D21BBF7F0C00F9E160 /* Products */;
			projectDirPath = "";
			projectRoot = "";
			targets = (
				044598D01BBF7F0C00F9E160 /* MVPlayer */,
				044598E91BBF7F0C00F9E160 /* MVPlayerTests */,
				044598F41BBF7F0C00F9E160 /* MVPlayerUITests */,
			);
		};
/* End PBXProject section */

/* Begin PBXResourcesBuildPhase section */
		044598CF1BBF7F0C00F9E160 /* Resources */ = {
			isa = PBXResourcesBuildPhase;
			buildActionMask = 2147483647;
			files = (
				044598E41BBF7F0C00F9E160 /* LaunchScreen.storyboard in Resources */,
				044598E11BBF7F0C00F9E160 /* Assets.xcassets in Resources */,
				04459A071BBFD5F700F9E160 /* MJRefresh.bundle in Resources */,
				044598DF1BBF7F0C00F9E160 /* Main.storyboard in Resources */,
			);
			runOnlyForDeploymentPostprocessing = 0;
		};
		044598E81BBF7F0C00F9E160 /* Resources */ = {
			isa = PBXResourcesBuildPhase;
			buildActionMask = 2147483647;
			files = (
			);
			runOnlyForDeploymentPostprocessing = 0;
		};
		044598F31BBF7F0C00F9E160 /* Resources */ = {
			isa = PBXResourcesBuildPhase;
			buildActionMask = 2147483647;
			files = (
			);
			runOnlyForDeploymentPostprocessing = 0;
		};
/* End PBXResourcesBuildPhase section */

/* Begin PBXSourcesBuildPhase section */
		044598CD1BBF7F0C00F9E160 /* Sources */ = {
			isa = PBXSourcesBuildPhase;
			buildActionMask = 2147483647;
			files = (
				0445999B1BBFD2CD00F9E160 /* SDWebImageDownloaderOperation.m in Sources */,
				044599C21BBFD3FE00F9E160 /* MJExtensionConst.m in Sources */,
				044599C41BBFD3FE00F9E160 /* MJProperty.m in Sources */,
				044599A11BBFD2CD00F9E160 /* UIImage+WebP.m in Sources */,
				0445999D1BBFD2CD00F9E160 /* SDWebImagePrefetcher.m in Sources */,
				044599FB1BBFD5F700F9E160 /* MJRefreshComponent.m in Sources */,
				041BEB991BC21D7C004AECB6 /* BoxView.m in Sources */,
				044599541BBFD21200F9E160 /* AFSecurityPolicy.m in Sources */,
				044599FE1BBFD5F700F9E160 /* MJRefreshAutoGifFooter.m in Sources */,
				044599971BBFD2CD00F9E160 /* SDImageCache.m in Sources */,
				04D5CAA81BC12066008E943F /* Banner.m in Sources */,
				041BEB9C1BC21DA4004AECB6 /* VideoView.m in Sources */,
				0445999C1BBFD2CD00F9E160 /* SDWebImageManager.m in Sources */,
				04459A051BBFD5F700F9E160 /* MJRefreshNormalHeader.m in Sources */,
				0445996C1BBFD26C00F9E160 /* TAAbstractDotView.m in Sources */,
				044599381BBF7F6C00F9E160 /* DiscoverViewController.m in Sources */,
				044599F91BBFD5F700F9E160 /* MJRefreshAutoFooter.m in Sources */,
				044599C31BBFD3FE00F9E160 /* MJFoundation.m in Sources */,
				04459A111BBFDFFA00F9E160 /* NetworkPort.m in Sources */,
				044599531BBFD21200F9E160 /* AFNetworkReachabilityManager.m in Sources */,
				044599C61BBFD3FE00F9E160 /* MJPropertyType.m in Sources */,
				04459A001BBFD5F700F9E160 /* MJRefreshAutoStateFooter.m in Sources */,
				044599FA1BBFD5F700F9E160 /* MJRefreshBackFooter.m in Sources */,
				044599341BBF7F6C00F9E160 /* BaseViewController.m in Sources */,
				044599A41BBFD2CD00F9E160 /* UIView+WebCacheOperation.m in Sources */,
				044599C11BBFD3FE00F9E160 /* MJDictionaryCache.m in Sources */,
				044599551BBFD21200F9E160 /* AFURLConnectionOperation.m in Sources */,
				044599C81BBFD3FE00F9E160 /* NSObject+MJCoding.m in Sources */,
				04D5CAAA1BC12066008E943F /* GameInformation.m in Sources */,
				044599981BBFD2CD00F9E160 /* SDWebImageCompat.m in Sources */,
				044599501BBFD21200F9E160 /* AFHTTPRequestOperation.m in Sources */,
				044599721BBFD26C00F9E160 /* UIView+SDExtension.m in Sources */,
				044599991BBFD2CD00F9E160 /* SDWebImageDecoder.m in Sources */,
				044599521BBFD21200F9E160 /* AFHTTPSessionManager.m in Sources */,
				0445996D1BBFD26C00F9E160 /* TAAnimatedDotView.m in Sources */,
				044599C71BBFD3FE00F9E160 /* NSObject+MJClass.m in Sources */,
				04459A0B1BBFD5F700F9E160 /* UIView+MJExtension.m in Sources */,
				044599711BBFD26C00F9E160 /* SDCycleScrollView.m in Sources */,
				04459A0A1BBFD5F700F9E160 /* UIScrollView+MJRefresh.m in Sources */,
				04459A0E1BBFDE4C00F9E160 /* NetworkService.m in Sources */,
				044599CB1BBFD3FE00F9E160 /* NSString+MJExtension.m in Sources */,
				044599FF1BBFD5F700F9E160 /* MJRefreshAutoNormalFooter.m in Sources */,
				044599FD1BBFD5F700F9E160 /* MJRefreshHeader.m in Sources */,
				044599A21BBFD2CD00F9E160 /* UIImageView+HighlightedWebCache.m in Sources */,
				049184E01BC3C724001D31B1 /* Results.m in Sources */,
				044599561BBFD21200F9E160 /* AFURLRequestSerialization.m in Sources */,
				044599C91BBFD3FE00F9E160 /* NSObject+MJKeyValue.m in Sources */,
				04459A021BBFD5F700F9E160 /* MJRefreshBackNormalFooter.m in Sources */,
				044599391BBF7F6C00F9E160 /* MineViewController.m in Sources */,
				0445996F1BBFD26C00F9E160 /* TAPageControl.m in Sources */,
				04459A141BBFEE0900F9E160 /* UtilsCommon.m in Sources */,
				044599581BBFD21200F9E160 /* AFURLSessionManager.m in Sources */,
				04459A031BBFD5F700F9E160 /* MJRefreshBackStateFooter.m in Sources */,
				044599351BBF7F6C00F9E160 /* NavigationController.m in Sources */,
				04459A091BBFD5F700F9E160 /* UIScrollView+MJExtension.m in Sources */,
				044599A01BBFD2CD00F9E160 /* UIImage+MultiFormat.m in Sources */,
				044599511BBFD21200F9E160 /* AFHTTPRequestOperationManager.m in Sources */,
				0433AF5B1BC2D53B00ACFC74 /* VideoResponce.m in Sources */,
				044599C51BBFD3FE00F9E160 /* MJPropertyKey.m in Sources */,
				044599951BBFD2CD00F9E160 /* MKAnnotationView+WebCache.m in Sources */,
				044599961BBFD2CD00F9E160 /* NSData+ImageContentType.m in Sources */,
				04D5CAA91BC12066008E943F /* Boxes.m in Sources */,
				0433AF5A1BC2D53B00ACFC74 /* Detail.m in Sources */,
				04459A061BBFD5F700F9E160 /* MJRefreshStateHeader.m in Sources */,
				0445999E1BBFD2CD00F9E160 /* UIButton+WebCache.m in Sources */,
				049184DE1BC3C724001D31B1 /* RecommendMadel.m in Sources */,
				044599A81BBFD38D00F9E160 /* MBProgressHUD.m in Sources */,
				04D5CAAB1BC12066008E943F /* HomeModel.m in Sources */,
				0433AF551BC2B38500ACFC74 /* VideoDetailController.m in Sources */,
				044599A31BBFD2CD00F9E160 /* UIImageView+WebCache.m in Sources */,
				04459A081BBFD5F700F9E160 /* MJRefreshConst.m in Sources */,
				04459A011BBFD5F700F9E160 /* MJRefreshBackGifFooter.m in Sources */,
				04D5CAAD1BC12066008E943F /* VipInformation.m in Sources */,
				0445996B1BBFD26C00F9E160 /* NSData+SDDataCache.m in Sources */,
				044599361BBF7F6C00F9E160 /* TabBarController.m in Sources */,
				04459A041BBFD5F700F9E160 /* MJRefreshGifHeader.m in Sources */,
				0445999F1BBFD2CD00F9E160 /* UIImage+GIF.m in Sources */,
				0445999A1BBFD2CD00F9E160 /* SDWebImageDownloader.m in Sources */,
				049184D71BC3B385001D31B1 /* VideoDetailCell.m in Sources */,
				044599571BBFD21200F9E160 /* AFURLResponseSerialization.m in Sources */,
				044598D91BBF7F0C00F9E160 /* AppDelegate.m in Sources */,
				044599FC1BBFD5F700F9E160 /* MJRefreshFooter.m in Sources */,
				044599371BBF7F6C00F9E160 /* ChoiceViewController.m in Sources */,
				0445996E1BBFD26C00F9E160 /* TADotView.m in Sources */,
				044598D61BBF7F0C00F9E160 /* main.m in Sources */,
				044599CA1BBFD3FE00F9E160 /* NSObject+MJProperty.m in Sources */,
				04D5CAAC1BC12066008E943F /* Videos.m in Sources */,
				0445993A1BBF7F6C00F9E160 /* SubscribeViewController.m in Sources */,
				049184DF1BC3C724001D31B1 /* ReqInfo.m in Sources */,
				044599701BBFD26C00F9E160 /* SDCollectionViewCell.m in Sources */,
			);
			runOnlyForDeploymentPostprocessing = 0;
		};
		044598E61BBF7F0C00F9E160 /* Sources */ = {
			isa = PBXSourcesBuildPhase;
			buildActionMask = 2147483647;
			files = (
				044598EF1BBF7F0C00F9E160 /* MVPlayerTests.m in Sources */,
			);
			runOnlyForDeploymentPostprocessing = 0;
		};
		044598F11BBF7F0C00F9E160 /* Sources */ = {
			isa = PBXSourcesBuildPhase;
			buildActionMask = 2147483647;
			files = (
				044598FA1BBF7F0C00F9E160 /* MVPlayerUITests.m in Sources */,
			);
			runOnlyForDeploymentPostprocessing = 0;
		};
/* End PBXSourcesBuildPhase section */

/* Begin PBXTargetDependency section */
		044598EC1BBF7F0C00F9E160 /* PBXTargetDependency */ = {
			isa = PBXTargetDependency;
			target = 044598D01BBF7F0C00F9E160 /* MVPlayer */;
			targetProxy = 044598EB1BBF7F0C00F9E160 /* PBXContainerItemProxy */;
		};
		044598F71BBF7F0C00F9E160 /* PBXTargetDependency */ = {
			isa = PBXTargetDependency;
			target = 044598D01BBF7F0C00F9E160 /* MVPlayer */;
			targetProxy = 044598F61BBF7F0C00F9E160 /* PBXContainerItemProxy */;
		};
/* End PBXTargetDependency section */

/* Begin PBXVariantGroup section */
		044598DD1BBF7F0C00F9E160 /* Main.storyboard */ = {
			isa = PBXVariantGroup;
			children = (
				044598DE1BBF7F0C00F9E160 /* Base */,
			);
			name = Main.storyboard;
			path = ..;
			sourceTree = "<group>";
		};
		044598E21BBF7F0C00F9E160 /* LaunchScreen.storyboard */ = {
			isa = PBXVariantGroup;
			children = (
				044598E31BBF7F0C00F9E160 /* Base */,
			);
			name = LaunchScreen.storyboard;
			path = ..;
			sourceTree = "<group>";
		};
/* End PBXVariantGroup section */

/* Begin XCBuildConfiguration section */
		044598FC1BBF7F0C00F9E160 /* Debug */ = {
			isa = XCBuildConfiguration;
			buildSettings = {
				ALWAYS_SEARCH_USER_PATHS = NO;
				CLANG_CXX_LANGUAGE_STANDARD = "gnu++0x";
				CLANG_CXX_LIBRARY = "libc++";
				CLANG_ENABLE_MODULES = YES;
				CLANG_ENABLE_OBJC_ARC = YES;
				CLANG_WARN_BOOL_CONVERSION = YES;
				CLANG_WARN_CONSTANT_CONVERSION = YES;
				CLANG_WARN_DIRECT_OBJC_ISA_USAGE = YES_ERROR;
				CLANG_WARN_EMPTY_BODY = YES;
				CLANG_WARN_ENUM_CONVERSION = YES;
				CLANG_WARN_INT_CONVERSION = YES;
				CLANG_WARN_OBJC_ROOT_CLASS = YES_ERROR;
				CLANG_WARN_UNREACHABLE_CODE = YES;
				CLANG_WARN__DUPLICATE_METHOD_MATCH = YES;
				"CODE_SIGN_IDENTITY[sdk=iphoneos*]" = "iPhone Developer";
				COPY_PHASE_STRIP = NO;
				DEBUG_INFORMATION_FORMAT = dwarf;
				ENABLE_STRICT_OBJC_MSGSEND = YES;
				ENABLE_TESTABILITY = YES;
				GCC_C_LANGUAGE_STANDARD = gnu99;
				GCC_DYNAMIC_NO_PIC = NO;
				GCC_NO_COMMON_BLOCKS = YES;
				GCC_OPTIMIZATION_LEVEL = 0;
				GCC_PREPROCESSOR_DEFINITIONS = (
					"DEBUG=1",
					"$(inherited)",
				);
				GCC_WARN_64_TO_32_BIT_CONVERSION = YES;
				GCC_WARN_ABOUT_RETURN_TYPE = YES_ERROR;
				GCC_WARN_UNDECLARED_SELECTOR = YES;
				GCC_WARN_UNINITIALIZED_AUTOS = YES_AGGRESSIVE;
				GCC_WARN_UNUSED_FUNCTION = YES;
				GCC_WARN_UNUSED_VARIABLE = YES;
				IPHONEOS_DEPLOYMENT_TARGET = 9.0;
				MTL_ENABLE_DEBUG_INFO = YES;
				ONLY_ACTIVE_ARCH = YES;
				SDKROOT = iphoneos;
			};
			name = Debug;
		};
		044598FD1BBF7F0C00F9E160 /* Release */ = {
			isa = XCBuildConfiguration;
			buildSettings = {
				ALWAYS_SEARCH_USER_PATHS = NO;
				CLANG_CXX_LANGUAGE_STANDARD = "gnu++0x";
				CLANG_CXX_LIBRARY = "libc++";
				CLANG_ENABLE_MODULES = YES;
				CLANG_ENABLE_OBJC_ARC = YES;
				CLANG_WARN_BOOL_CONVERSION = YES;
				CLANG_WARN_CONSTANT_CONVERSION = YES;
				CLANG_WARN_DIRECT_OBJC_ISA_USAGE = YES_ERROR;
				CLANG_WARN_EMPTY_BODY = YES;
				CLANG_WARN_ENUM_CONVERSION = YES;
				CLANG_WARN_INT_CONVERSION = YES;
				CLANG_WARN_OBJC_ROOT_CLASS = YES_ERROR;
				CLANG_WARN_UNREACHABLE_CODE = YES;
				CLANG_WARN__DUPLICATE_METHOD_MATCH = YES;
				"CODE_SIGN_IDENTITY[sdk=iphoneos*]" = "iPhone Developer";
				COPY_PHASE_STRIP = NO;
				DEBUG_INFORMATION_FORMAT = "dwarf-with-dsym";
				ENABLE_NS_ASSERTIONS = NO;
				ENABLE_STRICT_OBJC_MSGSEND = YES;
				GCC_C_LANGUAGE_STANDARD = gnu99;
				GCC_NO_COMMON_BLOCKS = YES;
				GCC_WARN_64_TO_32_BIT_CONVERSION = YES;
				GCC_WARN_ABOUT_RETURN_TYPE = YES_ERROR;
				GCC_WARN_UNDECLARED_SELECTOR = YES;
				GCC_WARN_UNINITIALIZED_AUTOS = YES_AGGRESSIVE;
				GCC_WARN_UNUSED_FUNCTION = YES;
				GCC_WARN_UNUSED_VARIABLE = YES;
				IPHONEOS_DEPLOYMENT_TARGET = 9.0;
				MTL_ENABLE_DEBUG_INFO = NO;
				SDKROOT = iphoneos;
				VALIDATE_PRODUCT = YES;
			};
			name = Release;
		};
		044598FF1BBF7F0C00F9E160 /* Debug */ = {
			isa = XCBuildConfiguration;
			buildSettings = {
				ASSETCATALOG_COMPILER_APPICON_NAME = AppIcon;
				CODE_SIGN_IDENTITY = "iPhone Developer";
				"CODE_SIGN_IDENTITY[sdk=iphoneos*]" = "iPhone Developer";
				FRAMEWORK_SEARCH_PATHS = (
					"$(inherited)",
					"$(PROJECT_DIR)/MVPlayer/Vender(第三方)/Bugly_libc++",
				);
				GCC_PREFIX_HEADER = "$(SRCROOT)/MVPlayer/MVPlayer-Prefixpch.pch";
				INFOPLIST_FILE = MVPlayer/Info.plist;
				LD_RUNPATH_SEARCH_PATHS = "$(inherited) @executable_path/Frameworks";
				PRODUCT_BUNDLE_IDENTIFIER = com.jack.MVPlayer;
				PRODUCT_NAME = "$(TARGET_NAME)";
				PROVISIONING_PROFILE = "";
			};
			name = Debug;
		};
		044599001BBF7F0C00F9E160 /* Release */ = {
			isa = XCBuildConfiguration;
			buildSettings = {
				ASSETCATALOG_COMPILER_APPICON_NAME = AppIcon;
				CODE_SIGN_IDENTITY = "iPhone Developer";
				"CODE_SIGN_IDENTITY[sdk=iphoneos*]" = "iPhone Developer";
				FRAMEWORK_SEARCH_PATHS = (
					"$(inherited)",
					"$(PROJECT_DIR)/MVPlayer/Vender(第三方)/Bugly_libc++",
				);
				GCC_PREFIX_HEADER = "$(SRCROOT)/MVPlayer/MVPlayer-Prefixpch.pch";
				INFOPLIST_FILE = MVPlayer/Info.plist;
				LD_RUNPATH_SEARCH_PATHS = "$(inherited) @executable_path/Frameworks";
				PRODUCT_BUNDLE_IDENTIFIER = com.jack.MVPlayer;
				PRODUCT_NAME = "$(TARGET_NAME)";
				PROVISIONING_PROFILE = "";
			};
			name = Release;
		};
		044599021BBF7F0C00F9E160 /* Debug */ = {
			isa = XCBuildConfiguration;
			buildSettings = {
				BUNDLE_LOADER = "$(TEST_HOST)";
				INFOPLIST_FILE = MVPlayerTests/Info.plist;
				LD_RUNPATH_SEARCH_PATHS = "$(inherited) @executable_path/Frameworks @loader_path/Frameworks";
				PRODUCT_BUNDLE_IDENTIFIER = com.jack.MVPlayerTests;
				PRODUCT_NAME = "$(TARGET_NAME)";
				TEST_HOST = "$(BUILT_PRODUCTS_DIR)/MVPlayer.app/MVPlayer";
			};
			name = Debug;
		};
		044599031BBF7F0C00F9E160 /* Release */ = {
			isa = XCBuildConfiguration;
			buildSettings = {
				BUNDLE_LOADER = "$(TEST_HOST)";
				INFOPLIST_FILE = MVPlayerTests/Info.plist;
				LD_RUNPATH_SEARCH_PATHS = "$(inherited) @executable_path/Frameworks @loader_path/Frameworks";
				PRODUCT_BUNDLE_IDENTIFIER = com.jack.MVPlayerTests;
				PRODUCT_NAME = "$(TARGET_NAME)";
				TEST_HOST = "$(BUILT_PRODUCTS_DIR)/MVPlayer.app/MVPlayer";
			};
			name = Release;
		};
		044599051BBF7F0C00F9E160 /* Debug */ = {
			isa = XCBuildConfiguration;
			buildSettings = {
				INFOPLIST_FILE = MVPlayerUITests/Info.plist;
				LD_RUNPATH_SEARCH_PATHS = "$(inherited) @executable_path/Frameworks @loader_path/Frameworks";
				PRODUCT_BUNDLE_IDENTIFIER = com.jack.MVPlayerUITests;
				PRODUCT_NAME = "$(TARGET_NAME)";
				TEST_TARGET_NAME = MVPlayer;
				USES_XCTRUNNER = YES;
			};
			name = Debug;
		};
		044599061BBF7F0C00F9E160 /* Release */ = {
			isa = XCBuildConfiguration;
			buildSettings = {
				INFOPLIST_FILE = MVPlayerUITests/Info.plist;
				LD_RUNPATH_SEARCH_PATHS = "$(inherited) @executable_path/Frameworks @loader_path/Frameworks";
				PRODUCT_BUNDLE_IDENTIFIER = com.jack.MVPlayerUITests;
				PRODUCT_NAME = "$(TARGET_NAME)";
				TEST_TARGET_NAME = MVPlayer;
				USES_XCTRUNNER = YES;
			};
			name = Release;
		};
/* End XCBuildConfiguration section */

/* Begin XCConfigurationList section */
		044598CC1BBF7F0C00F9E160 /* Build configuration list for PBXProject "MVPlayer" */ = {
			isa = XCConfigurationList;
			buildConfigurations = (
				044598FC1BBF7F0C00F9E160 /* Debug */,
				044598FD1BBF7F0C00F9E160 /* Release */,
			);
			defaultConfigurationIsVisible = 0;
			defaultConfigurationName = Release;
		};
		044598FE1BBF7F0C00F9E160 /* Build configuration list for PBXNativeTarget "MVPlayer" */ = {
			isa = XCConfigurationList;
			buildConfigurations = (
				044598FF1BBF7F0C00F9E160 /* Debug */,
				044599001BBF7F0C00F9E160 /* Release */,
			);
			defaultConfigurationIsVisible = 0;
			defaultConfigurationName = Release;
		};
		044599011BBF7F0C00F9E160 /* Build configuration list for PBXNativeTarget "MVPlayerTests" */ = {
			isa = XCConfigurationList;
			buildConfigurations = (
				044599021BBF7F0C00F9E160 /* Debug */,
				044599031BBF7F0C00F9E160 /* Release */,
			);
			defaultConfigurationIsVisible = 0;
			defaultConfigurationName = Release;
		};
		044599041BBF7F0C00F9E160 /* Build configuration list for PBXNativeTarget "MVPlayerUITests" */ = {
			isa = XCConfigurationList;
			buildConfigurations = (
				044599051BBF7F0C00F9E160 /* Debug */,
				044599061BBF7F0C00F9E160 /* Release */,
			);
			defaultConfigurationIsVisible = 0;
			defaultConfigurationName = Release;
		};
/* End XCConfigurationList section */
	};
	rootObject = 044598C91BBF7F0C00F9E160 /* Project object */;
}
