// !$*UTF8*$!
{
	archiveVersion = 1;
	classes = {
	};
	objectVersion = 46;
	objects = {

/* Begin PBXBuildFile section */
		04529F5F1B8854DB00314D73 /* main.m in Sources */ = {isa = PBXBuildFile; fileRef = 04529F5E1B8854DB00314D73 /* main.m */; };
		04529F621B8854DB00314D73 /* AppDelegate.m in Sources */ = {isa = PBXBuildFile; fileRef = 04529F611B8854DB00314D73 /* AppDelegate.m */; };
		04529F681B8854DB00314D73 /* Main.storyboard in Resources */ = {isa = PBXBuildFile; fileRef = 04529F661B8854DB00314D73 /* Main.storyboard */; };
		04529F6A1B8854DB00314D73 /* Images.xcassets in Resources */ = {isa = PBXBuildFile; fileRef = 04529F691B8854DB00314D73 /* Images.xcassets */; };
		04529F6D1B8854DB00314D73 /* LaunchScreen.xib in Resources */ = {isa = PBXBuildFile; fileRef = 04529F6B1B8854DB00314D73 /* LaunchScreen.xib */; };
		04529F791B8854DB00314D73 /* MVPlayerTests.m in Sources */ = {isa = PBXBuildFile; fileRef = 04529F781B8854DB00314D73 /* MVPlayerTests.m */; };
		04540A131BBE36D400F4448C /* BaseViewController.m in Sources */ = {isa = PBXBuildFile; fileRef = 04540A121BBE36D400F4448C /* BaseViewController.m */; settings = {ASSET_TAGS = (); }; };
		04540A161BBE371500F4448C /* NavigationController.m in Sources */ = {isa = PBXBuildFile; fileRef = 04540A151BBE371500F4448C /* NavigationController.m */; settings = {ASSET_TAGS = (); }; };
		04540A191BBE373C00F4448C /* TabBarController.m in Sources */ = {isa = PBXBuildFile; fileRef = 04540A181BBE373C00F4448C /* TabBarController.m */; settings = {ASSET_TAGS = (); }; };
		6F022040DCA95B6D99DA0DC8 /* libPods.a in Frameworks */ = {isa = PBXBuildFile; fileRef = 8577D2207D068FB61F8CAA55 /* libPods.a */; };
/* End PBXBuildFile section */

/* Begin PBXContainerItemProxy section */
		04529F731B8854DB00314D73 /* PBXContainerItemProxy */ = {
			isa = PBXContainerItemProxy;
			containerPortal = 04529F511B8854DB00314D73 /* Project object */;
			proxyType = 1;
			remoteGlobalIDString = 04529F581B8854DB00314D73;
			remoteInfo = MVPlayer;
		};
/* End PBXContainerItemProxy section */

/* Begin PBXFileReference section */
		042D817C1B8C6F220054284B /* NotificationMacro.h */ = {isa = PBXFileReference; fileEncoding = 4; lastKnownFileType = sourcecode.c.h; path = NotificationMacro.h; sourceTree = "<group>"; };
		042D817E1B8C6F510054284B /* AppMacro.h */ = {isa = PBXFileReference; fileEncoding = 4; lastKnownFileType = sourcecode.c.h; path = AppMacro.h; sourceTree = "<group>"; };
		042D817F1B8C6F6C0054284B /* VendorMacro.h */ = {isa = PBXFileReference; fileEncoding = 4; lastKnownFileType = sourcecode.c.h; path = VendorMacro.h; sourceTree = "<group>"; };
		042D81801B8C6F850054284B /* UtilsMacro.h */ = {isa = PBXFileReference; lastKnownFileType = sourcecode.c.h; path = UtilsMacro.h; sourceTree = "<group>"; };
		04529F591B8854DB00314D73 /* MVPlayer.app */ = {isa = PBXFileReference; explicitFileType = wrapper.application; includeInIndex = 0; path = MVPlayer.app; sourceTree = BUILT_PRODUCTS_DIR; };
		04529F5D1B8854DB00314D73 /* Info.plist */ = {isa = PBXFileReference; lastKnownFileType = text.plist.xml; name = Info.plist; path = ../Info.plist; sourceTree = "<group>"; };
		04529F5E1B8854DB00314D73 /* main.m */ = {isa = PBXFileReference; lastKnownFileType = sourcecode.c.objc; path = main.m; sourceTree = "<group>"; };
		04529F601B8854DB00314D73 /* AppDelegate.h */ = {isa = PBXFileReference; lastKnownFileType = sourcecode.c.h; path = AppDelegate.h; sourceTree = "<group>"; };
		04529F611B8854DB00314D73 /* AppDelegate.m */ = {isa = PBXFileReference; lastKnownFileType = sourcecode.c.objc; path = AppDelegate.m; sourceTree = "<group>"; };
		04529F671B8854DB00314D73 /* Base */ = {isa = PBXFileReference; lastKnownFileType = file.storyboard; name = Base; path = Base.lproj/Main.storyboard; sourceTree = "<group>"; };
		04529F691B8854DB00314D73 /* Images.xcassets */ = {isa = PBXFileReference; lastKnownFileType = folder.assetcatalog; name = Images.xcassets; path = ../Images.xcassets; sourceTree = "<group>"; };
		04529F6C1B8854DB00314D73 /* Base */ = {isa = PBXFileReference; lastKnownFileType = file.xib; name = Base; path = Base.lproj/LaunchScreen.xib; sourceTree = "<group>"; };
		04529F721B8854DB00314D73 /* MVPlayerTests.xctest */ = {isa = PBXFileReference; explicitFileType = wrapper.cfbundle; includeInIndex = 0; path = MVPlayerTests.xctest; sourceTree = BUILT_PRODUCTS_DIR; };
		04529F771B8854DB00314D73 /* Info.plist */ = {isa = PBXFileReference; lastKnownFileType = text.plist.xml; path = Info.plist; sourceTree = "<group>"; };
		04529F781B8854DB00314D73 /* MVPlayerTests.m */ = {isa = PBXFileReference; lastKnownFileType = sourcecode.c.objc; path = MVPlayerTests.m; sourceTree = "<group>"; };
		04540A111BBE36D400F4448C /* BaseViewController.h */ = {isa = PBXFileReference; fileEncoding = 4; lastKnownFileType = sourcecode.c.h; path = BaseViewController.h; sourceTree = "<group>"; };
		04540A121BBE36D400F4448C /* BaseViewController.m */ = {isa = PBXFileReference; fileEncoding = 4; lastKnownFileType = sourcecode.c.objc; path = BaseViewController.m; sourceTree = "<group>"; };
		04540A141BBE371500F4448C /* NavigationController.h */ = {isa = PBXFileReference; fileEncoding = 4; lastKnownFileType = sourcecode.c.h; path = NavigationController.h; sourceTree = "<group>"; };
		04540A151BBE371500F4448C /* NavigationController.m */ = {isa = PBXFileReference; fileEncoding = 4; lastKnownFileType = sourcecode.c.objc; path = NavigationController.m; sourceTree = "<group>"; };
		04540A171BBE373C00F4448C /* TabBarController.h */ = {isa = PBXFileReference; fileEncoding = 4; lastKnownFileType = sourcecode.c.h; path = TabBarController.h; sourceTree = "<group>"; };
		04540A181BBE373C00F4448C /* TabBarController.m */ = {isa = PBXFileReference; fileEncoding = 4; lastKnownFileType = sourcecode.c.objc; path = TabBarController.m; sourceTree = "<group>"; };
		8577D2207D068FB61F8CAA55 /* libPods.a */ = {isa = PBXFileReference; explicitFileType = archive.ar; includeInIndex = 0; path = libPods.a; sourceTree = BUILT_PRODUCTS_DIR; };
		A6C9EE887C71EA1260EC7873 /* Pods.debug.xcconfig */ = {isa = PBXFileReference; includeInIndex = 1; lastKnownFileType = text.xcconfig; name = Pods.debug.xcconfig; path = "Pods/Target Support Files/Pods/Pods.debug.xcconfig"; sourceTree = "<group>"; };
		EE46F77C928835211ABDE55B /* Pods.release.xcconfig */ = {isa = PBXFileReference; includeInIndex = 1; lastKnownFileType = text.xcconfig; name = Pods.release.xcconfig; path = "Pods/Target Support Files/Pods/Pods.release.xcconfig"; sourceTree = "<group>"; };
/* End PBXFileReference section */

/* Begin PBXFrameworksBuildPhase section */
		04529F561B8854DB00314D73 /* Frameworks */ = {
			isa = PBXFrameworksBuildPhase;
			buildActionMask = 2147483647;
			files = (
				6F022040DCA95B6D99DA0DC8 /* libPods.a in Frameworks */,
			);
			runOnlyForDeploymentPostprocessing = 0;
		};
		04529F6F1B8854DB00314D73 /* Frameworks */ = {
			isa = PBXFrameworksBuildPhase;
			buildActionMask = 2147483647;
			files = (
			);
			runOnlyForDeploymentPostprocessing = 0;
		};
/* End PBXFrameworksBuildPhase section */

/* Begin PBXGroup section */
		04529F501B8854DB00314D73 = {
			isa = PBXGroup;
			children = (
				04529F5B1B8854DB00314D73 /* MVPlayer */,
				04529F751B8854DB00314D73 /* MVPlayerTests */,
				04529F5A1B8854DB00314D73 /* Products */,
				B979F9432717E9C8718F7B96 /* Pods */,
				71C4AB9AF472F33E6A46559B /* Frameworks */,
			);
			sourceTree = "<group>";
		};
		04529F5A1B8854DB00314D73 /* Products */ = {
			isa = PBXGroup;
			children = (
				04529F591B8854DB00314D73 /* MVPlayer.app */,
				04529F721B8854DB00314D73 /* MVPlayerTests.xctest */,
			);
			name = Products;
			sourceTree = "<group>";
		};
		04529F5B1B8854DB00314D73 /* MVPlayer */ = {
			isa = PBXGroup;
			children = (
				04529F831B8859FD00314D73 /* UserInterface */,
				04529F8D1B8859FD00314D73 /* Vender(第三方) */,
				04529F5C1B8854DB00314D73 /* Supporting Files */,
			);
			path = MVPlayer;
			sourceTree = "<group>";
		};
		04529F5C1B8854DB00314D73 /* Supporting Files */ = {
			isa = PBXGroup;
			children = (
				04529F821B8859FD00314D73 /* Resource(资源) */,
				04529F601B8854DB00314D73 /* AppDelegate.h */,
				04529F611B8854DB00314D73 /* AppDelegate.m */,
				04529F5E1B8854DB00314D73 /* main.m */,
			);
			name = "Supporting Files";
			sourceTree = "<group>";
		};
		04529F751B8854DB00314D73 /* MVPlayerTests */ = {
			isa = PBXGroup;
			children = (
				04529F781B8854DB00314D73 /* MVPlayerTests.m */,
				04529F761B8854DB00314D73 /* Supporting Files */,
			);
			path = MVPlayerTests;
			sourceTree = "<group>";
		};
		04529F761B8854DB00314D73 /* Supporting Files */ = {
			isa = PBXGroup;
			children = (
				04529F771B8854DB00314D73 /* Info.plist */,
			);
			name = "Supporting Files";
			sourceTree = "<group>";
		};
		04529F821B8859FD00314D73 /* Resource(资源) */ = {
			isa = PBXGroup;
			children = (
				04529F661B8854DB00314D73 /* Main.storyboard */,
				04529F691B8854DB00314D73 /* Images.xcassets */,
				04529F6B1B8854DB00314D73 /* LaunchScreen.xib */,
				04529F5D1B8854DB00314D73 /* Info.plist */,
			);
			path = "Resource(资源)";
			sourceTree = "<group>";
		};
		04529F831B8859FD00314D73 /* UserInterface */ = {
			isa = PBXGroup;
			children = (
				04FC25A91BBE2DAE000DF541 /* Choice(精选) */,
				04FC25AD1BBE2DAE000DF541 /* Discover(发现) */,
				04FC25B11BBE2DAE000DF541 /* Mine(我) */,
				04FC25B51BBE2DAE000DF541 /* Subscribe(订阅) */,
				04529F8E1B885A5F00314D73 /* Base(基类) */,
				04529F841B8859FD00314D73 /* Expand(拓展) */,
			);
			path = UserInterface;
			sourceTree = "<group>";
		};
		04529F841B8859FD00314D73 /* Expand(拓展) */ = {
			isa = PBXGroup;
			children = (
				04529F851B8859FD00314D73 /* Category(分类) */,
				04529F861B8859FD00314D73 /* DataBase(数据库) */,
				04529F871B8859FD00314D73 /* Helper(工具) */,
				04529F881B8859FD00314D73 /* Macros(宏) */,
				04529F891B8859FD00314D73 /* Network(网络) */,
			);
			path = "Expand(拓展)";
			sourceTree = "<group>";
		};
		04529F851B8859FD00314D73 /* Category(分类) */ = {
			isa = PBXGroup;
			children = (
			);
			path = "Category(分类)";
			sourceTree = "<group>";
		};
		04529F861B8859FD00314D73 /* DataBase(数据库) */ = {
			isa = PBXGroup;
			children = (
			);
			path = "DataBase(数据库)";
			sourceTree = "<group>";
		};
		04529F871B8859FD00314D73 /* Helper(工具) */ = {
			isa = PBXGroup;
			children = (
			);
			path = "Helper(工具)";
			sourceTree = "<group>";
		};
		04529F881B8859FD00314D73 /* Macros(宏) */ = {
			isa = PBXGroup;
			children = (
				042D817C1B8C6F220054284B /* NotificationMacro.h */,
				042D817E1B8C6F510054284B /* AppMacro.h */,
				042D817F1B8C6F6C0054284B /* VendorMacro.h */,
				042D81801B8C6F850054284B /* UtilsMacro.h */,
			);
			path = "Macros(宏)";
			sourceTree = "<group>";
		};
		04529F891B8859FD00314D73 /* Network(网络) */ = {
			isa = PBXGroup;
			children = (
			);
			path = "Network(网络)";
			sourceTree = "<group>";
		};
		04529F8D1B8859FD00314D73 /* Vender(第三方) */ = {
			isa = PBXGroup;
			children = (
			);
			path = "Vender(第三方)";
			sourceTree = "<group>";
		};
		04529F8E1B885A5F00314D73 /* Base(基类) */ = {
			isa = PBXGroup;
			children = (
				04540A111BBE36D400F4448C /* BaseViewController.h */,
				04540A121BBE36D400F4448C /* BaseViewController.m */,
				04540A141BBE371500F4448C /* NavigationController.h */,
				04540A151BBE371500F4448C /* NavigationController.m */,
				04540A171BBE373C00F4448C /* TabBarController.h */,
				04540A181BBE373C00F4448C /* TabBarController.m */,
			);
			path = "Base(基类)";
			sourceTree = "<group>";
		};
		04FC25A91BBE2DAE000DF541 /* Choice(精选) */ = {
			isa = PBXGroup;
			children = (
				04FC25AA1BBE2DAE000DF541 /* Controller */,
				04FC25AB1BBE2DAE000DF541 /* Model */,
				04FC25AC1BBE2DAE000DF541 /* View */,
			);
			path = "Choice(精选)";
			sourceTree = "<group>";
		};
		04FC25AA1BBE2DAE000DF541 /* Controller */ = {
			isa = PBXGroup;
			children = (
			);
			path = Controller;
			sourceTree = "<group>";
		};
		04FC25AB1BBE2DAE000DF541 /* Model */ = {
			isa = PBXGroup;
			children = (
			);
			path = Model;
			sourceTree = "<group>";
		};
		04FC25AC1BBE2DAE000DF541 /* View */ = {
			isa = PBXGroup;
			children = (
			);
			path = View;
			sourceTree = "<group>";
		};
		04FC25AD1BBE2DAE000DF541 /* Discover(发现) */ = {
			isa = PBXGroup;
			children = (
				04FC25AE1BBE2DAE000DF541 /* Controller */,
				04FC25AF1BBE2DAE000DF541 /* Model */,
				04FC25B01BBE2DAE000DF541 /* View */,
			);
			path = "Discover(发现)";
			sourceTree = "<group>";
		};
		04FC25AE1BBE2DAE000DF541 /* Controller */ = {
			isa = PBXGroup;
			children = (
			);
			path = Controller;
			sourceTree = "<group>";
		};
		04FC25AF1BBE2DAE000DF541 /* Model */ = {
			isa = PBXGroup;
			children = (
			);
			path = Model;
			sourceTree = "<group>";
		};
		04FC25B01BBE2DAE000DF541 /* View */ = {
			isa = PBXGroup;
			children = (
			);
			path = View;
			sourceTree = "<group>";
		};
		04FC25B11BBE2DAE000DF541 /* Mine(我) */ = {
			isa = PBXGroup;
			children = (
				04FC25B21BBE2DAE000DF541 /* Controller */,
				04FC25B31BBE2DAE000DF541 /* Model */,
				04FC25B41BBE2DAE000DF541 /* View */,
			);
			path = "Mine(我)";
			sourceTree = "<group>";
		};
		04FC25B21BBE2DAE000DF541 /* Controller */ = {
			isa = PBXGroup;
			children = (
			);
			path = Controller;
			sourceTree = "<group>";
		};
		04FC25B31BBE2DAE000DF541 /* Model */ = {
			isa = PBXGroup;
			children = (
			);
			path = Model;
			sourceTree = "<group>";
		};
		04FC25B41BBE2DAE000DF541 /* View */ = {
			isa = PBXGroup;
			children = (
			);
			path = View;
			sourceTree = "<group>";
		};
		04FC25B51BBE2DAE000DF541 /* Subscribe(订阅) */ = {
			isa = PBXGroup;
			children = (
				04FC25B61BBE2DAE000DF541 /* Controller */,
				04FC25B71BBE2DAE000DF541 /* Model */,
				04FC25B81BBE2DAE000DF541 /* View */,
			);
			path = "Subscribe(订阅)";
			sourceTree = "<group>";
		};
		04FC25B61BBE2DAE000DF541 /* Controller */ = {
			isa = PBXGroup;
			children = (
			);
			path = Controller;
			sourceTree = "<group>";
		};
		04FC25B71BBE2DAE000DF541 /* Model */ = {
			isa = PBXGroup;
			children = (
			);
			path = Model;
			sourceTree = "<group>";
		};
		04FC25B81BBE2DAE000DF541 /* View */ = {
			isa = PBXGroup;
			children = (
			);
			path = View;
			sourceTree = "<group>";
		};
		71C4AB9AF472F33E6A46559B /* Frameworks */ = {
			isa = PBXGroup;
			children = (
				8577D2207D068FB61F8CAA55 /* libPods.a */,
			);
			name = Frameworks;
			sourceTree = "<group>";
		};
		B979F9432717E9C8718F7B96 /* Pods */ = {
			isa = PBXGroup;
			children = (
				A6C9EE887C71EA1260EC7873 /* Pods.debug.xcconfig */,
				EE46F77C928835211ABDE55B /* Pods.release.xcconfig */,
			);
			name = Pods;
			sourceTree = "<group>";
		};
/* End PBXGroup section */

/* Begin PBXNativeTarget section */
		04529F581B8854DB00314D73 /* MVPlayer */ = {
			isa = PBXNativeTarget;
			buildConfigurationList = 04529F7C1B8854DB00314D73 /* Build configuration list for PBXNativeTarget "MVPlayer" */;
			buildPhases = (
				883A0C4FD084484D2A1B9218 /* Check Pods Manifest.lock */,
				04529F551B8854DB00314D73 /* Sources */,
				04529F561B8854DB00314D73 /* Frameworks */,
				04529F571B8854DB00314D73 /* Resources */,
				B15A65D4D77E8B0830BDE909 /* Copy Pods Resources */,
			);
			buildRules = (
			);
			dependencies = (
			);
			name = MVPlayer;
			productName = MVPlayer;
			productReference = 04529F591B8854DB00314D73 /* MVPlayer.app */;
			productType = "com.apple.product-type.application";
		};
		04529F711B8854DB00314D73 /* MVPlayerTests */ = {
			isa = PBXNativeTarget;
			buildConfigurationList = 04529F7F1B8854DB00314D73 /* Build configuration list for PBXNativeTarget "MVPlayerTests" */;
			buildPhases = (
				04529F6E1B8854DB00314D73 /* Sources */,
				04529F6F1B8854DB00314D73 /* Frameworks */,
				04529F701B8854DB00314D73 /* Resources */,
			);
			buildRules = (
			);
			dependencies = (
				04529F741B8854DB00314D73 /* PBXTargetDependency */,
			);
			name = MVPlayerTests;
			productName = MVPlayerTests;
			productReference = 04529F721B8854DB00314D73 /* MVPlayerTests.xctest */;
			productType = "com.apple.product-type.bundle.unit-test";
		};
/* End PBXNativeTarget section */

/* Begin PBXProject section */
		04529F511B8854DB00314D73 /* Project object */ = {
			isa = PBXProject;
			attributes = {
				LastUpgradeCheck = 0630;
				ORGANIZATIONNAME = Jack;
				TargetAttributes = {
					04529F581B8854DB00314D73 = {
						CreatedOnToolsVersion = 6.3.1;
					};
					04529F711B8854DB00314D73 = {
						CreatedOnToolsVersion = 6.3.1;
						TestTargetID = 04529F581B8854DB00314D73;
					};
				};
			};
			buildConfigurationList = 04529F541B8854DB00314D73 /* Build configuration list for PBXProject "MVPlayer" */;
			compatibilityVersion = "Xcode 3.2";
			developmentRegion = English;
			hasScannedForEncodings = 0;
			knownRegions = (
				en,
				Base,
			);
			mainGroup = 04529F501B8854DB00314D73;
			productRefGroup = 04529F5A1B8854DB00314D73 /* Products */;
			projectDirPath = "";
			projectRoot = "";
			targets = (
				04529F581B8854DB00314D73 /* MVPlayer */,
				04529F711B8854DB00314D73 /* MVPlayerTests */,
			);
		};
/* End PBXProject section */

/* Begin PBXResourcesBuildPhase section */
		04529F571B8854DB00314D73 /* Resources */ = {
			isa = PBXResourcesBuildPhase;
			buildActionMask = 2147483647;
			files = (
				04529F681B8854DB00314D73 /* Main.storyboard in Resources */,
				04529F6D1B8854DB00314D73 /* LaunchScreen.xib in Resources */,
				04529F6A1B8854DB00314D73 /* Images.xcassets in Resources */,
			);
			runOnlyForDeploymentPostprocessing = 0;
		};
		04529F701B8854DB00314D73 /* Resources */ = {
			isa = PBXResourcesBuildPhase;
			buildActionMask = 2147483647;
			files = (
			);
			runOnlyForDeploymentPostprocessing = 0;
		};
/* End PBXResourcesBuildPhase section */

/* Begin PBXShellScriptBuildPhase section */
		883A0C4FD084484D2A1B9218 /* Check Pods Manifest.lock */ = {
			isa = PBXShellScriptBuildPhase;
			buildActionMask = 2147483647;
			files = (
			);
			inputPaths = (
			);
			name = "Check Pods Manifest.lock";
			outputPaths = (
			);
			runOnlyForDeploymentPostprocessing = 0;
			shellPath = /bin/sh;
			shellScript = "diff \"${PODS_ROOT}/../Podfile.lock\" \"${PODS_ROOT}/Manifest.lock\" > /dev/null\nif [[ $? != 0 ]] ; then\n    cat << EOM\nerror: The sandbox is not in sync with the Podfile.lock. Run 'pod install' or update your CocoaPods installation.\nEOM\n    exit 1\nfi\n";
			showEnvVarsInLog = 0;
		};
		B15A65D4D77E8B0830BDE909 /* Copy Pods Resources */ = {
			isa = PBXShellScriptBuildPhase;
			buildActionMask = 2147483647;
			files = (
			);
			inputPaths = (
			);
			name = "Copy Pods Resources";
			outputPaths = (
			);
			runOnlyForDeploymentPostprocessing = 0;
			shellPath = /bin/sh;
			shellScript = "\"${SRCROOT}/Pods/Target Support Files/Pods/Pods-resources.sh\"\n";
			showEnvVarsInLog = 0;
		};
/* End PBXShellScriptBuildPhase section */

/* Begin PBXSourcesBuildPhase section */
		04529F551B8854DB00314D73 /* Sources */ = {
			isa = PBXSourcesBuildPhase;
			buildActionMask = 2147483647;
			files = (
				04529F621B8854DB00314D73 /* AppDelegate.m in Sources */,
				04540A161BBE371500F4448C /* NavigationController.m in Sources */,
				04540A191BBE373C00F4448C /* TabBarController.m in Sources */,
				04540A131BBE36D400F4448C /* BaseViewController.m in Sources */,
				04529F5F1B8854DB00314D73 /* main.m in Sources */,
			);
			runOnlyForDeploymentPostprocessing = 0;
		};
		04529F6E1B8854DB00314D73 /* Sources */ = {
			isa = PBXSourcesBuildPhase;
			buildActionMask = 2147483647;
			files = (
				04529F791B8854DB00314D73 /* MVPlayerTests.m in Sources */,
			);
			runOnlyForDeploymentPostprocessing = 0;
		};
/* End PBXSourcesBuildPhase section */

/* Begin PBXTargetDependency section */
		04529F741B8854DB00314D73 /* PBXTargetDependency */ = {
			isa = PBXTargetDependency;
			target = 04529F581B8854DB00314D73 /* MVPlayer */;
			targetProxy = 04529F731B8854DB00314D73 /* PBXContainerItemProxy */;
		};
/* End PBXTargetDependency section */

/* Begin PBXVariantGroup section */
		04529F661B8854DB00314D73 /* Main.storyboard */ = {
			isa = PBXVariantGroup;
			children = (
				04529F671B8854DB00314D73 /* Base */,
			);
			name = Main.storyboard;
			path = ..;
			sourceTree = "<group>";
		};
		04529F6B1B8854DB00314D73 /* LaunchScreen.xib */ = {
			isa = PBXVariantGroup;
			children = (
				04529F6C1B8854DB00314D73 /* Base */,
			);
			name = LaunchScreen.xib;
			path = ..;
			sourceTree = "<group>";
		};
/* End PBXVariantGroup section */

/* Begin XCBuildConfiguration section */
		04529F7A1B8854DB00314D73 /* Debug */ = {
			isa = XCBuildConfiguration;
			buildSettings = {
				ALWAYS_SEARCH_USER_PATHS = NO;
				CLANG_CXX_LANGUAGE_STANDARD = "gnu++0x";
				CLANG_CXX_LIBRARY = "libc++";
				CLANG_ENABLE_MODULES = YES;
				CLANG_ENABLE_OBJC_ARC = YES;
				CLANG_WARN_BOOL_CONVERSION = YES;
				CLANG_WARN_CONSTANT_CONVERSION = YES;
				CLANG_WARN_DIRECT_OBJC_ISA_USAGE = YES_ERROR;
				CLANG_WARN_EMPTY_BODY = YES;
				CLANG_WARN_ENUM_CONVERSION = YES;
				CLANG_WARN_INT_CONVERSION = YES;
				CLANG_WARN_OBJC_ROOT_CLASS = YES_ERROR;
				CLANG_WARN_UNREACHABLE_CODE = YES;
				CLANG_WARN__DUPLICATE_METHOD_MATCH = YES;
				"CODE_SIGN_IDENTITY[sdk=iphoneos*]" = "iPhone Developer";
				COPY_PHASE_STRIP = NO;
				DEBUG_INFORMATION_FORMAT = "dwarf-with-dsym";
				ENABLE_STRICT_OBJC_MSGSEND = YES;
				GCC_C_LANGUAGE_STANDARD = gnu99;
				GCC_DYNAMIC_NO_PIC = NO;
				GCC_NO_COMMON_BLOCKS = YES;
				GCC_OPTIMIZATION_LEVEL = 0;
				GCC_PREPROCESSOR_DEFINITIONS = (
					"DEBUG=1",
					"$(inherited)",
				);
				GCC_SYMBOLS_PRIVATE_EXTERN = NO;
				GCC_WARN_64_TO_32_BIT_CONVERSION = YES;
				GCC_WARN_ABOUT_RETURN_TYPE = YES_ERROR;
				GCC_WARN_UNDECLARED_SELECTOR = YES;
				GCC_WARN_UNINITIALIZED_AUTOS = YES_AGGRESSIVE;
				GCC_WARN_UNUSED_FUNCTION = YES;
				GCC_WARN_UNUSED_VARIABLE = YES;
				IPHONEOS_DEPLOYMENT_TARGET = 7.0;
				MTL_ENABLE_DEBUG_INFO = YES;
				ONLY_ACTIVE_ARCH = YES;
				SDKROOT = iphoneos;
				TARGETED_DEVICE_FAMILY = "1,2";
			};
			name = Debug;
		};
		04529F7B1B8854DB00314D73 /* Release */ = {
			isa = XCBuildConfiguration;
			buildSettings = {
				ALWAYS_SEARCH_USER_PATHS = NO;
				CLANG_CXX_LANGUAGE_STANDARD = "gnu++0x";
				CLANG_CXX_LIBRARY = "libc++";
				CLANG_ENABLE_MODULES = YES;
				CLANG_ENABLE_OBJC_ARC = YES;
				CLANG_WARN_BOOL_CONVERSION = YES;
				CLANG_WARN_CONSTANT_CONVERSION = YES;
				CLANG_WARN_DIRECT_OBJC_ISA_USAGE = YES_ERROR;
				CLANG_WARN_EMPTY_BODY = YES;
				CLANG_WARN_ENUM_CONVERSION = YES;
				CLANG_WARN_INT_CONVERSION = YES;
				CLANG_WARN_OBJC_ROOT_CLASS = YES_ERROR;
				CLANG_WARN_UNREACHABLE_CODE = YES;
				CLANG_WARN__DUPLICATE_METHOD_MATCH = YES;
				"CODE_SIGN_IDENTITY[sdk=iphoneos*]" = "iPhone Developer";
				COPY_PHASE_STRIP = NO;
				DEBUG_INFORMATION_FORMAT = "dwarf-with-dsym";
				ENABLE_NS_ASSERTIONS = NO;
				ENABLE_STRICT_OBJC_MSGSEND = YES;
				GCC_C_LANGUAGE_STANDARD = gnu99;
				GCC_NO_COMMON_BLOCKS = YES;
				GCC_WARN_64_TO_32_BIT_CONVERSION = YES;
				GCC_WARN_ABOUT_RETURN_TYPE = YES_ERROR;
				GCC_WARN_UNDECLARED_SELECTOR = YES;
				GCC_WARN_UNINITIALIZED_AUTOS = YES_AGGRESSIVE;
				GCC_WARN_UNUSED_FUNCTION = YES;
				GCC_WARN_UNUSED_VARIABLE = YES;
				IPHONEOS_DEPLOYMENT_TARGET = 7.0;
				MTL_ENABLE_DEBUG_INFO = NO;
				SDKROOT = iphoneos;
				TARGETED_DEVICE_FAMILY = "1,2";
				VALIDATE_PRODUCT = YES;
			};
			name = Release;
		};
		04529F7D1B8854DB00314D73 /* Debug */ = {
			isa = XCBuildConfiguration;
			baseConfigurationReference = A6C9EE887C71EA1260EC7873 /* Pods.debug.xcconfig */;
			buildSettings = {
				ASSETCATALOG_COMPILER_APPICON_NAME = AppIcon;
				INFOPLIST_FILE = MVPlayer/Info.plist;
				IPHONEOS_DEPLOYMENT_TARGET = 7.0;
				LD_RUNPATH_SEARCH_PATHS = "$(inherited) @executable_path/Frameworks";
				PRODUCT_NAME = "$(TARGET_NAME)";
			};
			name = Debug;
		};
		04529F7E1B8854DB00314D73 /* Release */ = {
			isa = XCBuildConfiguration;
			baseConfigurationReference = EE46F77C928835211ABDE55B /* Pods.release.xcconfig */;
			buildSettings = {
				ASSETCATALOG_COMPILER_APPICON_NAME = AppIcon;
				INFOPLIST_FILE = MVPlayer/Info.plist;
				IPHONEOS_DEPLOYMENT_TARGET = 7.0;
				LD_RUNPATH_SEARCH_PATHS = "$(inherited) @executable_path/Frameworks";
				PRODUCT_NAME = "$(TARGET_NAME)";
			};
			name = Release;
		};
		04529F801B8854DB00314D73 /* Debug */ = {
			isa = XCBuildConfiguration;
			buildSettings = {
				BUNDLE_LOADER = "$(TEST_HOST)";
				FRAMEWORK_SEARCH_PATHS = (
					"$(SDKROOT)/Developer/Library/Frameworks",
					"$(inherited)",
				);
				GCC_PREPROCESSOR_DEFINITIONS = (
					"DEBUG=1",
					"$(inherited)",
				);
				INFOPLIST_FILE = MVPlayerTests/Info.plist;
				LD_RUNPATH_SEARCH_PATHS = "$(inherited) @executable_path/Frameworks @loader_path/Frameworks";
				PRODUCT_NAME = "$(TARGET_NAME)";
				TEST_HOST = "$(BUILT_PRODUCTS_DIR)/MVPlayer.app/MVPlayer";
			};
			name = Debug;
		};
		04529F811B8854DB00314D73 /* Release */ = {
			isa = XCBuildConfiguration;
			buildSettings = {
				BUNDLE_LOADER = "$(TEST_HOST)";
				FRAMEWORK_SEARCH_PATHS = (
					"$(SDKROOT)/Developer/Library/Frameworks",
					"$(inherited)",
				);
				INFOPLIST_FILE = MVPlayerTests/Info.plist;
				LD_RUNPATH_SEARCH_PATHS = "$(inherited) @executable_path/Frameworks @loader_path/Frameworks";
				PRODUCT_NAME = "$(TARGET_NAME)";
				TEST_HOST = "$(BUILT_PRODUCTS_DIR)/MVPlayer.app/MVPlayer";
			};
			name = Release;
		};
/* End XCBuildConfiguration section */

/* Begin XCConfigurationList section */
		04529F541B8854DB00314D73 /* Build configuration list for PBXProject "MVPlayer" */ = {
			isa = XCConfigurationList;
			buildConfigurations = (
				04529F7A1B8854DB00314D73 /* Debug */,
				04529F7B1B8854DB00314D73 /* Release */,
			);
			defaultConfigurationIsVisible = 0;
			defaultConfigurationName = Release;
		};
		04529F7C1B8854DB00314D73 /* Build configuration list for PBXNativeTarget "MVPlayer" */ = {
			isa = XCConfigurationList;
			buildConfigurations = (
				04529F7D1B8854DB00314D73 /* Debug */,
				04529F7E1B8854DB00314D73 /* Release */,
			);
			defaultConfigurationIsVisible = 0;
			defaultConfigurationName = Release;
		};
		04529F7F1B8854DB00314D73 /* Build configuration list for PBXNativeTarget "MVPlayerTests" */ = {
			isa = XCConfigurationList;
			buildConfigurations = (
				04529F801B8854DB00314D73 /* Debug */,
				04529F811B8854DB00314D73 /* Release */,
			);
			defaultConfigurationIsVisible = 0;
			defaultConfigurationName = Release;
		};
/* End XCConfigurationList section */
	};
	rootObject = 04529F511B8854DB00314D73 /* Project object */;
}
